
Microsoft Visual Studio Solution File, Format Version 12.00
# Visual Studio 15
Project("{FAE04EC0-301F-11D3-BF4B-00C04F79EFBC}") = "UnityEngine.UI", "UnityEngine.UI.csproj", "{454FC4A4-CCCB-2437-6D0C-EB24C7220837}"
EndProject
Project("{FAE04EC0-301F-11D3-BF4B-00C04F79EFBC}") = "Unity.RenderPipelines.Core.Runtime", "Unity.RenderPipelines.Core.Runtime.csproj", "{5FE8D43B-D4B7-29D0-7303-03753FFD2ACF}"
EndProject
Project("{FAE04EC0-301F-11D3-BF4B-00C04F79EFBC}") = "Unity.Services.Core.Telemetry", "Unity.Services.Core.Telemetry.csproj", "{0CF99AD7-7CAB-3929-C474-07091CC2E7EE}"
EndProject
Project("{FAE04EC0-301F-11D3-BF4B-00C04F79EFBC}") = "UnityEngine.TestRunner", "UnityEngine.TestRunner.csproj", "{4C2D2D44-78D3-FEC6-3F34-ADBCCB1C9078}"
EndProject
Project("{FAE04EC0-301F-11D3-BF4B-00C04F79EFBC}") = "Unity.VisualScripting.State", "Unity.VisualScripting.State.csproj", "{06D7A9FC-5124-DB5C-F64E-EC8FC04B1ABB}"
EndProject
Project("{FAE04EC0-301F-11D3-BF4B-00C04F79EFBC}") = "Unity.RenderPipelines.Universal.Runtime", "Unity.RenderPipelines.Universal.Runtime.csproj", "{142922A6-9C4A-C0C2-47C9-4A907CE7A96D}"
EndProject
Project("{FAE04EC0-301F-11D3-BF4B-00C04F79EFBC}") = "Unity.VisualScripting.Flow", "Unity.VisualScripting.Flow.csproj", "{49E4015A-6E14-E6CE-5B20-12D666BA74D2}"
EndProject
Project("{FAE04EC0-301F-11D3-BF4B-00C04F79EFBC}") = "Unity.VisualScripting.Core", "Unity.VisualScripting.Core.csproj", "{1147BEFE-916A-17C6-85E1-9FA4A88B43FE}"
EndProject
Project("{FAE04EC0-301F-11D3-BF4B-00C04F79EFBC}") = "Unity.Services.Core.Environments.Internal", "Unity.Services.Core.Environments.Internal.csproj", "{5F6577F8-3044-37BE-FF4E-048B8742CC0A}"
EndProject
Project("{FAE04EC0-301F-11D3-BF4B-00C04F79EFBC}") = "Unity.2D.Animation.Runtime", "Unity.2D.Animation.Runtime.csproj", "{05747450-B6AD-5EEC-7BE7-C7255C704BD6}"
EndProject
Project("{FAE04EC0-301F-11D3-BF4B-00C04F79EFBC}") = "Unity.TextMeshPro", "Unity.TextMeshPro.csproj", "{88AA928E-FC12-D592-0B7E-62A45A4B2CFE}"
EndProject
Project("{FAE04EC0-301F-11D3-BF4B-00C04F79EFBC}") = "Unity.Netcode.Runtime", "Unity.Netcode.Runtime.csproj", "{8D62040E-5813-26C6-AB7F-067AE18B779C}"
EndProject
Project("{FAE04EC0-301F-11D3-BF4B-00C04F79EFBC}") = "Unity.Burst", "Unity.Burst.csproj", "{481381CE-88F8-76FF-5388-2FEC2994DEA6}"
EndProject
Project("{FAE04EC0-301F-11D3-BF4B-00C04F79EFBC}") = "Unity.RenderPipeline.Universal.ShaderLibrary", "Unity.RenderPipeline.Universal.ShaderLibrary.csproj", "{5C3A0AC5-50A3-52A1-B7A0-7A5B2B44DBDF}"
EndProject
Project("{FAE04EC0-301F-11D3-BF4B-00C04F79EFBC}") = "Unity.Services.Core.Environments", "Unity.Services.Core.Environments.csproj", "{0D2EA260-E26E-F306-DEE7-28C1C0CCA865}"
EndProject
Project("{FAE04EC0-301F-11D3-BF4B-00C04F79EFBC}") = "Unity.2D.SpriteShape.Runtime", "Unity.2D.SpriteShape.Runtime.csproj", "{C6A6DB9A-E44A-3926-1D0A-42BAA8CD686C}"
EndProject
Project("{FAE04EC0-301F-11D3-BF4B-00C04F79EFBC}") = "Unity.Services.Core.Internal", "Unity.Services.Core.Internal.csproj", "{FF082343-EB92-DE9F-12A6-9FFDFAD51509}"
EndProject
Project("{FAE04EC0-301F-11D3-BF4B-00C04F79EFBC}") = "Unity.Collections", "Unity.Collections.csproj", "{CBB9F772-96B2-F3A7-DA9D-2101A566E437}"
EndProject
Project("{FAE04EC0-301F-11D3-BF4B-00C04F79EFBC}") = "Unity.Timeline", "Unity.Timeline.csproj", "{0AFA7AE3-42F5-957A-F3D2-BE33996676BB}"
EndProject
Project("{FAE04EC0-301F-11D3-BF4B-00C04F79EFBC}") = "Unity.Mathematics", "Unity.Mathematics.csproj", "{A486CEC4-AF97-0618-C3BD-BB294E3FB33B}"
EndProject
Project("{FAE04EC0-301F-11D3-BF4B-00C04F79EFBC}") = "Unity.Networking.Transport", "Unity.Networking.Transport.csproj", "{BA6E0960-2D94-4A7F-B97E-47E30F5922D0}"
EndProject
Project("{FAE04EC0-301F-11D3-BF4B-00C04F79EFBC}") = "Unity.Services.Core.Scheduler", "Unity.Services.Core.Scheduler.csproj", "{6DC05C56-1EB8-828C-4F11-6EB522BEECA7}"
EndProject
Project("{FAE04EC0-301F-11D3-BF4B-00C04F79EFBC}") = "Unity.2D.PixelPerfect", "Unity.2D.PixelPerfect.csproj", "{50F9F058-A0DC-4BFF-6A85-E2EE43926420}"
EndProject
Project("{FAE04EC0-301F-11D3-BF4B-00C04F79EFBC}") = "Unity.Netcode.Components", "Unity.Netcode.Components.csproj", "{7B4222DF-01E6-BD41-C0BA-F258E8A7639A}"
EndProject
Project("{FAE04EC0-301F-11D3-BF4B-00C04F79EFBC}") = "Unity.Services.Core.Device", "Unity.Services.Core.Device.csproj", "{5F07DDCB-4199-3040-BAC2-3CAC5E717DE9}"
EndProject
Project("{FAE04EC0-301F-11D3-BF4B-00C04F79EFBC}") = "Unity.Netcode.Editor", "Unity.Netcode.Editor.csproj", "{FF1F8A24-FDBD-8974-580A-B58F61454AFA}"
EndProject
Project("{FAE04EC0-301F-11D3-BF4B-00C04F79EFBC}") = "Unity.Services.Core.Analytics", "Unity.Services.Core.Analytics.csproj", "{1D88CCE2-D016-494A-4389-4BA0DE8EC8F1}"
EndProject
Project("{FAE04EC0-301F-11D3-BF4B-00C04F79EFBC}") = "Unity.2D.IK.Runtime", "Unity.2D.IK.Runtime.csproj", "{5CADD4F0-B584-320A-A6C6-262B183EC612}"
EndProject
Project("{FAE04EC0-301F-11D3-BF4B-00C04F79EFBC}") = "Unity.2D.Common.Runtime", "Unity.2D.Common.Runtime.csproj", "{032E9B71-CE2D-F3EA-D1AF-05CC211A6F69}"
EndProject
Project("{FAE04EC0-301F-11D3-BF4B-00C04F79EFBC}") = "Unity.2D.Tilemap.Extras", "Unity.2D.Tilemap.Extras.csproj", "{03CDFD49-374C-C5F4-79D0-ADB075A8942C}"
EndProject
Project("{FAE04EC0-301F-11D3-BF4B-00C04F79EFBC}") = "Unity.Services.Core.Configuration", "Unity.Services.Core.Configuration.csproj", "{D636DA1A-2370-8781-88B1-20C111B2E189}"
EndProject
Project("{FAE04EC0-301F-11D3-BF4B-00C04F79EFBC}") = "Unity.Services.Core.Threading", "Unity.Services.Core.Threading.csproj", "{FF15104C-5B1D-B976-F9AC-06EACE5FF0C1}"
EndProject
Project("{FAE04EC0-301F-11D3-BF4B-00C04F79EFBC}") = "Unity.Services.Core", "Unity.Services.Core.csproj", "{67EBDBF9-C59A-54D8-AB3C-D553E830C85E}"
EndProject
Project("{FAE04EC0-301F-11D3-BF4B-00C04F79EFBC}") = "Unity.Services.Core.Networking", "Unity.Services.Core.Networking.csproj", "{B7AD4399-1420-25AA-BAAD-75B05F27E1F3}"
EndProject
Project("{FAE04EC0-301F-11D3-BF4B-00C04F79EFBC}") = "Unity.Services.Core.Registration", "Unity.Services.Core.Registration.csproj", "{B258E5DB-39C3-2F2F-2569-5B358F83E86A}"
EndProject
Project("{FAE04EC0-301F-11D3-BF4B-00C04F79EFBC}") = "Unity.RenderPipelines.ShaderGraph.ShaderGraphLibrary", "Unity.RenderPipelines.ShaderGraph.ShaderGraphLibrary.csproj", "{490B0BC5-6DAA-19C5-5FC2-DCDA2F67526F}"
EndProject
Project("{FAE04EC0-301F-11D3-BF4B-00C04F79EFBC}") = "Unity.RenderPipelines.Core.ShaderLibrary", "Unity.RenderPipelines.Core.ShaderLibrary.csproj", "{87BA6CB1-CFF9-4B43-8346-8D4B53451E2D}"
EndProject
Project("{FAE04EC0-301F-11D3-BF4B-00C04F79EFBC}") = "Unity.InternalAPIEngineBridge.001", "Unity.InternalAPIEngineBridge.001.csproj", "{FD794461-47D5-7948-9B0E-08E469856DA1}"
EndProject
Project("{FAE04EC0-301F-11D3-BF4B-00C04F79EFBC}") = "Unity.RenderPipelines.Universal.Shaders", "Unity.RenderPipelines.Universal.Shaders.csproj", "{984A8790-0223-7BBF-862D-662ECC788187}"
EndProject
Project("{FAE04EC0-301F-11D3-BF4B-00C04F79EFBC}") = "Unity.PlasticSCM.Editor", "Unity.PlasticSCM.Editor.csproj", "{7E0ECC3D-0FAE-EF52-60E5-39CD893B6B84}"
EndProject
Project("{FAE04EC0-301F-11D3-BF4B-00C04F79EFBC}") = "Unity.VisualScripting.Core.Editor", "Unity.VisualScripting.Core.Editor.csproj", "{7B313AB5-D4FD-5892-19D3-AF5EC4FC184D}"
EndProject
Project("{FAE04EC0-301F-11D3-BF4B-00C04F79EFBC}") = "Unity.ShaderGraph.Editor", "Unity.ShaderGraph.Editor.csproj", "{294F24C1-D6A5-BE47-2A92-B7ACF400EB98}"
EndProject
Project("{FAE04EC0-301F-11D3-BF4B-00C04F79EFBC}") = "Unity.Timeline.Editor", "Unity.Timeline.Editor.csproj", "{F0DD926B-8CA5-A26F-5217-92C3339D0656}"
EndProject
Project("{FAE04EC0-301F-11D3-BF4B-00C04F79EFBC}") = "Unity.RenderPipelines.Universal.Editor", "Unity.RenderPipelines.Universal.Editor.csproj", "{3504A739-8D9D-25FF-2589-4D021DF42E66}"
EndProject
Project("{FAE04EC0-301F-11D3-BF4B-00C04F79EFBC}") = "Unity.TextMeshPro.Editor", "Unity.TextMeshPro.Editor.csproj", "{47E49BDE-D7D4-9440-801A-567E2672658F}"
EndProject
Project("{FAE04EC0-301F-11D3-BF4B-00C04F79EFBC}") = "Unity.2D.Animation.Editor", "Unity.2D.Animation.Editor.csproj", "{ED6F6BF3-3765-E563-0EFC-7B579DA254E1}"
EndProject
Project("{FAE04EC0-301F-11D3-BF4B-00C04F79EFBC}") = "Unity.VisualScripting.SettingsProvider.Editor", "Unity.VisualScripting.SettingsProvider.Editor.csproj", "{234F6F57-EB46-4684-A730-EA4BC828322B}"
EndProject
Project("{FAE04EC0-301F-11D3-BF4B-00C04F79EFBC}") = "UnityEditor.TestRunner", "UnityEditor.TestRunner.csproj", "{54574D03-08E1-A2DC-3681-11E4A0265E8B}"
EndProject
Project("{FAE04EC0-301F-11D3-BF4B-00C04F79EFBC}") = "Unity.2D.Tilemap.Editor", "Unity.2D.Tilemap.Editor.csproj", "{9AFA65D0-220D-6235-70B7-9019EB2F3CFF}"
EndProject
Project("{FAE04EC0-301F-11D3-BF4B-00C04F79EFBC}") = "Unity.VisualScripting.Flow.Editor", "Unity.VisualScripting.Flow.Editor.csproj", "{53DE4227-E0F4-4D9F-FDAD-91EE707432DB}"
EndProject
Project("{FAE04EC0-301F-11D3-BF4B-00C04F79EFBC}") = "Unity.Rider.Editor", "Unity.Rider.Editor.csproj", "{BFA73106-5A9D-F8DF-FC3A-A7453C3F0349}"
EndProject
Project("{FAE04EC0-301F-11D3-BF4B-00C04F79EFBC}") = "Unity.2D.Path.Editor", "Unity.2D.Path.Editor.csproj", "{AE4E8974-5149-D9E9-DC08-89775F056337}"
EndProject
Project("{FAE04EC0-301F-11D3-BF4B-00C04F79EFBC}") = "PsdPlugin", "PsdPlugin.csproj", "{D178B85B-6EE0-B012-8D34-8869F0093B02}"
EndProject
Project("{FAE04EC0-301F-11D3-BF4B-00C04F79EFBC}") = "Unity.CollabProxy.Editor", "Unity.CollabProxy.Editor.csproj", "{7BC8EBFF-6897-DF19-BE21-B54687093891}"
EndProject
Project("{FAE04EC0-301F-11D3-BF4B-00C04F79EFBC}") = "Unity.RenderPipelines.Core.Editor", "Unity.RenderPipelines.Core.Editor.csproj", "{68E12726-56F5-DE10-ECC8-7E828ADF12F8}"
EndProject
Project("{FAE04EC0-301F-11D3-BF4B-00C04F79EFBC}") = "Unity.Services.Core.Editor", "Unity.Services.Core.Editor.csproj", "{2AB2CB98-17B7-FCEE-6D0D-D27CA7D9BF5C}"
EndProject
Project("{FAE04EC0-301F-11D3-BF4B-00C04F79EFBC}") = "Unity.2D.SpriteShape.Editor", "Unity.2D.SpriteShape.Editor.csproj", "{9716CCCA-67C6-0FA2-C9B7-D9B0B48D1E27}"
EndProject
Project("{FAE04EC0-301F-11D3-BF4B-00C04F79EFBC}") = "Unity.Burst.CodeGen", "Unity.Burst.CodeGen.csproj", "{23B3DA9F-868F-64AF-C233-12CAB57EDD0B}"
EndProject
Project("{FAE04EC0-301F-11D3-BF4B-00C04F79EFBC}") = "Unity.2D.PixelPerfect.Editor", "Unity.2D.PixelPerfect.Editor.csproj", "{5F182CAD-0A33-A0CA-357C-7307315158B0}"
EndProject
Project("{FAE04EC0-301F-11D3-BF4B-00C04F79EFBC}") = "Unity.VSCode.Editor", "Unity.VSCode.Editor.csproj", "{8170C30D-0C9A-B671-9B6A-BDBCBD272A27}"
EndProject
Project("{FAE04EC0-301F-11D3-BF4B-00C04F79EFBC}") = "Unity.VisualStudio.Editor", "Unity.VisualStudio.Editor.csproj", "{98366863-A845-0014-4FFF-D9ED74C21F5C}"
EndProject
Project("{FAE04EC0-301F-11D3-BF4B-00C04F79EFBC}") = "PPv2URPConverters", "PPv2URPConverters.csproj", "{95B5E601-D49E-C9A1-9C7E-45D84E20F5F6}"
EndProject
Project("{FAE04EC0-301F-11D3-BF4B-00C04F79EFBC}") = "Unity.2D.Sprite.Editor", "Unity.2D.Sprite.Editor.csproj", "{A9E67507-1587-58C3-8AD8-5FE772ABEA6E}"
EndProject
Project("{FAE04EC0-301F-11D3-BF4B-00C04F79EFBC}") = "Unity.2D.Common.Editor", "Unity.2D.Common.Editor.csproj", "{4C570FF2-DF31-48E8-0E83-85426300683D}"
EndProject
Project("{FAE04EC0-301F-11D3-BF4B-00C04F79EFBC}") = "Unity.2D.Psdimporter.Editor", "Unity.2D.Psdimporter.Editor.csproj", "{733555D9-D57D-0866-5FDD-67AF3D203EBA}"
EndProject
Project("{FAE04EC0-301F-11D3-BF4B-00C04F79EFBC}") = "Unity.VisualScripting.State.Editor", "Unity.VisualScripting.State.Editor.csproj", "{776FD549-F37B-A439-4B98-59D05AB60356}"
EndProject
Project("{FAE04EC0-301F-11D3-BF4B-00C04F79EFBC}") = "UnityEditor.UI", "UnityEditor.UI.csproj", "{CB4410A0-6012-07C5-3C21-1E5A15854F55}"
EndProject
Project("{FAE04EC0-301F-11D3-BF4B-00C04F79EFBC}") = "Unity.Searcher.Editor", "Unity.Searcher.Editor.csproj", "{8A08A00C-2CC6-23F7-E176-0E1C0490CA87}"
EndProject
Project("{FAE04EC0-301F-11D3-BF4B-00C04F79EFBC}") = "Unity.Services.Core.Configuration.Editor", "Unity.Services.Core.Configuration.Editor.csproj", "{39376AAE-E3F9-BEE5-B068-807BA4FFF81D}"
EndProject
Project("{FAE04EC0-301F-11D3-BF4B-00C04F79EFBC}") = "Unity.Networking.Editor", "Unity.Networking.Editor.csproj", "{2715D543-16C5-68D5-C565-747B346E9A5E}"
EndProject
Project("{FAE04EC0-301F-11D3-BF4B-00C04F79EFBC}") = "Unity.Netcode.Editor.CodeGen", "Unity.Netcode.Editor.CodeGen.csproj", "{57298017-A234-A406-1D3F-4331C3C3F8F8}"
EndProject
Project("{FAE04EC0-301F-11D3-BF4B-00C04F79EFBC}") = "Unity.Burst.Editor", "Unity.Burst.Editor.csproj", "{B7886C46-29DD-FBAF-8EA2-296C984746F8}"
EndProject
Project("{FAE04EC0-301F-11D3-BF4B-00C04F79EFBC}") = "Unity.2D.IK.Editor", "Unity.2D.IK.Editor.csproj", "{59945526-4D2B-3FE3-7F6E-0F1B6CDF1AA7}"
EndProject
Project("{FAE04EC0-301F-11D3-BF4B-00C04F79EFBC}") = "Unity.ShaderGraph.Utilities", "Unity.ShaderGraph.Utilities.csproj", "{214DE6EA-1B97-5511-EF82-A155A18E1A09}"
EndProject
Project("{FAE04EC0-301F-11D3-BF4B-00C04F79EFBC}") = "Unity.Mathematics.Editor", "Unity.Mathematics.Editor.csproj", "{A7A23C5F-8CA2-2C2E-5270-C61B36ABEC10}"
EndProject
Project("{FAE04EC0-301F-11D3-BF4B-00C04F79EFBC}") = "Unity.2D.Tilemap.Extras.Editor", "Unity.2D.Tilemap.Extras.Editor.csproj", "{20CEDC7C-DF7F-3A39-A986-1C9B8BB43F6C}"
EndProject
Project("{FAE04EC0-301F-11D3-BF4B-00C04F79EFBC}") = "Unity.InternalAPIEditorBridge.001", "Unity.InternalAPIEditorBridge.001.csproj", "{0164A325-4769-1779-A9D4-91876CB6EBA1}"
EndProject
Project("{FAE04EC0-301F-11D3-BF4B-00C04F79EFBC}") = "Unity.Collections.DocCodeSamples", "Unity.Collections.DocCodeSamples.csproj", "{FE169935-A2EE-D4BC-B142-8276F8BE7E03}"
EndProject
Project("{FAE04EC0-301F-11D3-BF4B-00C04F79EFBC}") = "Unity.Netcode.Editor.PackageChecker", "Unity.Netcode.Editor.PackageChecker.csproj", "{AF7C7196-3A4E-651B-CC80-B7A3E5CB1A2C}"
EndProject
Project("{FAE04EC0-301F-11D3-BF4B-00C04F79EFBC}") = "Unity.VisualScripting.Shared.Editor", "Unity.VisualScripting.Shared.Editor.csproj", "{C564F851-E878-1A81-3809-852BC406EF83}"
EndProject
Project("{FAE04EC0-301F-11D3-BF4B-00C04F79EFBC}") = "Unity.Collections.BurstCompatibilityGen", "Unity.Collections.BurstCompatibilityGen.csproj", "{595D50DB-C08A-0569-20B8-5CA1B38004AA}"
EndProject
Project("{FAE04EC0-301F-11D3-BF4B-00C04F79EFBC}") = "UnityEngine.UI", "UnityEngine.UI.Player.csproj", "{0331ECFA-61CF-B250-3494-B2C44546E425}"
EndProject
Project("{FAE04EC0-301F-11D3-BF4B-00C04F79EFBC}") = "Unity.RenderPipelines.Core.Runtime", "Unity.RenderPipelines.Core.Runtime.Player.csproj", "{7F890C32-1C86-9E47-FFC1-1CB4921D5175}"
EndProject
Project("{FAE04EC0-301F-11D3-BF4B-00C04F79EFBC}") = "Unity.Services.Core.Telemetry", "Unity.Services.Core.Telemetry.Player.csproj", "{8AEC48B1-ACCF-93DC-4C2A-6AA3531E9A06}"
EndProject
Project("{FAE04EC0-301F-11D3-BF4B-00C04F79EFBC}") = "UnityEngine.TestRunner", "UnityEngine.TestRunner.Player.csproj", "{B96070CB-EF8F-7000-9398-B1B7EDE5E20A}"
EndProject
Project("{FAE04EC0-301F-11D3-BF4B-00C04F79EFBC}") = "Unity.VisualScripting.State", "Unity.VisualScripting.State.Player.csproj", "{E59ABB2C-36D6-C1D0-9C99-1BD32221FCBD}"
EndProject
Project("{FAE04EC0-301F-11D3-BF4B-00C04F79EFBC}") = "Unity.RenderPipelines.Universal.Runtime", "Unity.RenderPipelines.Universal.Runtime.Player.csproj", "{86337BEA-9F09-6112-755C-1457842405D9}"
EndProject
Project("{FAE04EC0-301F-11D3-BF4B-00C04F79EFBC}") = "Unity.VisualScripting.Flow", "Unity.VisualScripting.Flow.Player.csproj", "{A91FD2F6-F44D-D935-FEC9-D3A9C3D3DB9C}"
EndProject
Project("{FAE04EC0-301F-11D3-BF4B-00C04F79EFBC}") = "Unity.VisualScripting.Core", "Unity.VisualScripting.Core.Player.csproj", "{CB956FDF-20FC-D5C3-4AC2-D45E3A87A2C2}"
EndProject
Project("{FAE04EC0-301F-11D3-BF4B-00C04F79EFBC}") = "Unity.Services.Core.Environments.Internal", "Unity.Services.Core.Environments.Internal.Player.csproj", "{57E2A791-961A-DFDD-B638-3E9D839F5BC8}"
EndProject
Project("{FAE04EC0-301F-11D3-BF4B-00C04F79EFBC}") = "Unity.2D.Animation.Runtime", "Unity.2D.Animation.Runtime.Player.csproj", "{FE65AAB8-AD83-51B1-A69B-DD91D8C9C2B3}"
EndProject
Project("{FAE04EC0-301F-11D3-BF4B-00C04F79EFBC}") = "Unity.TextMeshPro", "Unity.TextMeshPro.Player.csproj", "{B0F173B1-1F43-1E98-3ACF-5119F49FCAD1}"
EndProject
Project("{FAE04EC0-301F-11D3-BF4B-00C04F79EFBC}") = "Unity.Netcode.Runtime", "Unity.Netcode.Runtime.Player.csproj", "{520A118D-3EE1-AA06-5AAB-6982873189CA}"
EndProject
Project("{FAE04EC0-301F-11D3-BF4B-00C04F79EFBC}") = "Unity.Burst", "Unity.Burst.Player.csproj", "{41C3E85E-0689-CB45-6504-61CC0A7F02CC}"
EndProject
Project("{FAE04EC0-301F-11D3-BF4B-00C04F79EFBC}") = "Unity.RenderPipeline.Universal.ShaderLibrary", "Unity.RenderPipeline.Universal.ShaderLibrary.Player.csproj", "{C9CBAB62-4458-A839-B188-4A132B0A74FE}"
EndProject
Project("{FAE04EC0-301F-11D3-BF4B-00C04F79EFBC}") = "Unity.Services.Core.Environments", "Unity.Services.Core.Environments.Player.csproj", "{D17E9198-0ACB-446E-32B1-762C1AC48ABD}"
EndProject
Project("{FAE04EC0-301F-11D3-BF4B-00C04F79EFBC}") = "Unity.2D.SpriteShape.Runtime", "Unity.2D.SpriteShape.Runtime.Player.csproj", "{2A2E22D1-72F8-6A84-34B9-EBB15DF7B8D9}"
EndProject
Project("{FAE04EC0-301F-11D3-BF4B-00C04F79EFBC}") = "Unity.Services.Core.Internal", "Unity.Services.Core.Internal.Player.csproj", "{268A0F1A-2141-C880-FC8D-3D8003E672CA}"
EndProject
Project("{FAE04EC0-301F-11D3-BF4B-00C04F79EFBC}") = "Unity.Collections", "Unity.Collections.Player.csproj", "{0BD26C49-13B5-58BB-266E-0A2256F8D108}"
EndProject
Project("{FAE04EC0-301F-11D3-BF4B-00C04F79EFBC}") = "Unity.Timeline", "Unity.Timeline.Player.csproj", "{3FE55285-6C2F-9928-52B2-D2E0A1EEE20B}"
EndProject
Project("{FAE04EC0-301F-11D3-BF4B-00C04F79EFBC}") = "Unity.Mathematics", "Unity.Mathematics.Player.csproj", "{18B57885-803F-A339-98B2-F98E01C30FBB}"
EndProject
Project("{FAE04EC0-301F-11D3-BF4B-00C04F79EFBC}") = "Unity.Networking.Transport", "Unity.Networking.Transport.Player.csproj", "{28187BD0-009C-9DC0-0FF1-A2DFA94B5792}"
EndProject
Project("{FAE04EC0-301F-11D3-BF4B-00C04F79EFBC}") = "Unity.Services.Core.Scheduler", "Unity.Services.Core.Scheduler.Player.csproj", "{97F86691-3216-0C63-6F23-1B715DB93F85}"
EndProject
Project("{FAE04EC0-301F-11D3-BF4B-00C04F79EFBC}") = "Unity.2D.PixelPerfect", "Unity.2D.PixelPerfect.Player.csproj", "{E672E687-810F-7866-FB41-601C50CEBF38}"
EndProject
Project("{FAE04EC0-301F-11D3-BF4B-00C04F79EFBC}") = "Unity.Netcode.Components", "Unity.Netcode.Components.Player.csproj", "{870DD722-0941-15ED-1528-9E53DED1A822}"
EndProject
Project("{FAE04EC0-301F-11D3-BF4B-00C04F79EFBC}") = "Unity.Services.Core.Device", "Unity.Services.Core.Device.Player.csproj", "{22856ADE-0113-75EF-D945-E0FB9BB0FCC7}"
EndProject
Project("{FAE04EC0-301F-11D3-BF4B-00C04F79EFBC}") = "Unity.Services.Core.Analytics", "Unity.Services.Core.Analytics.Player.csproj", "{34099E2C-2141-513E-41C0-08B954B04AB5}"
EndProject
Project("{FAE04EC0-301F-11D3-BF4B-00C04F79EFBC}") = "Unity.2D.IK.Runtime", "Unity.2D.IK.Runtime.Player.csproj", "{D9ED18D1-5F93-DCC0-67E1-1BD95D4CC4EB}"
EndProject
Project("{FAE04EC0-301F-11D3-BF4B-00C04F79EFBC}") = "Unity.2D.Common.Runtime", "Unity.2D.Common.Runtime.Player.csproj", "{019084B7-460C-C3B0-4562-ED0318F5E688}"
EndProject
Project("{FAE04EC0-301F-11D3-BF4B-00C04F79EFBC}") = "Unity.2D.Tilemap.Extras", "Unity.2D.Tilemap.Extras.Player.csproj", "{59BF77C7-2B39-9C60-0891-EAA3B20FDE0F}"
EndProject
Project("{FAE04EC0-301F-11D3-BF4B-00C04F79EFBC}") = "Unity.Services.Core.Configuration", "Unity.Services.Core.Configuration.Player.csproj", "{72783ED8-FA3A-794F-BF2F-C8E5E277C103}"
EndProject
Project("{FAE04EC0-301F-11D3-BF4B-00C04F79EFBC}") = "Unity.Services.Core.Threading", "Unity.Services.Core.Threading.Player.csproj", "{68BB3A9F-A9D9-0E2B-9A9E-E4AE8F2C91C0}"
EndProject
Project("{FAE04EC0-301F-11D3-BF4B-00C04F79EFBC}") = "Unity.Services.Core", "Unity.Services.Core.Player.csproj", "{BF0C0A07-C937-60C8-010C-82384D58DBAC}"
EndProject
Project("{FAE04EC0-301F-11D3-BF4B-00C04F79EFBC}") = "Unity.Services.Core.Networking", "Unity.Services.Core.Networking.Player.csproj", "{2913B330-4915-96CD-3FD0-30FAEBCC98C7}"
EndProject
Project("{FAE04EC0-301F-11D3-BF4B-00C04F79EFBC}") = "Unity.Services.Core.Registration", "Unity.Services.Core.Registration.Player.csproj", "{39B7C62F-53F8-3F5B-D015-589F64E2B11A}"
EndProject
Project("{FAE04EC0-301F-11D3-BF4B-00C04F79EFBC}") = "Unity.RenderPipelines.ShaderGraph.ShaderGraphLibrary", "Unity.RenderPipelines.ShaderGraph.ShaderGraphLibrary.Player.csproj", "{46433B73-6A1D-E2AD-5803-AE7397FE21AA}"
EndProject
Project("{FAE04EC0-301F-11D3-BF4B-00C04F79EFBC}") = "Unity.RenderPipelines.Core.ShaderLibrary", "Unity.RenderPipelines.Core.ShaderLibrary.Player.csproj", "{A00ABC81-D462-4C51-2B20-964C990C0589}"
EndProject
Project("{FAE04EC0-301F-11D3-BF4B-00C04F79EFBC}") = "Unity.InternalAPIEngineBridge.001", "Unity.InternalAPIEngineBridge.001.Player.csproj", "{076ED543-6C00-D64C-7BC8-86798279A5F1}"
EndProject
Project("{FAE04EC0-301F-11D3-BF4B-00C04F79EFBC}") = "Unity.RenderPipelines.Universal.Shaders", "Unity.RenderPipelines.Universal.Shaders.Player.csproj", "{58D3A922-4C57-36C6-F38B-421E235BA285}"
EndProject
Global
	GlobalSection(SolutionConfigurationPlatforms) = preSolution
		Debug|Any CPU = Debug|Any CPU
		Release|Any CPU = Release|Any CPU
	EndGlobalSection
	GlobalSection(ProjectConfigurationPlatforms) = postSolution
		{454FC4A4-CCCB-2437-6D0C-EB24C7220837}.Debug|Any CPU.ActiveCfg = Debug|Any CPU
		{454FC4A4-CCCB-2437-6D0C-EB24C7220837}.Debug|Any CPU.Build.0 = Debug|Any CPU
		{454FC4A4-CCCB-2437-6D0C-EB24C7220837}.Release|Any CPU.ActiveCfg = Release|Any CPU
		{454FC4A4-CCCB-2437-6D0C-EB24C7220837}.Release|Any CPU.Build.0 = Release|Any CPU
		{5FE8D43B-D4B7-29D0-7303-03753FFD2ACF}.Debug|Any CPU.ActiveCfg = Debug|Any CPU
		{5FE8D43B-D4B7-29D0-7303-03753FFD2ACF}.Debug|Any CPU.Build.0 = Debug|Any CPU
		{5FE8D43B-D4B7-29D0-7303-03753FFD2ACF}.Release|Any CPU.ActiveCfg = Release|Any CPU
		{5FE8D43B-D4B7-29D0-7303-03753FFD2ACF}.Release|Any CPU.Build.0 = Release|Any CPU
		{0CF99AD7-7CAB-3929-C474-07091CC2E7EE}.Debug|Any CPU.ActiveCfg = Debug|Any CPU
		{0CF99AD7-7CAB-3929-C474-07091CC2E7EE}.Debug|Any CPU.Build.0 = Debug|Any CPU
		{0CF99AD7-7CAB-3929-C474-07091CC2E7EE}.Release|Any CPU.ActiveCfg = Release|Any CPU
		{0CF99AD7-7CAB-3929-C474-07091CC2E7EE}.Release|Any CPU.Build.0 = Release|Any CPU
		{4C2D2D44-78D3-FEC6-3F34-ADBCCB1C9078}.Debug|Any CPU.ActiveCfg = Debug|Any CPU
		{4C2D2D44-78D3-FEC6-3F34-ADBCCB1C9078}.Debug|Any CPU.Build.0 = Debug|Any CPU
		{4C2D2D44-78D3-FEC6-3F34-ADBCCB1C9078}.Release|Any CPU.ActiveCfg = Release|Any CPU
		{4C2D2D44-78D3-FEC6-3F34-ADBCCB1C9078}.Release|Any CPU.Build.0 = Release|Any CPU
		{06D7A9FC-5124-DB5C-F64E-EC8FC04B1ABB}.Debug|Any CPU.ActiveCfg = Debug|Any CPU
		{06D7A9FC-5124-DB5C-F64E-EC8FC04B1ABB}.Debug|Any CPU.Build.0 = Debug|Any CPU
		{06D7A9FC-5124-DB5C-F64E-EC8FC04B1ABB}.Release|Any CPU.ActiveCfg = Release|Any CPU
		{06D7A9FC-5124-DB5C-F64E-EC8FC04B1ABB}.Release|Any CPU.Build.0 = Release|Any CPU
		{142922A6-9C4A-C0C2-47C9-4A907CE7A96D}.Debug|Any CPU.ActiveCfg = Debug|Any CPU
		{142922A6-9C4A-C0C2-47C9-4A907CE7A96D}.Debug|Any CPU.Build.0 = Debug|Any CPU
		{142922A6-9C4A-C0C2-47C9-4A907CE7A96D}.Release|Any CPU.ActiveCfg = Release|Any CPU
		{142922A6-9C4A-C0C2-47C9-4A907CE7A96D}.Release|Any CPU.Build.0 = Release|Any CPU
		{49E4015A-6E14-E6CE-5B20-12D666BA74D2}.Debug|Any CPU.ActiveCfg = Debug|Any CPU
		{49E4015A-6E14-E6CE-5B20-12D666BA74D2}.Debug|Any CPU.Build.0 = Debug|Any CPU
		{49E4015A-6E14-E6CE-5B20-12D666BA74D2}.Release|Any CPU.ActiveCfg = Release|Any CPU
		{49E4015A-6E14-E6CE-5B20-12D666BA74D2}.Release|Any CPU.Build.0 = Release|Any CPU
		{1147BEFE-916A-17C6-85E1-9FA4A88B43FE}.Debug|Any CPU.ActiveCfg = Debug|Any CPU
		{1147BEFE-916A-17C6-85E1-9FA4A88B43FE}.Debug|Any CPU.Build.0 = Debug|Any CPU
		{1147BEFE-916A-17C6-85E1-9FA4A88B43FE}.Release|Any CPU.ActiveCfg = Release|Any CPU
		{1147BEFE-916A-17C6-85E1-9FA4A88B43FE}.Release|Any CPU.Build.0 = Release|Any CPU
		{5F6577F8-3044-37BE-FF4E-048B8742CC0A}.Debug|Any CPU.ActiveCfg = Debug|Any CPU
		{5F6577F8-3044-37BE-FF4E-048B8742CC0A}.Debug|Any CPU.Build.0 = Debug|Any CPU
		{5F6577F8-3044-37BE-FF4E-048B8742CC0A}.Release|Any CPU.ActiveCfg = Release|Any CPU
		{5F6577F8-3044-37BE-FF4E-048B8742CC0A}.Release|Any CPU.Build.0 = Release|Any CPU
		{05747450-B6AD-5EEC-7BE7-C7255C704BD6}.Debug|Any CPU.ActiveCfg = Debug|Any CPU
		{05747450-B6AD-5EEC-7BE7-C7255C704BD6}.Debug|Any CPU.Build.0 = Debug|Any CPU
		{05747450-B6AD-5EEC-7BE7-C7255C704BD6}.Release|Any CPU.ActiveCfg = Release|Any CPU
		{05747450-B6AD-5EEC-7BE7-C7255C704BD6}.Release|Any CPU.Build.0 = Release|Any CPU
		{88AA928E-FC12-D592-0B7E-62A45A4B2CFE}.Debug|Any CPU.ActiveCfg = Debug|Any CPU
		{88AA928E-FC12-D592-0B7E-62A45A4B2CFE}.Debug|Any CPU.Build.0 = Debug|Any CPU
		{88AA928E-FC12-D592-0B7E-62A45A4B2CFE}.Release|Any CPU.ActiveCfg = Release|Any CPU
		{88AA928E-FC12-D592-0B7E-62A45A4B2CFE}.Release|Any CPU.Build.0 = Release|Any CPU
		{8D62040E-5813-26C6-AB7F-067AE18B779C}.Debug|Any CPU.ActiveCfg = Debug|Any CPU
		{8D62040E-5813-26C6-AB7F-067AE18B779C}.Debug|Any CPU.Build.0 = Debug|Any CPU
		{8D62040E-5813-26C6-AB7F-067AE18B779C}.Release|Any CPU.ActiveCfg = Release|Any CPU
		{8D62040E-5813-26C6-AB7F-067AE18B779C}.Release|Any CPU.Build.0 = Release|Any CPU
		{481381CE-88F8-76FF-5388-2FEC2994DEA6}.Debug|Any CPU.ActiveCfg = Debug|Any CPU
		{481381CE-88F8-76FF-5388-2FEC2994DEA6}.Debug|Any CPU.Build.0 = Debug|Any CPU
		{481381CE-88F8-76FF-5388-2FEC2994DEA6}.Release|Any CPU.ActiveCfg = Release|Any CPU
		{481381CE-88F8-76FF-5388-2FEC2994DEA6}.Release|Any CPU.Build.0 = Release|Any CPU
		{5C3A0AC5-50A3-52A1-B7A0-7A5B2B44DBDF}.Debug|Any CPU.ActiveCfg = Debug|Any CPU
		{5C3A0AC5-50A3-52A1-B7A0-7A5B2B44DBDF}.Debug|Any CPU.Build.0 = Debug|Any CPU
		{5C3A0AC5-50A3-52A1-B7A0-7A5B2B44DBDF}.Release|Any CPU.ActiveCfg = Release|Any CPU
		{5C3A0AC5-50A3-52A1-B7A0-7A5B2B44DBDF}.Release|Any CPU.Build.0 = Release|Any CPU
		{0D2EA260-E26E-F306-DEE7-28C1C0CCA865}.Debug|Any CPU.ActiveCfg = Debug|Any CPU
		{0D2EA260-E26E-F306-DEE7-28C1C0CCA865}.Debug|Any CPU.Build.0 = Debug|Any CPU
		{0D2EA260-E26E-F306-DEE7-28C1C0CCA865}.Release|Any CPU.ActiveCfg = Release|Any CPU
		{0D2EA260-E26E-F306-DEE7-28C1C0CCA865}.Release|Any CPU.Build.0 = Release|Any CPU
		{C6A6DB9A-E44A-3926-1D0A-42BAA8CD686C}.Debug|Any CPU.ActiveCfg = Debug|Any CPU
		{C6A6DB9A-E44A-3926-1D0A-42BAA8CD686C}.Debug|Any CPU.Build.0 = Debug|Any CPU
		{C6A6DB9A-E44A-3926-1D0A-42BAA8CD686C}.Release|Any CPU.ActiveCfg = Release|Any CPU
		{C6A6DB9A-E44A-3926-1D0A-42BAA8CD686C}.Release|Any CPU.Build.0 = Release|Any CPU
		{FF082343-EB92-DE9F-12A6-9FFDFAD51509}.Debug|Any CPU.ActiveCfg = Debug|Any CPU
		{FF082343-EB92-DE9F-12A6-9FFDFAD51509}.Debug|Any CPU.Build.0 = Debug|Any CPU
		{FF082343-EB92-DE9F-12A6-9FFDFAD51509}.Release|Any CPU.ActiveCfg = Release|Any CPU
		{FF082343-EB92-DE9F-12A6-9FFDFAD51509}.Release|Any CPU.Build.0 = Release|Any CPU
		{CBB9F772-96B2-F3A7-DA9D-2101A566E437}.Debug|Any CPU.ActiveCfg = Debug|Any CPU
		{CBB9F772-96B2-F3A7-DA9D-2101A566E437}.Debug|Any CPU.Build.0 = Debug|Any CPU
		{CBB9F772-96B2-F3A7-DA9D-2101A566E437}.Release|Any CPU.ActiveCfg = Release|Any CPU
		{CBB9F772-96B2-F3A7-DA9D-2101A566E437}.Release|Any CPU.Build.0 = Release|Any CPU
		{0AFA7AE3-42F5-957A-F3D2-BE33996676BB}.Debug|Any CPU.ActiveCfg = Debug|Any CPU
		{0AFA7AE3-42F5-957A-F3D2-BE33996676BB}.Debug|Any CPU.Build.0 = Debug|Any CPU
		{0AFA7AE3-42F5-957A-F3D2-BE33996676BB}.Release|Any CPU.ActiveCfg = Release|Any CPU
		{0AFA7AE3-42F5-957A-F3D2-BE33996676BB}.Release|Any CPU.Build.0 = Release|Any CPU
		{A486CEC4-AF97-0618-C3BD-BB294E3FB33B}.Debug|Any CPU.ActiveCfg = Debug|Any CPU
		{A486CEC4-AF97-0618-C3BD-BB294E3FB33B}.Debug|Any CPU.Build.0 = Debug|Any CPU
		{A486CEC4-AF97-0618-C3BD-BB294E3FB33B}.Release|Any CPU.ActiveCfg = Release|Any CPU
		{A486CEC4-AF97-0618-C3BD-BB294E3FB33B}.Release|Any CPU.Build.0 = Release|Any CPU
		{BA6E0960-2D94-4A7F-B97E-47E30F5922D0}.Debug|Any CPU.ActiveCfg = Debug|Any CPU
		{BA6E0960-2D94-4A7F-B97E-47E30F5922D0}.Debug|Any CPU.Build.0 = Debug|Any CPU
		{BA6E0960-2D94-4A7F-B97E-47E30F5922D0}.Release|Any CPU.ActiveCfg = Release|Any CPU
		{BA6E0960-2D94-4A7F-B97E-47E30F5922D0}.Release|Any CPU.Build.0 = Release|Any CPU
		{6DC05C56-1EB8-828C-4F11-6EB522BEECA7}.Debug|Any CPU.ActiveCfg = Debug|Any CPU
		{6DC05C56-1EB8-828C-4F11-6EB522BEECA7}.Debug|Any CPU.Build.0 = Debug|Any CPU
		{6DC05C56-1EB8-828C-4F11-6EB522BEECA7}.Release|Any CPU.ActiveCfg = Release|Any CPU
		{6DC05C56-1EB8-828C-4F11-6EB522BEECA7}.Release|Any CPU.Build.0 = Release|Any CPU
		{50F9F058-A0DC-4BFF-6A85-E2EE43926420}.Debug|Any CPU.ActiveCfg = Debug|Any CPU
		{50F9F058-A0DC-4BFF-6A85-E2EE43926420}.Debug|Any CPU.Build.0 = Debug|Any CPU
		{50F9F058-A0DC-4BFF-6A85-E2EE43926420}.Release|Any CPU.ActiveCfg = Release|Any CPU
		{50F9F058-A0DC-4BFF-6A85-E2EE43926420}.Release|Any CPU.Build.0 = Release|Any CPU
		{7B4222DF-01E6-BD41-C0BA-F258E8A7639A}.Debug|Any CPU.ActiveCfg = Debug|Any CPU
		{7B4222DF-01E6-BD41-C0BA-F258E8A7639A}.Debug|Any CPU.Build.0 = Debug|Any CPU
		{7B4222DF-01E6-BD41-C0BA-F258E8A7639A}.Release|Any CPU.ActiveCfg = Release|Any CPU
		{7B4222DF-01E6-BD41-C0BA-F258E8A7639A}.Release|Any CPU.Build.0 = Release|Any CPU
		{5F07DDCB-4199-3040-BAC2-3CAC5E717DE9}.Debug|Any CPU.ActiveCfg = Debug|Any CPU
		{5F07DDCB-4199-3040-BAC2-3CAC5E717DE9}.Debug|Any CPU.Build.0 = Debug|Any CPU
		{5F07DDCB-4199-3040-BAC2-3CAC5E717DE9}.Release|Any CPU.ActiveCfg = Release|Any CPU
		{5F07DDCB-4199-3040-BAC2-3CAC5E717DE9}.Release|Any CPU.Build.0 = Release|Any CPU
		{FF1F8A24-FDBD-8974-580A-B58F61454AFA}.Debug|Any CPU.ActiveCfg = Debug|Any CPU
		{FF1F8A24-FDBD-8974-580A-B58F61454AFA}.Debug|Any CPU.Build.0 = Debug|Any CPU
		{FF1F8A24-FDBD-8974-580A-B58F61454AFA}.Release|Any CPU.ActiveCfg = Release|Any CPU
		{FF1F8A24-FDBD-8974-580A-B58F61454AFA}.Release|Any CPU.Build.0 = Release|Any CPU
		{1D88CCE2-D016-494A-4389-4BA0DE8EC8F1}.Debug|Any CPU.ActiveCfg = Debug|Any CPU
		{1D88CCE2-D016-494A-4389-4BA0DE8EC8F1}.Debug|Any CPU.Build.0 = Debug|Any CPU
		{1D88CCE2-D016-494A-4389-4BA0DE8EC8F1}.Release|Any CPU.ActiveCfg = Release|Any CPU
		{1D88CCE2-D016-494A-4389-4BA0DE8EC8F1}.Release|Any CPU.Build.0 = Release|Any CPU
		{5CADD4F0-B584-320A-A6C6-262B183EC612}.Debug|Any CPU.ActiveCfg = Debug|Any CPU
		{5CADD4F0-B584-320A-A6C6-262B183EC612}.Debug|Any CPU.Build.0 = Debug|Any CPU
		{5CADD4F0-B584-320A-A6C6-262B183EC612}.Release|Any CPU.ActiveCfg = Release|Any CPU
		{5CADD4F0-B584-320A-A6C6-262B183EC612}.Release|Any CPU.Build.0 = Release|Any CPU
		{032E9B71-CE2D-F3EA-D1AF-05CC211A6F69}.Debug|Any CPU.ActiveCfg = Debug|Any CPU
		{032E9B71-CE2D-F3EA-D1AF-05CC211A6F69}.Debug|Any CPU.Build.0 = Debug|Any CPU
		{032E9B71-CE2D-F3EA-D1AF-05CC211A6F69}.Release|Any CPU.ActiveCfg = Release|Any CPU
		{032E9B71-CE2D-F3EA-D1AF-05CC211A6F69}.Release|Any CPU.Build.0 = Release|Any CPU
		{03CDFD49-374C-C5F4-79D0-ADB075A8942C}.Debug|Any CPU.ActiveCfg = Debug|Any CPU
		{03CDFD49-374C-C5F4-79D0-ADB075A8942C}.Debug|Any CPU.Build.0 = Debug|Any CPU
		{03CDFD49-374C-C5F4-79D0-ADB075A8942C}.Release|Any CPU.ActiveCfg = Release|Any CPU
		{03CDFD49-374C-C5F4-79D0-ADB075A8942C}.Release|Any CPU.Build.0 = Release|Any CPU
		{D636DA1A-2370-8781-88B1-20C111B2E189}.Debug|Any CPU.ActiveCfg = Debug|Any CPU
		{D636DA1A-2370-8781-88B1-20C111B2E189}.Debug|Any CPU.Build.0 = Debug|Any CPU
		{D636DA1A-2370-8781-88B1-20C111B2E189}.Release|Any CPU.ActiveCfg = Release|Any CPU
		{D636DA1A-2370-8781-88B1-20C111B2E189}.Release|Any CPU.Build.0 = Release|Any CPU
		{FF15104C-5B1D-B976-F9AC-06EACE5FF0C1}.Debug|Any CPU.ActiveCfg = Debug|Any CPU
		{FF15104C-5B1D-B976-F9AC-06EACE5FF0C1}.Debug|Any CPU.Build.0 = Debug|Any CPU
		{FF15104C-5B1D-B976-F9AC-06EACE5FF0C1}.Release|Any CPU.ActiveCfg = Release|Any CPU
		{FF15104C-5B1D-B976-F9AC-06EACE5FF0C1}.Release|Any CPU.Build.0 = Release|Any CPU
		{67EBDBF9-C59A-54D8-AB3C-D553E830C85E}.Debug|Any CPU.ActiveCfg = Debug|Any CPU
		{67EBDBF9-C59A-54D8-AB3C-D553E830C85E}.Debug|Any CPU.Build.0 = Debug|Any CPU
		{67EBDBF9-C59A-54D8-AB3C-D553E830C85E}.Release|Any CPU.ActiveCfg = Release|Any CPU
		{67EBDBF9-C59A-54D8-AB3C-D553E830C85E}.Release|Any CPU.Build.0 = Release|Any CPU
		{B7AD4399-1420-25AA-BAAD-75B05F27E1F3}.Debug|Any CPU.ActiveCfg = Debug|Any CPU
		{B7AD4399-1420-25AA-BAAD-75B05F27E1F3}.Debug|Any CPU.Build.0 = Debug|Any CPU
		{B7AD4399-1420-25AA-BAAD-75B05F27E1F3}.Release|Any CPU.ActiveCfg = Release|Any CPU
		{B7AD4399-1420-25AA-BAAD-75B05F27E1F3}.Release|Any CPU.Build.0 = Release|Any CPU
		{B258E5DB-39C3-2F2F-2569-5B358F83E86A}.Debug|Any CPU.ActiveCfg = Debug|Any CPU
		{B258E5DB-39C3-2F2F-2569-5B358F83E86A}.Debug|Any CPU.Build.0 = Debug|Any CPU
		{B258E5DB-39C3-2F2F-2569-5B358F83E86A}.Release|Any CPU.ActiveCfg = Release|Any CPU
		{B258E5DB-39C3-2F2F-2569-5B358F83E86A}.Release|Any CPU.Build.0 = Release|Any CPU
		{490B0BC5-6DAA-19C5-5FC2-DCDA2F67526F}.Debug|Any CPU.ActiveCfg = Debug|Any CPU
		{490B0BC5-6DAA-19C5-5FC2-DCDA2F67526F}.Debug|Any CPU.Build.0 = Debug|Any CPU
		{490B0BC5-6DAA-19C5-5FC2-DCDA2F67526F}.Release|Any CPU.ActiveCfg = Release|Any CPU
		{490B0BC5-6DAA-19C5-5FC2-DCDA2F67526F}.Release|Any CPU.Build.0 = Release|Any CPU
		{87BA6CB1-CFF9-4B43-8346-8D4B53451E2D}.Debug|Any CPU.ActiveCfg = Debug|Any CPU
		{87BA6CB1-CFF9-4B43-8346-8D4B53451E2D}.Debug|Any CPU.Build.0 = Debug|Any CPU
		{87BA6CB1-CFF9-4B43-8346-8D4B53451E2D}.Release|Any CPU.ActiveCfg = Release|Any CPU
		{87BA6CB1-CFF9-4B43-8346-8D4B53451E2D}.Release|Any CPU.Build.0 = Release|Any CPU
		{FD794461-47D5-7948-9B0E-08E469856DA1}.Debug|Any CPU.ActiveCfg = Debug|Any CPU
		{FD794461-47D5-7948-9B0E-08E469856DA1}.Debug|Any CPU.Build.0 = Debug|Any CPU
		{FD794461-47D5-7948-9B0E-08E469856DA1}.Release|Any CPU.ActiveCfg = Release|Any CPU
		{FD794461-47D5-7948-9B0E-08E469856DA1}.Release|Any CPU.Build.0 = Release|Any CPU
		{984A8790-0223-7BBF-862D-662ECC788187}.Debug|Any CPU.ActiveCfg = Debug|Any CPU
		{984A8790-0223-7BBF-862D-662ECC788187}.Debug|Any CPU.Build.0 = Debug|Any CPU
		{984A8790-0223-7BBF-862D-662ECC788187}.Release|Any CPU.ActiveCfg = Release|Any CPU
		{984A8790-0223-7BBF-862D-662ECC788187}.Release|Any CPU.Build.0 = Release|Any CPU
		{7E0ECC3D-0FAE-EF52-60E5-39CD893B6B84}.Debug|Any CPU.ActiveCfg = Debug|Any CPU
		{7E0ECC3D-0FAE-EF52-60E5-39CD893B6B84}.Debug|Any CPU.Build.0 = Debug|Any CPU
		{7E0ECC3D-0FAE-EF52-60E5-39CD893B6B84}.Release|Any CPU.ActiveCfg = Release|Any CPU
		{7E0ECC3D-0FAE-EF52-60E5-39CD893B6B84}.Release|Any CPU.Build.0 = Release|Any CPU
		{7B313AB5-D4FD-5892-19D3-AF5EC4FC184D}.Debug|Any CPU.ActiveCfg = Debug|Any CPU
		{7B313AB5-D4FD-5892-19D3-AF5EC4FC184D}.Debug|Any CPU.Build.0 = Debug|Any CPU
		{7B313AB5-D4FD-5892-19D3-AF5EC4FC184D}.Release|Any CPU.ActiveCfg = Release|Any CPU
		{7B313AB5-D4FD-5892-19D3-AF5EC4FC184D}.Release|Any CPU.Build.0 = Release|Any CPU
		{294F24C1-D6A5-BE47-2A92-B7ACF400EB98}.Debug|Any CPU.ActiveCfg = Debug|Any CPU
		{294F24C1-D6A5-BE47-2A92-B7ACF400EB98}.Debug|Any CPU.Build.0 = Debug|Any CPU
		{294F24C1-D6A5-BE47-2A92-B7ACF400EB98}.Release|Any CPU.ActiveCfg = Release|Any CPU
		{294F24C1-D6A5-BE47-2A92-B7ACF400EB98}.Release|Any CPU.Build.0 = Release|Any CPU
		{F0DD926B-8CA5-A26F-5217-92C3339D0656}.Debug|Any CPU.ActiveCfg = Debug|Any CPU
		{F0DD926B-8CA5-A26F-5217-92C3339D0656}.Debug|Any CPU.Build.0 = Debug|Any CPU
		{F0DD926B-8CA5-A26F-5217-92C3339D0656}.Release|Any CPU.ActiveCfg = Release|Any CPU
		{F0DD926B-8CA5-A26F-5217-92C3339D0656}.Release|Any CPU.Build.0 = Release|Any CPU
		{3504A739-8D9D-25FF-2589-4D021DF42E66}.Debug|Any CPU.ActiveCfg = Debug|Any CPU
		{3504A739-8D9D-25FF-2589-4D021DF42E66}.Debug|Any CPU.Build.0 = Debug|Any CPU
		{3504A739-8D9D-25FF-2589-4D021DF42E66}.Release|Any CPU.ActiveCfg = Release|Any CPU
		{3504A739-8D9D-25FF-2589-4D021DF42E66}.Release|Any CPU.Build.0 = Release|Any CPU
		{47E49BDE-D7D4-9440-801A-567E2672658F}.Debug|Any CPU.ActiveCfg = Debug|Any CPU
		{47E49BDE-D7D4-9440-801A-567E2672658F}.Debug|Any CPU.Build.0 = Debug|Any CPU
		{47E49BDE-D7D4-9440-801A-567E2672658F}.Release|Any CPU.ActiveCfg = Release|Any CPU
		{47E49BDE-D7D4-9440-801A-567E2672658F}.Release|Any CPU.Build.0 = Release|Any CPU
		{ED6F6BF3-3765-E563-0EFC-7B579DA254E1}.Debug|Any CPU.ActiveCfg = Debug|Any CPU
		{ED6F6BF3-3765-E563-0EFC-7B579DA254E1}.Debug|Any CPU.Build.0 = Debug|Any CPU
		{ED6F6BF3-3765-E563-0EFC-7B579DA254E1}.Release|Any CPU.ActiveCfg = Release|Any CPU
		{ED6F6BF3-3765-E563-0EFC-7B579DA254E1}.Release|Any CPU.Build.0 = Release|Any CPU
		{234F6F57-EB46-4684-A730-EA4BC828322B}.Debug|Any CPU.ActiveCfg = Debug|Any CPU
		{234F6F57-EB46-4684-A730-EA4BC828322B}.Debug|Any CPU.Build.0 = Debug|Any CPU
		{234F6F57-EB46-4684-A730-EA4BC828322B}.Release|Any CPU.ActiveCfg = Release|Any CPU
		{234F6F57-EB46-4684-A730-EA4BC828322B}.Release|Any CPU.Build.0 = Release|Any CPU
		{54574D03-08E1-A2DC-3681-11E4A0265E8B}.Debug|Any CPU.ActiveCfg = Debug|Any CPU
		{54574D03-08E1-A2DC-3681-11E4A0265E8B}.Debug|Any CPU.Build.0 = Debug|Any CPU
		{54574D03-08E1-A2DC-3681-11E4A0265E8B}.Release|Any CPU.ActiveCfg = Release|Any CPU
		{54574D03-08E1-A2DC-3681-11E4A0265E8B}.Release|Any CPU.Build.0 = Release|Any CPU
		{9AFA65D0-220D-6235-70B7-9019EB2F3CFF}.Debug|Any CPU.ActiveCfg = Debug|Any CPU
		{9AFA65D0-220D-6235-70B7-9019EB2F3CFF}.Debug|Any CPU.Build.0 = Debug|Any CPU
		{9AFA65D0-220D-6235-70B7-9019EB2F3CFF}.Release|Any CPU.ActiveCfg = Release|Any CPU
		{9AFA65D0-220D-6235-70B7-9019EB2F3CFF}.Release|Any CPU.Build.0 = Release|Any CPU
		{53DE4227-E0F4-4D9F-FDAD-91EE707432DB}.Debug|Any CPU.ActiveCfg = Debug|Any CPU
		{53DE4227-E0F4-4D9F-FDAD-91EE707432DB}.Debug|Any CPU.Build.0 = Debug|Any CPU
		{53DE4227-E0F4-4D9F-FDAD-91EE707432DB}.Release|Any CPU.ActiveCfg = Release|Any CPU
		{53DE4227-E0F4-4D9F-FDAD-91EE707432DB}.Release|Any CPU.Build.0 = Release|Any CPU
		{BFA73106-5A9D-F8DF-FC3A-A7453C3F0349}.Debug|Any CPU.ActiveCfg = Debug|Any CPU
		{BFA73106-5A9D-F8DF-FC3A-A7453C3F0349}.Debug|Any CPU.Build.0 = Debug|Any CPU
		{BFA73106-5A9D-F8DF-FC3A-A7453C3F0349}.Release|Any CPU.ActiveCfg = Release|Any CPU
		{BFA73106-5A9D-F8DF-FC3A-A7453C3F0349}.Release|Any CPU.Build.0 = Release|Any CPU
		{AE4E8974-5149-D9E9-DC08-89775F056337}.Debug|Any CPU.ActiveCfg = Debug|Any CPU
		{AE4E8974-5149-D9E9-DC08-89775F056337}.Debug|Any CPU.Build.0 = Debug|Any CPU
		{AE4E8974-5149-D9E9-DC08-89775F056337}.Release|Any CPU.ActiveCfg = Release|Any CPU
		{AE4E8974-5149-D9E9-DC08-89775F056337}.Release|Any CPU.Build.0 = Release|Any CPU
		{D178B85B-6EE0-B012-8D34-8869F0093B02}.Debug|Any CPU.ActiveCfg = Debug|Any CPU
		{D178B85B-6EE0-B012-8D34-8869F0093B02}.Debug|Any CPU.Build.0 = Debug|Any CPU
		{D178B85B-6EE0-B012-8D34-8869F0093B02}.Release|Any CPU.ActiveCfg = Release|Any CPU
		{D178B85B-6EE0-B012-8D34-8869F0093B02}.Release|Any CPU.Build.0 = Release|Any CPU
		{7BC8EBFF-6897-DF19-BE21-B54687093891}.Debug|Any CPU.ActiveCfg = Debug|Any CPU
		{7BC8EBFF-6897-DF19-BE21-B54687093891}.Debug|Any CPU.Build.0 = Debug|Any CPU
		{7BC8EBFF-6897-DF19-BE21-B54687093891}.Release|Any CPU.ActiveCfg = Release|Any CPU
		{7BC8EBFF-6897-DF19-BE21-B54687093891}.Release|Any CPU.Build.0 = Release|Any CPU
		{68E12726-56F5-DE10-ECC8-7E828ADF12F8}.Debug|Any CPU.ActiveCfg = Debug|Any CPU
		{68E12726-56F5-DE10-ECC8-7E828ADF12F8}.Debug|Any CPU.Build.0 = Debug|Any CPU
		{68E12726-56F5-DE10-ECC8-7E828ADF12F8}.Release|Any CPU.ActiveCfg = Release|Any CPU
		{68E12726-56F5-DE10-ECC8-7E828ADF12F8}.Release|Any CPU.Build.0 = Release|Any CPU
		{2AB2CB98-17B7-FCEE-6D0D-D27CA7D9BF5C}.Debug|Any CPU.ActiveCfg = Debug|Any CPU
		{2AB2CB98-17B7-FCEE-6D0D-D27CA7D9BF5C}.Debug|Any CPU.Build.0 = Debug|Any CPU
		{2AB2CB98-17B7-FCEE-6D0D-D27CA7D9BF5C}.Release|Any CPU.ActiveCfg = Release|Any CPU
		{2AB2CB98-17B7-FCEE-6D0D-D27CA7D9BF5C}.Release|Any CPU.Build.0 = Release|Any CPU
		{9716CCCA-67C6-0FA2-C9B7-D9B0B48D1E27}.Debug|Any CPU.ActiveCfg = Debug|Any CPU
		{9716CCCA-67C6-0FA2-C9B7-D9B0B48D1E27}.Debug|Any CPU.Build.0 = Debug|Any CPU
		{9716CCCA-67C6-0FA2-C9B7-D9B0B48D1E27}.Release|Any CPU.ActiveCfg = Release|Any CPU
		{9716CCCA-67C6-0FA2-C9B7-D9B0B48D1E27}.Release|Any CPU.Build.0 = Release|Any CPU
		{23B3DA9F-868F-64AF-C233-12CAB57EDD0B}.Debug|Any CPU.ActiveCfg = Debug|Any CPU
		{23B3DA9F-868F-64AF-C233-12CAB57EDD0B}.Debug|Any CPU.Build.0 = Debug|Any CPU
		{23B3DA9F-868F-64AF-C233-12CAB57EDD0B}.Release|Any CPU.ActiveCfg = Release|Any CPU
		{23B3DA9F-868F-64AF-C233-12CAB57EDD0B}.Release|Any CPU.Build.0 = Release|Any CPU
		{5F182CAD-0A33-A0CA-357C-7307315158B0}.Debug|Any CPU.ActiveCfg = Debug|Any CPU
		{5F182CAD-0A33-A0CA-357C-7307315158B0}.Debug|Any CPU.Build.0 = Debug|Any CPU
		{5F182CAD-0A33-A0CA-357C-7307315158B0}.Release|Any CPU.ActiveCfg = Release|Any CPU
		{5F182CAD-0A33-A0CA-357C-7307315158B0}.Release|Any CPU.Build.0 = Release|Any CPU
		{8170C30D-0C9A-B671-9B6A-BDBCBD272A27}.Debug|Any CPU.ActiveCfg = Debug|Any CPU
		{8170C30D-0C9A-B671-9B6A-BDBCBD272A27}.Debug|Any CPU.Build.0 = Debug|Any CPU
		{8170C30D-0C9A-B671-9B6A-BDBCBD272A27}.Release|Any CPU.ActiveCfg = Release|Any CPU
		{8170C30D-0C9A-B671-9B6A-BDBCBD272A27}.Release|Any CPU.Build.0 = Release|Any CPU
		{98366863-A845-0014-4FFF-D9ED74C21F5C}.Debug|Any CPU.ActiveCfg = Debug|Any CPU
		{98366863-A845-0014-4FFF-D9ED74C21F5C}.Debug|Any CPU.Build.0 = Debug|Any CPU
		{98366863-A845-0014-4FFF-D9ED74C21F5C}.Release|Any CPU.ActiveCfg = Release|Any CPU
		{98366863-A845-0014-4FFF-D9ED74C21F5C}.Release|Any CPU.Build.0 = Release|Any CPU
		{95B5E601-D49E-C9A1-9C7E-45D84E20F5F6}.Debug|Any CPU.ActiveCfg = Debug|Any CPU
		{95B5E601-D49E-C9A1-9C7E-45D84E20F5F6}.Debug|Any CPU.Build.0 = Debug|Any CPU
		{95B5E601-D49E-C9A1-9C7E-45D84E20F5F6}.Release|Any CPU.ActiveCfg = Release|Any CPU
		{95B5E601-D49E-C9A1-9C7E-45D84E20F5F6}.Release|Any CPU.Build.0 = Release|Any CPU
		{A9E67507-1587-58C3-8AD8-5FE772ABEA6E}.Debug|Any CPU.ActiveCfg = Debug|Any CPU
		{A9E67507-1587-58C3-8AD8-5FE772ABEA6E}.Debug|Any CPU.Build.0 = Debug|Any CPU
		{A9E67507-1587-58C3-8AD8-5FE772ABEA6E}.Release|Any CPU.ActiveCfg = Release|Any CPU
		{A9E67507-1587-58C3-8AD8-5FE772ABEA6E}.Release|Any CPU.Build.0 = Release|Any CPU
		{4C570FF2-DF31-48E8-0E83-85426300683D}.Debug|Any CPU.ActiveCfg = Debug|Any CPU
		{4C570FF2-DF31-48E8-0E83-85426300683D}.Debug|Any CPU.Build.0 = Debug|Any CPU
		{4C570FF2-DF31-48E8-0E83-85426300683D}.Release|Any CPU.ActiveCfg = Release|Any CPU
		{4C570FF2-DF31-48E8-0E83-85426300683D}.Release|Any CPU.Build.0 = Release|Any CPU
		{733555D9-D57D-0866-5FDD-67AF3D203EBA}.Debug|Any CPU.ActiveCfg = Debug|Any CPU
		{733555D9-D57D-0866-5FDD-67AF3D203EBA}.Debug|Any CPU.Build.0 = Debug|Any CPU
		{733555D9-D57D-0866-5FDD-67AF3D203EBA}.Release|Any CPU.ActiveCfg = Release|Any CPU
		{733555D9-D57D-0866-5FDD-67AF3D203EBA}.Release|Any CPU.Build.0 = Release|Any CPU
		{776FD549-F37B-A439-4B98-59D05AB60356}.Debug|Any CPU.ActiveCfg = Debug|Any CPU
		{776FD549-F37B-A439-4B98-59D05AB60356}.Debug|Any CPU.Build.0 = Debug|Any CPU
		{776FD549-F37B-A439-4B98-59D05AB60356}.Release|Any CPU.ActiveCfg = Release|Any CPU
		{776FD549-F37B-A439-4B98-59D05AB60356}.Release|Any CPU.Build.0 = Release|Any CPU
		{CB4410A0-6012-07C5-3C21-1E5A15854F55}.Debug|Any CPU.ActiveCfg = Debug|Any CPU
		{CB4410A0-6012-07C5-3C21-1E5A15854F55}.Debug|Any CPU.Build.0 = Debug|Any CPU
		{CB4410A0-6012-07C5-3C21-1E5A15854F55}.Release|Any CPU.ActiveCfg = Release|Any CPU
		{CB4410A0-6012-07C5-3C21-1E5A15854F55}.Release|Any CPU.Build.0 = Release|Any CPU
		{8A08A00C-2CC6-23F7-E176-0E1C0490CA87}.Debug|Any CPU.ActiveCfg = Debug|Any CPU
		{8A08A00C-2CC6-23F7-E176-0E1C0490CA87}.Debug|Any CPU.Build.0 = Debug|Any CPU
		{8A08A00C-2CC6-23F7-E176-0E1C0490CA87}.Release|Any CPU.ActiveCfg = Release|Any CPU
		{8A08A00C-2CC6-23F7-E176-0E1C0490CA87}.Release|Any CPU.Build.0 = Release|Any CPU
		{39376AAE-E3F9-BEE5-B068-807BA4FFF81D}.Debug|Any CPU.ActiveCfg = Debug|Any CPU
		{39376AAE-E3F9-BEE5-B068-807BA4FFF81D}.Debug|Any CPU.Build.0 = Debug|Any CPU
		{39376AAE-E3F9-BEE5-B068-807BA4FFF81D}.Release|Any CPU.ActiveCfg = Release|Any CPU
		{39376AAE-E3F9-BEE5-B068-807BA4FFF81D}.Release|Any CPU.Build.0 = Release|Any CPU
		{2715D543-16C5-68D5-C565-747B346E9A5E}.Debug|Any CPU.ActiveCfg = Debug|Any CPU
		{2715D543-16C5-68D5-C565-747B346E9A5E}.Debug|Any CPU.Build.0 = Debug|Any CPU
		{2715D543-16C5-68D5-C565-747B346E9A5E}.Release|Any CPU.ActiveCfg = Release|Any CPU
		{2715D543-16C5-68D5-C565-747B346E9A5E}.Release|Any CPU.Build.0 = Release|Any CPU
		{57298017-A234-A406-1D3F-4331C3C3F8F8}.Debug|Any CPU.ActiveCfg = Debug|Any CPU
		{57298017-A234-A406-1D3F-4331C3C3F8F8}.Debug|Any CPU.Build.0 = Debug|Any CPU
		{57298017-A234-A406-1D3F-4331C3C3F8F8}.Release|Any CPU.ActiveCfg = Release|Any CPU
		{57298017-A234-A406-1D3F-4331C3C3F8F8}.Release|Any CPU.Build.0 = Release|Any CPU
		{B7886C46-29DD-FBAF-8EA2-296C984746F8}.Debug|Any CPU.ActiveCfg = Debug|Any CPU
		{B7886C46-29DD-FBAF-8EA2-296C984746F8}.Debug|Any CPU.Build.0 = Debug|Any CPU
		{B7886C46-29DD-FBAF-8EA2-296C984746F8}.Release|Any CPU.ActiveCfg = Release|Any CPU
		{B7886C46-29DD-FBAF-8EA2-296C984746F8}.Release|Any CPU.Build.0 = Release|Any CPU
		{59945526-4D2B-3FE3-7F6E-0F1B6CDF1AA7}.Debug|Any CPU.ActiveCfg = Debug|Any CPU
		{59945526-4D2B-3FE3-7F6E-0F1B6CDF1AA7}.Debug|Any CPU.Build.0 = Debug|Any CPU
		{59945526-4D2B-3FE3-7F6E-0F1B6CDF1AA7}.Release|Any CPU.ActiveCfg = Release|Any CPU
		{59945526-4D2B-3FE3-7F6E-0F1B6CDF1AA7}.Release|Any CPU.Build.0 = Release|Any CPU
		{214DE6EA-1B97-5511-EF82-A155A18E1A09}.Debug|Any CPU.ActiveCfg = Debug|Any CPU
		{214DE6EA-1B97-5511-EF82-A155A18E1A09}.Debug|Any CPU.Build.0 = Debug|Any CPU
		{214DE6EA-1B97-5511-EF82-A155A18E1A09}.Release|Any CPU.ActiveCfg = Release|Any CPU
		{214DE6EA-1B97-5511-EF82-A155A18E1A09}.Release|Any CPU.Build.0 = Release|Any CPU
		{A7A23C5F-8CA2-2C2E-5270-C61B36ABEC10}.Debug|Any CPU.ActiveCfg = Debug|Any CPU
		{A7A23C5F-8CA2-2C2E-5270-C61B36ABEC10}.Debug|Any CPU.Build.0 = Debug|Any CPU
		{A7A23C5F-8CA2-2C2E-5270-C61B36ABEC10}.Release|Any CPU.ActiveCfg = Release|Any CPU
		{A7A23C5F-8CA2-2C2E-5270-C61B36ABEC10}.Release|Any CPU.Build.0 = Release|Any CPU
		{20CEDC7C-DF7F-3A39-A986-1C9B8BB43F6C}.Debug|Any CPU.ActiveCfg = Debug|Any CPU
		{20CEDC7C-DF7F-3A39-A986-1C9B8BB43F6C}.Debug|Any CPU.Build.0 = Debug|Any CPU
		{20CEDC7C-DF7F-3A39-A986-1C9B8BB43F6C}.Release|Any CPU.ActiveCfg = Release|Any CPU
		{20CEDC7C-DF7F-3A39-A986-1C9B8BB43F6C}.Release|Any CPU.Build.0 = Release|Any CPU
		{0164A325-4769-1779-A9D4-91876CB6EBA1}.Debug|Any CPU.ActiveCfg = Debug|Any CPU
		{0164A325-4769-1779-A9D4-91876CB6EBA1}.Debug|Any CPU.Build.0 = Debug|Any CPU
		{0164A325-4769-1779-A9D4-91876CB6EBA1}.Release|Any CPU.ActiveCfg = Release|Any CPU
		{0164A325-4769-1779-A9D4-91876CB6EBA1}.Release|Any CPU.Build.0 = Release|Any CPU
		{FE169935-A2EE-D4BC-B142-8276F8BE7E03}.Debug|Any CPU.ActiveCfg = Debug|Any CPU
		{FE169935-A2EE-D4BC-B142-8276F8BE7E03}.Debug|Any CPU.Build.0 = Debug|Any CPU
		{FE169935-A2EE-D4BC-B142-8276F8BE7E03}.Release|Any CPU.ActiveCfg = Release|Any CPU
		{FE169935-A2EE-D4BC-B142-8276F8BE7E03}.Release|Any CPU.Build.0 = Release|Any CPU
		{AF7C7196-3A4E-651B-CC80-B7A3E5CB1A2C}.Debug|Any CPU.ActiveCfg = Debug|Any CPU
		{AF7C7196-3A4E-651B-CC80-B7A3E5CB1A2C}.Debug|Any CPU.Build.0 = Debug|Any CPU
		{AF7C7196-3A4E-651B-CC80-B7A3E5CB1A2C}.Release|Any CPU.ActiveCfg = Release|Any CPU
		{AF7C7196-3A4E-651B-CC80-B7A3E5CB1A2C}.Release|Any CPU.Build.0 = Release|Any CPU
		{C564F851-E878-1A81-3809-852BC406EF83}.Debug|Any CPU.ActiveCfg = Debug|Any CPU
		{C564F851-E878-1A81-3809-852BC406EF83}.Debug|Any CPU.Build.0 = Debug|Any CPU
		{C564F851-E878-1A81-3809-852BC406EF83}.Release|Any CPU.ActiveCfg = Release|Any CPU
		{C564F851-E878-1A81-3809-852BC406EF83}.Release|Any CPU.Build.0 = Release|Any CPU
		{595D50DB-C08A-0569-20B8-5CA1B38004AA}.Debug|Any CPU.ActiveCfg = Debug|Any CPU
		{595D50DB-C08A-0569-20B8-5CA1B38004AA}.Debug|Any CPU.Build.0 = Debug|Any CPU
		{595D50DB-C08A-0569-20B8-5CA1B38004AA}.Release|Any CPU.ActiveCfg = Release|Any CPU
		{595D50DB-C08A-0569-20B8-5CA1B38004AA}.Release|Any CPU.Build.0 = Release|Any CPU
		{0331ECFA-61CF-B250-3494-B2C44546E425}.Debug|Any CPU.ActiveCfg = Debug|Any CPU
		{0331ECFA-61CF-B250-3494-B2C44546E425}.Debug|Any CPU.Build.0 = Debug|Any CPU
		{0331ECFA-61CF-B250-3494-B2C44546E425}.Release|Any CPU.ActiveCfg = Release|Any CPU
		{0331ECFA-61CF-B250-3494-B2C44546E425}.Release|Any CPU.Build.0 = Release|Any CPU
		{7F890C32-1C86-9E47-FFC1-1CB4921D5175}.Debug|Any CPU.ActiveCfg = Debug|Any CPU
		{7F890C32-1C86-9E47-FFC1-1CB4921D5175}.Debug|Any CPU.Build.0 = Debug|Any CPU
		{7F890C32-1C86-9E47-FFC1-1CB4921D5175}.Release|Any CPU.ActiveCfg = Release|Any CPU
		{7F890C32-1C86-9E47-FFC1-1CB4921D5175}.Release|Any CPU.Build.0 = Release|Any CPU
		{8AEC48B1-ACCF-93DC-4C2A-6AA3531E9A06}.Debug|Any CPU.ActiveCfg = Debug|Any CPU
		{8AEC48B1-ACCF-93DC-4C2A-6AA3531E9A06}.Debug|Any CPU.Build.0 = Debug|Any CPU
		{8AEC48B1-ACCF-93DC-4C2A-6AA3531E9A06}.Release|Any CPU.ActiveCfg = Release|Any CPU
		{8AEC48B1-ACCF-93DC-4C2A-6AA3531E9A06}.Release|Any CPU.Build.0 = Release|Any CPU
		{B96070CB-EF8F-7000-9398-B1B7EDE5E20A}.Debug|Any CPU.ActiveCfg = Debug|Any CPU
		{B96070CB-EF8F-7000-9398-B1B7EDE5E20A}.Debug|Any CPU.Build.0 = Debug|Any CPU
		{B96070CB-EF8F-7000-9398-B1B7EDE5E20A}.Release|Any CPU.ActiveCfg = Release|Any CPU
		{B96070CB-EF8F-7000-9398-B1B7EDE5E20A}.Release|Any CPU.Build.0 = Release|Any CPU
		{E59ABB2C-36D6-C1D0-9C99-1BD32221FCBD}.Debug|Any CPU.ActiveCfg = Debug|Any CPU
		{E59ABB2C-36D6-C1D0-9C99-1BD32221FCBD}.Debug|Any CPU.Build.0 = Debug|Any CPU
		{E59ABB2C-36D6-C1D0-9C99-1BD32221FCBD}.Release|Any CPU.ActiveCfg = Release|Any CPU
		{E59ABB2C-36D6-C1D0-9C99-1BD32221FCBD}.Release|Any CPU.Build.0 = Release|Any CPU
		{86337BEA-9F09-6112-755C-1457842405D9}.Debug|Any CPU.ActiveCfg = Debug|Any CPU
		{86337BEA-9F09-6112-755C-1457842405D9}.Debug|Any CPU.Build.0 = Debug|Any CPU
		{86337BEA-9F09-6112-755C-1457842405D9}.Release|Any CPU.ActiveCfg = Release|Any CPU
		{86337BEA-9F09-6112-755C-1457842405D9}.Release|Any CPU.Build.0 = Release|Any CPU
		{A91FD2F6-F44D-D935-FEC9-D3A9C3D3DB9C}.Debug|Any CPU.ActiveCfg = Debug|Any CPU
		{A91FD2F6-F44D-D935-FEC9-D3A9C3D3DB9C}.Debug|Any CPU.Build.0 = Debug|Any CPU
		{A91FD2F6-F44D-D935-FEC9-D3A9C3D3DB9C}.Release|Any CPU.ActiveCfg = Release|Any CPU
		{A91FD2F6-F44D-D935-FEC9-D3A9C3D3DB9C}.Release|Any CPU.Build.0 = Release|Any CPU
		{CB956FDF-20FC-D5C3-4AC2-D45E3A87A2C2}.Debug|Any CPU.ActiveCfg = Debug|Any CPU
		{CB956FDF-20FC-D5C3-4AC2-D45E3A87A2C2}.Debug|Any CPU.Build.0 = Debug|Any CPU
		{CB956FDF-20FC-D5C3-4AC2-D45E3A87A2C2}.Release|Any CPU.ActiveCfg = Release|Any CPU
		{CB956FDF-20FC-D5C3-4AC2-D45E3A87A2C2}.Release|Any CPU.Build.0 = Release|Any CPU
		{57E2A791-961A-DFDD-B638-3E9D839F5BC8}.Debug|Any CPU.ActiveCfg = Debug|Any CPU
		{57E2A791-961A-DFDD-B638-3E9D839F5BC8}.Debug|Any CPU.Build.0 = Debug|Any CPU
		{57E2A791-961A-DFDD-B638-3E9D839F5BC8}.Release|Any CPU.ActiveCfg = Release|Any CPU
		{57E2A791-961A-DFDD-B638-3E9D839F5BC8}.Release|Any CPU.Build.0 = Release|Any CPU
		{FE65AAB8-AD83-51B1-A69B-DD91D8C9C2B3}.Debug|Any CPU.ActiveCfg = Debug|Any CPU
		{FE65AAB8-AD83-51B1-A69B-DD91D8C9C2B3}.Debug|Any CPU.Build.0 = Debug|Any CPU
		{FE65AAB8-AD83-51B1-A69B-DD91D8C9C2B3}.Release|Any CPU.ActiveCfg = Release|Any CPU
		{FE65AAB8-AD83-51B1-A69B-DD91D8C9C2B3}.Release|Any CPU.Build.0 = Release|Any CPU
		{B0F173B1-1F43-1E98-3ACF-5119F49FCAD1}.Debug|Any CPU.ActiveCfg = Debug|Any CPU
		{B0F173B1-1F43-1E98-3ACF-5119F49FCAD1}.Debug|Any CPU.Build.0 = Debug|Any CPU
		{B0F173B1-1F43-1E98-3ACF-5119F49FCAD1}.Release|Any CPU.ActiveCfg = Release|Any CPU
		{B0F173B1-1F43-1E98-3ACF-5119F49FCAD1}.Release|Any CPU.Build.0 = Release|Any CPU
		{520A118D-3EE1-AA06-5AAB-6982873189CA}.Debug|Any CPU.ActiveCfg = Debug|Any CPU
		{520A118D-3EE1-AA06-5AAB-6982873189CA}.Debug|Any CPU.Build.0 = Debug|Any CPU
		{520A118D-3EE1-AA06-5AAB-6982873189CA}.Release|Any CPU.ActiveCfg = Release|Any CPU
		{520A118D-3EE1-AA06-5AAB-6982873189CA}.Release|Any CPU.Build.0 = Release|Any CPU
		{41C3E85E-0689-CB45-6504-61CC0A7F02CC}.Debug|Any CPU.ActiveCfg = Debug|Any CPU
		{41C3E85E-0689-CB45-6504-61CC0A7F02CC}.Debug|Any CPU.Build.0 = Debug|Any CPU
		{41C3E85E-0689-CB45-6504-61CC0A7F02CC}.Release|Any CPU.ActiveCfg = Release|Any CPU
		{41C3E85E-0689-CB45-6504-61CC0A7F02CC}.Release|Any CPU.Build.0 = Release|Any CPU
		{C9CBAB62-4458-A839-B188-4A132B0A74FE}.Debug|Any CPU.ActiveCfg = Debug|Any CPU
		{C9CBAB62-4458-A839-B188-4A132B0A74FE}.Debug|Any CPU.Build.0 = Debug|Any CPU
		{C9CBAB62-4458-A839-B188-4A132B0A74FE}.Release|Any CPU.ActiveCfg = Release|Any CPU
		{C9CBAB62-4458-A839-B188-4A132B0A74FE}.Release|Any CPU.Build.0 = Release|Any CPU
		{D17E9198-0ACB-446E-32B1-762C1AC48ABD}.Debug|Any CPU.ActiveCfg = Debug|Any CPU
		{D17E9198-0ACB-446E-32B1-762C1AC48ABD}.Debug|Any CPU.Build.0 = Debug|Any CPU
		{D17E9198-0ACB-446E-32B1-762C1AC48ABD}.Release|Any CPU.ActiveCfg = Release|Any CPU
		{D17E9198-0ACB-446E-32B1-762C1AC48ABD}.Release|Any CPU.Build.0 = Release|Any CPU
		{2A2E22D1-72F8-6A84-34B9-EBB15DF7B8D9}.Debug|Any CPU.ActiveCfg = Debug|Any CPU
		{2A2E22D1-72F8-6A84-34B9-EBB15DF7B8D9}.Debug|Any CPU.Build.0 = Debug|Any CPU
		{2A2E22D1-72F8-6A84-34B9-EBB15DF7B8D9}.Release|Any CPU.ActiveCfg = Release|Any CPU
		{2A2E22D1-72F8-6A84-34B9-EBB15DF7B8D9}.Release|Any CPU.Build.0 = Release|Any CPU
		{268A0F1A-2141-C880-FC8D-3D8003E672CA}.Debug|Any CPU.ActiveCfg = Debug|Any CPU
		{268A0F1A-2141-C880-FC8D-3D8003E672CA}.Debug|Any CPU.Build.0 = Debug|Any CPU
		{268A0F1A-2141-C880-FC8D-3D8003E672CA}.Release|Any CPU.ActiveCfg = Release|Any CPU
		{268A0F1A-2141-C880-FC8D-3D8003E672CA}.Release|Any CPU.Build.0 = Release|Any CPU
		{0BD26C49-13B5-58BB-266E-0A2256F8D108}.Debug|Any CPU.ActiveCfg = Debug|Any CPU
		{0BD26C49-13B5-58BB-266E-0A2256F8D108}.Debug|Any CPU.Build.0 = Debug|Any CPU
		{0BD26C49-13B5-58BB-266E-0A2256F8D108}.Release|Any CPU.ActiveCfg = Release|Any CPU
		{0BD26C49-13B5-58BB-266E-0A2256F8D108}.Release|Any CPU.Build.0 = Release|Any CPU
		{3FE55285-6C2F-9928-52B2-D2E0A1EEE20B}.Debug|Any CPU.ActiveCfg = Debug|Any CPU
		{3FE55285-6C2F-9928-52B2-D2E0A1EEE20B}.Debug|Any CPU.Build.0 = Debug|Any CPU
		{3FE55285-6C2F-9928-52B2-D2E0A1EEE20B}.Release|Any CPU.ActiveCfg = Release|Any CPU
		{3FE55285-6C2F-9928-52B2-D2E0A1EEE20B}.Release|Any CPU.Build.0 = Release|Any CPU
		{18B57885-803F-A339-98B2-F98E01C30FBB}.Debug|Any CPU.ActiveCfg = Debug|Any CPU
		{18B57885-803F-A339-98B2-F98E01C30FBB}.Debug|Any CPU.Build.0 = Debug|Any CPU
		{18B57885-803F-A339-98B2-F98E01C30FBB}.Release|Any CPU.ActiveCfg = Release|Any CPU
		{18B57885-803F-A339-98B2-F98E01C30FBB}.Release|Any CPU.Build.0 = Release|Any CPU
		{28187BD0-009C-9DC0-0FF1-A2DFA94B5792}.Debug|Any CPU.ActiveCfg = Debug|Any CPU
		{28187BD0-009C-9DC0-0FF1-A2DFA94B5792}.Debug|Any CPU.Build.0 = Debug|Any CPU
		{28187BD0-009C-9DC0-0FF1-A2DFA94B5792}.Release|Any CPU.ActiveCfg = Release|Any CPU
		{28187BD0-009C-9DC0-0FF1-A2DFA94B5792}.Release|Any CPU.Build.0 = Release|Any CPU
		{97F86691-3216-0C63-6F23-1B715DB93F85}.Debug|Any CPU.ActiveCfg = Debug|Any CPU
		{97F86691-3216-0C63-6F23-1B715DB93F85}.Debug|Any CPU.Build.0 = Debug|Any CPU
		{97F86691-3216-0C63-6F23-1B715DB93F85}.Release|Any CPU.ActiveCfg = Release|Any CPU
		{97F86691-3216-0C63-6F23-1B715DB93F85}.Release|Any CPU.Build.0 = Release|Any CPU
		{E672E687-810F-7866-FB41-601C50CEBF38}.Debug|Any CPU.ActiveCfg = Debug|Any CPU
		{E672E687-810F-7866-FB41-601C50CEBF38}.Debug|Any CPU.Build.0 = Debug|Any CPU
		{E672E687-810F-7866-FB41-601C50CEBF38}.Release|Any CPU.ActiveCfg = Release|Any CPU
		{E672E687-810F-7866-FB41-601C50CEBF38}.Release|Any CPU.Build.0 = Release|Any CPU
		{870DD722-0941-15ED-1528-9E53DED1A822}.Debug|Any CPU.ActiveCfg = Debug|Any CPU
		{870DD722-0941-15ED-1528-9E53DED1A822}.Debug|Any CPU.Build.0 = Debug|Any CPU
		{870DD722-0941-15ED-1528-9E53DED1A822}.Release|Any CPU.ActiveCfg = Release|Any CPU
		{870DD722-0941-15ED-1528-9E53DED1A822}.Release|Any CPU.Build.0 = Release|Any CPU
		{22856ADE-0113-75EF-D945-E0FB9BB0FCC7}.Debug|Any CPU.ActiveCfg = Debug|Any CPU
		{22856ADE-0113-75EF-D945-E0FB9BB0FCC7}.Debug|Any CPU.Build.0 = Debug|Any CPU
		{22856ADE-0113-75EF-D945-E0FB9BB0FCC7}.Release|Any CPU.ActiveCfg = Release|Any CPU
		{22856ADE-0113-75EF-D945-E0FB9BB0FCC7}.Release|Any CPU.Build.0 = Release|Any CPU
		{34099E2C-2141-513E-41C0-08B954B04AB5}.Debug|Any CPU.ActiveCfg = Debug|Any CPU
		{34099E2C-2141-513E-41C0-08B954B04AB5}.Debug|Any CPU.Build.0 = Debug|Any CPU
		{34099E2C-2141-513E-41C0-08B954B04AB5}.Release|Any CPU.ActiveCfg = Release|Any CPU
		{34099E2C-2141-513E-41C0-08B954B04AB5}.Release|Any CPU.Build.0 = Release|Any CPU
		{D9ED18D1-5F93-DCC0-67E1-1BD95D4CC4EB}.Debug|Any CPU.ActiveCfg = Debug|Any CPU
		{D9ED18D1-5F93-DCC0-67E1-1BD95D4CC4EB}.Debug|Any CPU.Build.0 = Debug|Any CPU
		{D9ED18D1-5F93-DCC0-67E1-1BD95D4CC4EB}.Release|Any CPU.ActiveCfg = Release|Any CPU
		{D9ED18D1-5F93-DCC0-67E1-1BD95D4CC4EB}.Release|Any CPU.Build.0 = Release|Any CPU
		{019084B7-460C-C3B0-4562-ED0318F5E688}.Debug|Any CPU.ActiveCfg = Debug|Any CPU
		{019084B7-460C-C3B0-4562-ED0318F5E688}.Debug|Any CPU.Build.0 = Debug|Any CPU
		{019084B7-460C-C3B0-4562-ED0318F5E688}.Release|Any CPU.ActiveCfg = Release|Any CPU
		{019084B7-460C-C3B0-4562-ED0318F5E688}.Release|Any CPU.Build.0 = Release|Any CPU
		{59BF77C7-2B39-9C60-0891-EAA3B20FDE0F}.Debug|Any CPU.ActiveCfg = Debug|Any CPU
		{59BF77C7-2B39-9C60-0891-EAA3B20FDE0F}.Debug|Any CPU.Build.0 = Debug|Any CPU
		{59BF77C7-2B39-9C60-0891-EAA3B20FDE0F}.Release|Any CPU.ActiveCfg = Release|Any CPU
		{59BF77C7-2B39-9C60-0891-EAA3B20FDE0F}.Release|Any CPU.Build.0 = Release|Any CPU
		{72783ED8-FA3A-794F-BF2F-C8E5E277C103}.Debug|Any CPU.ActiveCfg = Debug|Any CPU
		{72783ED8-FA3A-794F-BF2F-C8E5E277C103}.Debug|Any CPU.Build.0 = Debug|Any CPU
		{72783ED8-FA3A-794F-BF2F-C8E5E277C103}.Release|Any CPU.ActiveCfg = Release|Any CPU
		{72783ED8-FA3A-794F-BF2F-C8E5E277C103}.Release|Any CPU.Build.0 = Release|Any CPU
		{68BB3A9F-A9D9-0E2B-9A9E-E4AE8F2C91C0}.Debug|Any CPU.ActiveCfg = Debug|Any CPU
		{68BB3A9F-A9D9-0E2B-9A9E-E4AE8F2C91C0}.Debug|Any CPU.Build.0 = Debug|Any CPU
		{68BB3A9F-A9D9-0E2B-9A9E-E4AE8F2C91C0}.Release|Any CPU.ActiveCfg = Release|Any CPU
		{68BB3A9F-A9D9-0E2B-9A9E-E4AE8F2C91C0}.Release|Any CPU.Build.0 = Release|Any CPU
		{BF0C0A07-C937-60C8-010C-82384D58DBAC}.Debug|Any CPU.ActiveCfg = Debug|Any CPU
		{BF0C0A07-C937-60C8-010C-82384D58DBAC}.Debug|Any CPU.Build.0 = Debug|Any CPU
		{BF0C0A07-C937-60C8-010C-82384D58DBAC}.Release|Any CPU.ActiveCfg = Release|Any CPU
		{BF0C0A07-C937-60C8-010C-82384D58DBAC}.Release|Any CPU.Build.0 = Release|Any CPU
		{2913B330-4915-96CD-3FD0-30FAEBCC98C7}.Debug|Any CPU.ActiveCfg = Debug|Any CPU
		{2913B330-4915-96CD-3FD0-30FAEBCC98C7}.Debug|Any CPU.Build.0 = Debug|Any CPU
		{2913B330-4915-96CD-3FD0-30FAEBCC98C7}.Release|Any CPU.ActiveCfg = Release|Any CPU
		{2913B330-4915-96CD-3FD0-30FAEBCC98C7}.Release|Any CPU.Build.0 = Release|Any CPU
		{39B7C62F-53F8-3F5B-D015-589F64E2B11A}.Debug|Any CPU.ActiveCfg = Debug|Any CPU
		{39B7C62F-53F8-3F5B-D015-589F64E2B11A}.Debug|Any CPU.Build.0 = Debug|Any CPU
		{39B7C62F-53F8-3F5B-D015-589F64E2B11A}.Release|Any CPU.ActiveCfg = Release|Any CPU
		{39B7C62F-53F8-3F5B-D015-589F64E2B11A}.Release|Any CPU.Build.0 = Release|Any CPU
		{46433B73-6A1D-E2AD-5803-AE7397FE21AA}.Debug|Any CPU.ActiveCfg = Debug|Any CPU
		{46433B73-6A1D-E2AD-5803-AE7397FE21AA}.Debug|Any CPU.Build.0 = Debug|Any CPU
		{46433B73-6A1D-E2AD-5803-AE7397FE21AA}.Release|Any CPU.ActiveCfg = Release|Any CPU
		{46433B73-6A1D-E2AD-5803-AE7397FE21AA}.Release|Any CPU.Build.0 = Release|Any CPU
		{A00ABC81-D462-4C51-2B20-964C990C0589}.Debug|Any CPU.ActiveCfg = Debug|Any CPU
		{A00ABC81-D462-4C51-2B20-964C990C0589}.Debug|Any CPU.Build.0 = Debug|Any CPU
		{A00ABC81-D462-4C51-2B20-964C990C0589}.Release|Any CPU.ActiveCfg = Release|Any CPU
		{A00ABC81-D462-4C51-2B20-964C990C0589}.Release|Any CPU.Build.0 = Release|Any CPU
		{076ED543-6C00-D64C-7BC8-86798279A5F1}.Debug|Any CPU.ActiveCfg = Debug|Any CPU
		{076ED543-6C00-D64C-7BC8-86798279A5F1}.Debug|Any CPU.Build.0 = Debug|Any CPU
		{076ED543-6C00-D64C-7BC8-86798279A5F1}.Release|Any CPU.ActiveCfg = Release|Any CPU
		{076ED543-6C00-D64C-7BC8-86798279A5F1}.Release|Any CPU.Build.0 = Release|Any CPU
		{58D3A922-4C57-36C6-F38B-421E235BA285}.Debug|Any CPU.ActiveCfg = Debug|Any CPU
		{58D3A922-4C57-36C6-F38B-421E235BA285}.Debug|Any CPU.Build.0 = Debug|Any CPU
		{58D3A922-4C57-36C6-F38B-421E235BA285}.Release|Any CPU.ActiveCfg = Release|Any CPU
		{58D3A922-4C57-36C6-F38B-421E235BA285}.Release|Any CPU.Build.0 = Release|Any CPU
	EndGlobalSection
	GlobalSection(SolutionProperties) = preSolution
		HideSolutionNode = FALSE
	EndGlobalSection
EndGlobal
