
Microsoft Visual Studio Solution File, Format Version 12.00
# Visual Studio 15
Project("{FAE04EC0-301F-11D3-BF4B-00C04F79EFBC}") = "UnityEngine.UI", "UnityEngine.UI.csproj", "{EAB36C06-0D54-7388-CF5C-DF3F7974447F}"
EndProject
Project("{FAE04EC0-301F-11D3-BF4B-00C04F79EFBC}") = "Unity.RenderPipelines.Core.Runtime", "Unity.RenderPipelines.Core.Runtime.csproj", "{5DEF3031-39BE-8F4C-7E3A-F957D0D0D13D}"
EndProject
Project("{FAE04EC0-301F-11D3-BF4B-00C04F79EFBC}") = "UnityEngine.TestRunner", "UnityEngine.TestRunner.csproj", "{56997797-E310-AF69-6129-BC28F3E77751}"
EndProject
Project("{FAE04EC0-301F-11D3-BF4B-00C04F79EFBC}") = "Unity.VisualScripting.State", "Unity.VisualScripting.State.csproj", "{8E287151-4570-B1D0-9207-39DBE00EF6AE}"
EndProject
Project("{FAE04EC0-301F-11D3-BF4B-00C04F79EFBC}") = "Unity.RenderPipelines.Universal.Runtime", "Unity.RenderPipelines.Universal.Runtime.csproj", "{48A357F9-0C99-A4BA-D3E7-E40B8E303899}"
EndProject
Project("{FAE04EC0-301F-11D3-BF4B-00C04F79EFBC}") = "Unity.VisualScripting.Flow", "Unity.VisualScripting.Flow.csproj", "{C6693D46-EB28-12F5-E5CA-8F6EFB102D33}"
EndProject
Project("{FAE04EC0-301F-11D3-BF4B-00C04F79EFBC}") = "Unity.Multiplayer.Tools.NetStatsMonitor.Configuration", "Unity.Multiplayer.Tools.NetStatsMonitor.Configuration.csproj", "{AF48FB54-F321-C7CE-23CB-E0DE82825464}"
EndProject
Project("{FAE04EC0-301F-11D3-BF4B-00C04F79EFBC}") = "Unity.VisualScripting.Core", "Unity.VisualScripting.Core.csproj", "{47615228-77D3-9E5F-8819-74B25B654FC4}"
EndProject
Project("{FAE04EC0-301F-11D3-BF4B-00C04F79EFBC}") = "Unity.Multiplayer.Tools.Adapters", "Unity.Multiplayer.Tools.Adapters.csproj", "{135DD6AB-4417-E6E3-2E55-0DDA7EFAE417}"
EndProject
Project("{FAE04EC0-301F-11D3-BF4B-00C04F79EFBC}") = "Unity.2D.Animation.Runtime", "Unity.2D.Animation.Runtime.csproj", "{7F15B9A3-4062-5CF0-9506-91397E928531}"
EndProject
Project("{FAE04EC0-301F-11D3-BF4B-00C04F79EFBC}") = "Unity.TextMeshPro", "Unity.TextMeshPro.csproj", "{5FBC2818-503B-D45C-C19A-1492B6078530}"
EndProject
Project("{FAE04EC0-301F-11D3-BF4B-00C04F79EFBC}") = "Unity.Netcode.Runtime", "Unity.Netcode.Runtime.csproj", "{6DC63AA9-AA10-8896-7CFB-F4600C609A45}"
EndProject
Project("{FAE04EC0-301F-11D3-BF4B-00C04F79EFBC}") = "Unity.Burst", "Unity.Burst.csproj", "{78BFE8AF-35DA-7A66-7ED1-DD8E71FC79B6}"
EndProject
Project("{FAE04EC0-301F-11D3-BF4B-00C04F79EFBC}") = "Unity.RenderPipeline.Universal.ShaderLibrary", "Unity.RenderPipeline.Universal.ShaderLibrary.csproj", "{0F85164E-FE3C-78D6-7A65-1E213CA4A9DE}"
EndProject
Project("{FAE04EC0-301F-11D3-BF4B-00C04F79EFBC}") = "Unity.Multiplayer.Tools.MetricTypes", "Unity.Multiplayer.Tools.MetricTypes.csproj", "{F2EB2043-7A82-1007-5CE0-22350153F380}"
EndProject
Project("{FAE04EC0-301F-11D3-BF4B-00C04F79EFBC}") = "Unity.Multiplayer.Tools.NetStats", "Unity.Multiplayer.Tools.NetStats.csproj", "{89C723AC-59C6-75B4-D61A-BF1C5DD9728C}"
EndProject
Project("{FAE04EC0-301F-11D3-BF4B-00C04F79EFBC}") = "Unity.Multiplayer.Tools.NetStatsMonitor.Implementation", "Unity.Multiplayer.Tools.NetStatsMonitor.Implementation.csproj", "{642928F9-5E58-05DA-A9AC-F35292019D96}"
EndProject
Project("{FAE04EC0-301F-11D3-BF4B-00C04F79EFBC}") = "Assembly-CSharp", "Assembly-CSharp.csproj", "{40533EBC-A5C4-2EB7-1462-912595D4345C}"
EndProject
Project("{FAE04EC0-301F-11D3-BF4B-00C04F79EFBC}") = "Unity.2D.SpriteShape.Runtime", "Unity.2D.SpriteShape.Runtime.csproj", "{29A581C0-5C9C-86E4-C17E-99B6EE891A30}"
EndProject
Project("{FAE04EC0-301F-11D3-BF4B-00C04F79EFBC}") = "Unity.Collections", "Unity.Collections.csproj", "{2CEC0664-8F06-C2FE-84E9-2CD68BE7F88F}"
EndProject
Project("{FAE04EC0-301F-11D3-BF4B-00C04F79EFBC}") = "Unity.Timeline", "Unity.Timeline.csproj", "{BDA219B0-804F-6495-1026-6BBF27D1E418}"
EndProject
Project("{FAE04EC0-301F-11D3-BF4B-00C04F79EFBC}") = "Unity.Mathematics", "Unity.Mathematics.csproj", "{F46B9DC0-5013-C69D-0DE0-0AD11D1DCF01}"
EndProject
Project("{FAE04EC0-301F-11D3-BF4B-00C04F79EFBC}") = "Unity.Networking.Transport", "Unity.Networking.Transport.csproj", "{514BCBF7-1FAE-D95A-5323-5458E4FB14A3}"
EndProject
Project("{FAE04EC0-301F-11D3-BF4B-00C04F79EFBC}") = "Unity.Multiplayer.Tools.MetricTestData", "Unity.Multiplayer.Tools.MetricTestData.csproj", "{8FFB491B-9BE2-602F-9829-597F54A0D83D}"
EndProject
Project("{FAE04EC0-301F-11D3-BF4B-00C04F79EFBC}") = "Unity.Multiplayer.Tools.MetricEvents", "Unity.Multiplayer.Tools.MetricEvents.csproj", "{67BFB2FA-FAE9-E7BB-8F78-EB7349B1B31B}"
EndProject
Project("{FAE04EC0-301F-11D3-BF4B-00C04F79EFBC}") = "Unity.2D.PixelPerfect", "Unity.2D.PixelPerfect.csproj", "{28773EC8-668A-25E4-AE01-CA643CEDD5C4}"
EndProject
Project("{FAE04EC0-301F-11D3-BF4B-00C04F79EFBC}") = "Unity.Netcode.Components", "Unity.Netcode.Components.csproj", "{3A1E07D2-44B8-7F74-9DCF-4DA5F21FF818}"
EndProject
Project("{FAE04EC0-301F-11D3-BF4B-00C04F79EFBC}") = "Unity.Multiplayer.Tools.Common", "Unity.Multiplayer.Tools.Common.csproj", "{1741BFBE-3E25-5EBB-0E0A-A1D5255C2F4A}"
EndProject
Project("{FAE04EC0-301F-11D3-BF4B-00C04F79EFBC}") = "Unity.Multiplayer.Tools.NetStatsReporting", "Unity.Multiplayer.Tools.NetStatsReporting.csproj", "{F332DC70-2074-D6C7-3A39-5964C69D3F64}"
EndProject
Project("{FAE04EC0-301F-11D3-BF4B-00C04F79EFBC}") = "Unity.Multiplayer.Tools.NetworkProfiler.Runtime", "Unity.Multiplayer.Tools.NetworkProfiler.Runtime.csproj", "{2BA470BE-DC85-C877-E78D-C9B962E00959}"
EndProject
Project("{FAE04EC0-301F-11D3-BF4B-00C04F79EFBC}") = "Unity.2D.IK.Runtime", "Unity.2D.IK.Runtime.csproj", "{6E709342-A9B7-C90E-7C9F-3E84E053309C}"
EndProject
Project("{FAE04EC0-301F-11D3-BF4B-00C04F79EFBC}") = "Unity.2D.Common.Runtime", "Unity.2D.Common.Runtime.csproj", "{EEBC3351-09F7-BCA9-8C15-BB06C93FB46A}"
EndProject
Project("{FAE04EC0-301F-11D3-BF4B-00C04F79EFBC}") = "Unity.Multiplayer.Tools.Adapters.Ngo1", "Unity.Multiplayer.Tools.Adapters.Ngo1.csproj", "{9DC50266-EBB9-9989-0C43-C84B3E42D4BB}"
EndProject
Project("{FAE04EC0-301F-11D3-BF4B-00C04F79EFBC}") = "Unity.2D.Tilemap.Extras", "Unity.2D.Tilemap.Extras.csproj", "{8083DCD8-1BAF-BE26-9DEF-1C995709F251}"
EndProject
Project("{FAE04EC0-301F-11D3-BF4B-00C04F79EFBC}") = "Unity.Profiling.Core", "Unity.Profiling.Core.csproj", "{E0EE9BFC-9D27-5A6A-F4DD-76521F7619E6}"
EndProject
Project("{FAE04EC0-301F-11D3-BF4B-00C04F79EFBC}") = "Unity.Multiplayer.Tools.NetStatsMonitor.Component", "Unity.Multiplayer.Tools.NetStatsMonitor.Component.csproj", "{21768B64-0196-C4BC-D2E8-BB11D9F5A14E}"
EndProject
Project("{FAE04EC0-301F-11D3-BF4B-00C04F79EFBC}") = "Unity.Multiplayer.Tools.NetworkSolutionInterface", "Unity.Multiplayer.Tools.NetworkSolutionInterface.csproj", "{4CED3942-1EE5-377C-BC16-54D1D6DE334C}"
EndProject
Project("{FAE04EC0-301F-11D3-BF4B-00C04F79EFBC}") = "Unity.RenderPipelines.ShaderGraph.ShaderGraphLibrary", "Unity.RenderPipelines.ShaderGraph.ShaderGraphLibrary.csproj", "{22C0C765-71CC-6B3F-DAD9-FCE7E31A5A44}"
EndProject
Project("{FAE04EC0-301F-11D3-BF4B-00C04F79EFBC}") = "Unity.Multiplayer.Tools.Initialization", "Unity.Multiplayer.Tools.Initialization.csproj", "{85FDCFA4-22FB-08E7-F540-183EDCC89074}"
EndProject
Project("{FAE04EC0-301F-11D3-BF4B-00C04F79EFBC}") = "Unity.RenderPipelines.Core.ShaderLibrary", "Unity.RenderPipelines.Core.ShaderLibrary.csproj", "{E6A8EDEE-5F09-931B-4C14-20F83EAE5872}"
EndProject
Project("{FAE04EC0-301F-11D3-BF4B-00C04F79EFBC}") = "Unity.InternalAPIEngineBridge.001", "Unity.InternalAPIEngineBridge.001.csproj", "{8C9D7BE1-520F-C6A9-28D9-7EEA258F09D9}"
EndProject
Project("{FAE04EC0-301F-11D3-BF4B-00C04F79EFBC}") = "Unity.RenderPipelines.Universal.Shaders", "Unity.RenderPipelines.Universal.Shaders.csproj", "{5FF8A327-2328-A853-2C35-C6348710DE8F}"
EndProject
Project("{FAE04EC0-301F-11D3-BF4B-00C04F79EFBC}") = "Unity.PlasticSCM.Editor", "Unity.PlasticSCM.Editor.csproj", "{DEBB488D-8D29-1501-733B-C90FD35878AE}"
EndProject
Project("{FAE04EC0-301F-11D3-BF4B-00C04F79EFBC}") = "Unity.VisualScripting.Core.Editor", "Unity.VisualScripting.Core.Editor.csproj", "{8BDFBB91-33A4-BBBF-5C35-19F8871E9D70}"
EndProject
Project("{FAE04EC0-301F-11D3-BF4B-00C04F79EFBC}") = "Unity.ShaderGraph.Editor", "Unity.ShaderGraph.Editor.csproj", "{DA89321F-A189-BA51-99AD-374111C7ED68}"
EndProject
Project("{FAE04EC0-301F-11D3-BF4B-00C04F79EFBC}") = "Unity.Timeline.Editor", "Unity.Timeline.Editor.csproj", "{09071216-EE17-1F76-B37C-0333780C5F56}"
EndProject
Project("{FAE04EC0-301F-11D3-BF4B-00C04F79EFBC}") = "Unity.RenderPipelines.Universal.Editor", "Unity.RenderPipelines.Universal.Editor.csproj", "{A7DEF2E4-82AA-2D15-E537-1B90655F0198}"
EndProject
Project("{FAE04EC0-301F-11D3-BF4B-00C04F79EFBC}") = "Unity.TextMeshPro.Editor", "Unity.TextMeshPro.Editor.csproj", "{D003C01E-D32B-C77A-1A5A-771AD655D80D}"
EndProject
Project("{FAE04EC0-301F-11D3-BF4B-00C04F79EFBC}") = "Unity.Multiplayer.Tools.NetStats.Tests.Editor", "Unity.Multiplayer.Tools.NetStats.Tests.Editor.csproj", "{CAF058DB-9B6E-F474-AB32-41AFB7456742}"
EndProject
Project("{FAE04EC0-301F-11D3-BF4B-00C04F79EFBC}") = "Unity.2D.Animation.Editor", "Unity.2D.Animation.Editor.csproj", "{34EBC307-3402-E399-8300-581912093E09}"
EndProject
Project("{FAE04EC0-301F-11D3-BF4B-00C04F79EFBC}") = "Unity.VisualScripting.SettingsProvider.Editor", "Unity.VisualScripting.SettingsProvider.Editor.csproj", "{93B19A25-AC72-7925-7F0F-A5CEBA7EDD5D}"
EndProject
Project("{FAE04EC0-301F-11D3-BF4B-00C04F79EFBC}") = "UnityEditor.TestRunner", "UnityEditor.TestRunner.csproj", "{0EEEC463-2E67-2787-17D1-57EDDA1FD7E0}"
EndProject
Project("{FAE04EC0-301F-11D3-BF4B-00C04F79EFBC}") = "Unity.2D.Tilemap.Editor", "Unity.2D.Tilemap.Editor.csproj", "{6CD0115E-4356-6955-C36B-051BA705161B}"
EndProject
Project("{FAE04EC0-301F-11D3-BF4B-00C04F79EFBC}") = "Unity.VisualScripting.Flow.Editor", "Unity.VisualScripting.Flow.Editor.csproj", "{7E859510-D383-AD40-CB13-7847DABF7486}"
EndProject
Project("{FAE04EC0-301F-11D3-BF4B-00C04F79EFBC}") = "Unity.Multiplayer.Tools.NetworkProfiler.Editor", "Unity.Multiplayer.Tools.NetworkProfiler.Editor.csproj", "{10A58BF5-D212-5596-439D-FAD72531DEEE}"
EndProject
Project("{FAE04EC0-301F-11D3-BF4B-00C04F79EFBC}") = "Unity.Rider.Editor", "Unity.Rider.Editor.csproj", "{F0CBE43C-24A8-1C35-30BB-F767726D197B}"
EndProject
Project("{FAE04EC0-301F-11D3-BF4B-00C04F79EFBC}") = "Unity.2D.Path.Editor", "Unity.2D.Path.Editor.csproj", "{B58585E1-A9EC-E9F2-5B4B-E1597299BC8F}"
EndProject
Project("{FAE04EC0-301F-11D3-BF4B-00C04F79EFBC}") = "PsdPlugin", "PsdPlugin.csproj", "{BFF1CD99-23DC-A540-93A6-7BEEB520D7FF}"
EndProject
Project("{FAE04EC0-301F-11D3-BF4B-00C04F79EFBC}") = "Unity.RenderPipelines.Core.Editor", "Unity.RenderPipelines.Core.Editor.csproj", "{390CEE3F-0DE3-1AF1-ACEA-DB8F39151F13}"
EndProject
Project("{FAE04EC0-301F-11D3-BF4B-00C04F79EFBC}") = "Unity.Multiplayer.Tools.Editor", "Unity.Multiplayer.Tools.Editor.csproj", "{20268073-CCB3-DC0C-6854-6C6C9D771C88}"
EndProject
Project("{FAE04EC0-301F-11D3-BF4B-00C04F79EFBC}") = "Unity.2D.SpriteShape.Editor", "Unity.2D.SpriteShape.Editor.csproj", "{C85C7369-E04A-F901-7C8A-D56858D9930D}"
EndProject
Project("{FAE04EC0-301F-11D3-BF4B-00C04F79EFBC}") = "Unity.SysrootPackage.Editor", "Unity.SysrootPackage.Editor.csproj", "{429CA5D9-622B-9917-3CEE-0312E39F82A2}"
EndProject
Project("{FAE04EC0-301F-11D3-BF4B-00C04F79EFBC}") = "Unity.Burst.CodeGen", "Unity.Burst.CodeGen.csproj", "{88FBDD0D-764B-9DC6-4258-CEA4EEB60805}"
EndProject
Project("{FAE04EC0-301F-11D3-BF4B-00C04F79EFBC}") = "Unity.2D.PixelPerfect.Editor", "Unity.2D.PixelPerfect.Editor.csproj", "{5439759E-C9ED-582D-725E-7F282278A6AD}"
EndProject
Project("{FAE04EC0-301F-11D3-BF4B-00C04F79EFBC}") = "Unity.VSCode.Editor", "Unity.VSCode.Editor.csproj", "{575493B4-D3AC-47C6-1B52-91B6D517B056}"
EndProject
Project("{FAE04EC0-301F-11D3-BF4B-00C04F79EFBC}") = "Unity.Toolchain.Win-x86_64-Linux-x86_64", "Unity.Toolchain.Win-x86_64-Linux-x86_64.csproj", "{637AC07C-2299-1A42-6C8F-FC52D0A5479E}"
EndProject
Project("{FAE04EC0-301F-11D3-BF4B-00C04F79EFBC}") = "Unity.VisualStudio.Editor", "Unity.VisualStudio.Editor.csproj", "{4F77B194-2F20-4EFB-6BCE-DC7D11F40E3B}"
EndProject
Project("{FAE04EC0-301F-11D3-BF4B-00C04F79EFBC}") = "Unity.Multiplayer.Tools.NetStatsMonitor.Tests.Interface", "Unity.Multiplayer.Tools.NetStatsMonitor.Tests.Interface.csproj", "{C899D33E-17B4-07F4-0AD2-CB62B2BAB5B9}"
EndProject
Project("{FAE04EC0-301F-11D3-BF4B-00C04F79EFBC}") = "PPv2URPConverters", "PPv2URPConverters.csproj", "{99313867-B5C8-FC56-728C-9CBE244BF69A}"
EndProject
Project("{FAE04EC0-301F-11D3-BF4B-00C04F79EFBC}") = "Unity.Multiplayer.Tools.NetStats.CodeGen", "Unity.Multiplayer.Tools.NetStats.CodeGen.csproj", "{25014E76-EBAE-5E92-CFC0-65E368843B16}"
EndProject
Project("{FAE04EC0-301F-11D3-BF4B-00C04F79EFBC}") = "Unity.2D.Sprite.Editor", "Unity.2D.Sprite.Editor.csproj", "{8C4DB8AE-7239-D470-AB2B-3B70E743F7A5}"
EndProject
Project("{FAE04EC0-301F-11D3-BF4B-00C04F79EFBC}") = "Unity.2D.Common.Editor", "Unity.2D.Common.Editor.csproj", "{671D62D1-9937-A880-49B1-AA45328917AF}"
EndProject
Project("{FAE04EC0-301F-11D3-BF4B-00C04F79EFBC}") = "Unity.CollabProxy.Editor", "Unity.CollabProxy.Editor.csproj", "{B0048409-782A-72E4-C292-F0DF6B156117}"
EndProject
Project("{FAE04EC0-301F-11D3-BF4B-00C04F79EFBC}") = "Unity.Netcode.Editor", "Unity.Netcode.Editor.csproj", "{5FE8CB6D-CB50-630D-6F7F-1B69E6513644}"
EndProject
Project("{FAE04EC0-301F-11D3-BF4B-00C04F79EFBC}") = "Unity.2D.Psdimporter.Editor", "Unity.2D.Psdimporter.Editor.csproj", "{D0C907B1-411E-9089-6840-D48C993205D6}"
EndProject
Project("{FAE04EC0-301F-11D3-BF4B-00C04F79EFBC}") = "Unity.VisualScripting.State.Editor", "Unity.VisualScripting.State.Editor.csproj", "{8A95D682-4937-D8DB-9F61-B676BFB3A219}"
EndProject
Project("{FAE04EC0-301F-11D3-BF4B-00C04F79EFBC}") = "UnityEditor.UI", "UnityEditor.UI.csproj", "{1FF708D9-AE90-2ABF-1639-EDBAEC684044}"
EndProject
Project("{FAE04EC0-301F-11D3-BF4B-00C04F79EFBC}") = "Unity.Searcher.Editor", "Unity.Searcher.Editor.csproj", "{3560617F-1FCB-81FC-21E1-556A9C91BB57}"
EndProject
Project("{FAE04EC0-301F-11D3-BF4B-00C04F79EFBC}") = "Unity.Networking.Editor", "Unity.Networking.Editor.csproj", "{C4844908-FFDD-AFE2-E0F7-4FDDBEAD2073}"
EndProject
Project("{FAE04EC0-301F-11D3-BF4B-00C04F79EFBC}") = "Unity.Netcode.Editor.CodeGen", "Unity.Netcode.Editor.CodeGen.csproj", "{63AF4B8E-8948-FF9F-A1A8-49E5D175A854}"
EndProject
Project("{FAE04EC0-301F-11D3-BF4B-00C04F79EFBC}") = "Unity.Multiplayer.Tools.NetworkSolutionInterface.Tests.Editor", "Unity.Multiplayer.Tools.NetworkSolutionInterface.Tests.Editor.csproj", "{2281E3AD-B963-B038-41EB-A112BF74081A}"
EndProject
Project("{FAE04EC0-301F-11D3-BF4B-00C04F79EFBC}") = "Unity.Burst.Editor", "Unity.Burst.Editor.csproj", "{7C940505-1604-42A7-A4F5-93A8C5A2B5DF}"
EndProject
Project("{FAE04EC0-301F-11D3-BF4B-00C04F79EFBC}") = "Unity.Multiplayer.Tools.Tests.Editor", "Unity.Multiplayer.Tools.Tests.Editor.csproj", "{3A84587D-AF25-FF14-9D78-011B1DC999B6}"
EndProject
Project("{FAE04EC0-301F-11D3-BF4B-00C04F79EFBC}") = "Unity.2D.IK.Editor", "Unity.2D.IK.Editor.csproj", "{D4FF7727-3D13-2415-0DFD-B289CBF57292}"
EndProject
Project("{FAE04EC0-301F-11D3-BF4B-00C04F79EFBC}") = "Unity.Multiplayer.Tools.NetworkProfiler.Tests.Editor", "Unity.Multiplayer.Tools.NetworkProfiler.Tests.Editor.csproj", "{3FDC6C40-F08D-3B7A-D59B-471B6A5C0B40}"
EndProject
Project("{FAE04EC0-301F-11D3-BF4B-00C04F79EFBC}") = "Unity.Multiplayer.Tools.Common.Tests", "Unity.Multiplayer.Tools.Common.Tests.csproj", "{AE2AE551-B5BC-C0B1-6346-0F9D0E4994A3}"
EndProject
Project("{FAE04EC0-301F-11D3-BF4B-00C04F79EFBC}") = "Unity.Multiplayer.Tools.NetStatsMonitor.Tests.Implementation", "Unity.Multiplayer.Tools.NetStatsMonitor.Tests.Implementation.csproj", "{F027556C-BDBF-1F03-B5E8-2D7E92A4CA64}"
EndProject
Project("{FAE04EC0-301F-11D3-BF4B-00C04F79EFBC}") = "Unity.Multiplayer.Tools.NetStatsMonitor.Editor", "Unity.Multiplayer.Tools.NetStatsMonitor.Editor.csproj", "{2F7CEBC6-65E3-1396-7A3E-6794EA532911}"
EndProject
Project("{FAE04EC0-301F-11D3-BF4B-00C04F79EFBC}") = "Unity.ShaderGraph.Utilities", "Unity.ShaderGraph.Utilities.csproj", "{46174E7D-A3C1-BEB5-CFE0-9D942E724EE9}"
EndProject
Project("{FAE04EC0-301F-11D3-BF4B-00C04F79EFBC}") = "Unity.Sysroot.Linux_x86_64", "Unity.Sysroot.Linux_x86_64.csproj", "{8496C808-CC37-C783-153F-83ABE4A05A44}"
EndProject
Project("{FAE04EC0-301F-11D3-BF4B-00C04F79EFBC}") = "Unity.Mathematics.Editor", "Unity.Mathematics.Editor.csproj", "{FFB909C8-446E-6B51-11B9-B813A9226E18}"
EndProject
Project("{FAE04EC0-301F-11D3-BF4B-00C04F79EFBC}") = "Unity.Multiplayer.Tools.MetricTypes.Tests.Editor", "Unity.Multiplayer.Tools.MetricTypes.Tests.Editor.csproj", "{5CE98711-D0EE-3CB2-6050-004E468D1277}"
EndProject
Project("{FAE04EC0-301F-11D3-BF4B-00C04F79EFBC}") = "Unity.2D.Tilemap.Extras.Editor", "Unity.2D.Tilemap.Extras.Editor.csproj", "{32D84E97-7223-8924-F726-272F7946D541}"
EndProject
Project("{FAE04EC0-301F-11D3-BF4B-00C04F79EFBC}") = "Unity.InternalAPIEditorBridge.001", "Unity.InternalAPIEditorBridge.001.csproj", "{41547C47-AD8A-8F62-2668-C74357FFDDBE}"
EndProject
Project("{FAE04EC0-301F-11D3-BF4B-00C04F79EFBC}") = "Unity.Collections.DocCodeSamples", "Unity.Collections.DocCodeSamples.csproj", "{FD423B4C-3408-CB9D-4300-F1380D56536C}"
EndProject
Project("{FAE04EC0-301F-11D3-BF4B-00C04F79EFBC}") = "Unity.Netcode.Editor.PackageChecker", "Unity.Netcode.Editor.PackageChecker.csproj", "{971A32DB-3E39-4252-BE9D-7F2144F341B2}"
EndProject
Project("{FAE04EC0-301F-11D3-BF4B-00C04F79EFBC}") = "Unity.VisualScripting.Shared.Editor", "Unity.VisualScripting.Shared.Editor.csproj", "{21D8A2E6-2D87-A43E-DE5B-671989D82CAA}"
EndProject
Project("{FAE04EC0-301F-11D3-BF4B-00C04F79EFBC}") = "Unity.Collections.BurstCompatibilityGen", "Unity.Collections.BurstCompatibilityGen.csproj", "{C5EDA655-8D3D-E8BA-BF4D-AEB499FF4A50}"
EndProject
Project("{FAE04EC0-301F-11D3-BF4B-00C04F79EFBC}") = "UnityEngine.UI", "UnityEngine.UI.Player.csproj", "{130D7125-67D3-7880-29DB-2759D3E101F4}"
EndProject
Project("{FAE04EC0-301F-11D3-BF4B-00C04F79EFBC}") = "Unity.RenderPipelines.Core.Runtime", "Unity.RenderPipelines.Core.Runtime.Player.csproj", "{A0AB543E-F62D-F581-41DD-F4029865E13C}"
EndProject
Project("{FAE04EC0-301F-11D3-BF4B-00C04F79EFBC}") = "UnityEngine.TestRunner", "UnityEngine.TestRunner.Player.csproj", "{EA33C456-0DE5-4123-4E2F-26F36FC342E0}"
EndProject
Project("{FAE04EC0-301F-11D3-BF4B-00C04F79EFBC}") = "Unity.VisualScripting.State", "Unity.VisualScripting.State.Player.csproj", "{733A25AE-8AC8-F182-BA71-B9383FAA9632}"
EndProject
Project("{FAE04EC0-301F-11D3-BF4B-00C04F79EFBC}") = "Unity.RenderPipelines.Universal.Runtime", "Unity.RenderPipelines.Universal.Runtime.Player.csproj", "{142CCD2E-51FE-85D0-3420-133F7FF55445}"
EndProject
Project("{FAE04EC0-301F-11D3-BF4B-00C04F79EFBC}") = "Unity.VisualScripting.Flow", "Unity.VisualScripting.Flow.Player.csproj", "{E0E4F1C2-1B01-0E26-ECD1-1A587429F6FF}"
EndProject
Project("{FAE04EC0-301F-11D3-BF4B-00C04F79EFBC}") = "Unity.Multiplayer.Tools.NetStatsMonitor.Configuration", "Unity.Multiplayer.Tools.NetStatsMonitor.Configuration.Player.csproj", "{6945D641-C258-E2F1-A607-3129531BB745}"
EndProject
Project("{FAE04EC0-301F-11D3-BF4B-00C04F79EFBC}") = "Unity.VisualScripting.Core", "Unity.VisualScripting.Core.Player.csproj", "{C63345CB-AB37-769C-763C-42581EFBCF22}"
EndProject
Project("{FAE04EC0-301F-11D3-BF4B-00C04F79EFBC}") = "Unity.Multiplayer.Tools.Adapters", "Unity.Multiplayer.Tools.Adapters.Player.csproj", "{E1AF360B-EFAA-61FD-8E44-CA4ABE0064F8}"
EndProject
Project("{FAE04EC0-301F-11D3-BF4B-00C04F79EFBC}") = "Unity.2D.Animation.Runtime", "Unity.2D.Animation.Runtime.Player.csproj", "{31C1F47B-6A5D-9895-1AB9-8CCE81AAEB09}"
EndProject
Project("{FAE04EC0-301F-11D3-BF4B-00C04F79EFBC}") = "Unity.TextMeshPro", "Unity.TextMeshPro.Player.csproj", "{ED015EBF-014D-4ACF-AB09-B0B4A9DF0C57}"
EndProject
Project("{FAE04EC0-301F-11D3-BF4B-00C04F79EFBC}") = "Unity.Netcode.Runtime", "Unity.Netcode.Runtime.Player.csproj", "{20C9182C-FAE4-A720-EAF9-F7EB786A1635}"
EndProject
Project("{FAE04EC0-301F-11D3-BF4B-00C04F79EFBC}") = "Unity.Burst", "Unity.Burst.Player.csproj", "{6414A9B4-5D94-7DDF-8101-C9E9D347A8F1}"
EndProject
Project("{FAE04EC0-301F-11D3-BF4B-00C04F79EFBC}") = "Unity.RenderPipeline.Universal.ShaderLibrary", "Unity.RenderPipeline.Universal.ShaderLibrary.Player.csproj", "{39F11FBA-F271-8148-785A-A84A0BD96597}"
EndProject
Project("{FAE04EC0-301F-11D3-BF4B-00C04F79EFBC}") = "Unity.Multiplayer.Tools.MetricTypes", "Unity.Multiplayer.Tools.MetricTypes.Player.csproj", "{821EDEEE-01D3-8CBE-2F2A-14B3045ED4DB}"
EndProject
Project("{FAE04EC0-301F-11D3-BF4B-00C04F79EFBC}") = "Unity.Multiplayer.Tools.NetStats", "Unity.Multiplayer.Tools.NetStats.Player.csproj", "{614B8082-CE17-FA28-E85F-C2C318DBBB13}"
EndProject
Project("{FAE04EC0-301F-11D3-BF4B-00C04F79EFBC}") = "Unity.Multiplayer.Tools.NetStatsMonitor.Implementation", "Unity.Multiplayer.Tools.NetStatsMonitor.Implementation.Player.csproj", "{0B557D7D-BAAE-4FB4-3EE6-0D7E621FBC19}"
EndProject
Project("{FAE04EC0-301F-11D3-BF4B-00C04F79EFBC}") = "Assembly-CSharp", "Assembly-CSharp.Player.csproj", "{56A1144B-FD79-A597-674C-26154FED1242}"
EndProject
Project("{FAE04EC0-301F-11D3-BF4B-00C04F79EFBC}") = "Unity.2D.SpriteShape.Runtime", "Unity.2D.SpriteShape.Runtime.Player.csproj", "{494F3DF1-357C-D9FA-77A1-B808E1EE0FD5}"
EndProject
Project("{FAE04EC0-301F-11D3-BF4B-00C04F79EFBC}") = "Unity.Collections", "Unity.Collections.Player.csproj", "{E76E3CD9-00AF-BBBF-A241-B8AE21162FF8}"
EndProject
Project("{FAE04EC0-301F-11D3-BF4B-00C04F79EFBC}") = "Unity.Timeline", "Unity.Timeline.Player.csproj", "{2F2DF41E-6320-75F9-32AD-707B8D53E77E}"
EndProject
Project("{FAE04EC0-301F-11D3-BF4B-00C04F79EFBC}") = "Unity.Mathematics", "Unity.Mathematics.Player.csproj", "{7B736574-FC7F-8069-0DB2-56958BD08F7A}"
EndProject
Project("{FAE04EC0-301F-11D3-BF4B-00C04F79EFBC}") = "Unity.Networking.Transport", "Unity.Networking.Transport.Player.csproj", "{2A15B721-8E85-1374-31F8-632738B28F88}"
EndProject
Project("{FAE04EC0-301F-11D3-BF4B-00C04F79EFBC}") = "Unity.Multiplayer.Tools.MetricTestData", "Unity.Multiplayer.Tools.MetricTestData.Player.csproj", "{2622DC1D-F18F-B491-0D5E-3D0E11D92E18}"
EndProject
Project("{FAE04EC0-301F-11D3-BF4B-00C04F79EFBC}") = "Unity.Multiplayer.Tools.MetricEvents", "Unity.Multiplayer.Tools.MetricEvents.Player.csproj", "{B1B4ADE6-220E-C54C-EFDB-E46F740506A7}"
EndProject
Project("{FAE04EC0-301F-11D3-BF4B-00C04F79EFBC}") = "Unity.2D.PixelPerfect", "Unity.2D.PixelPerfect.Player.csproj", "{889A421F-07CC-381B-183F-9A3E08DDCC97}"
EndProject
Project("{FAE04EC0-301F-11D3-BF4B-00C04F79EFBC}") = "Unity.Netcode.Components", "Unity.Netcode.Components.Player.csproj", "{065B946F-73EB-B7C5-500D-A80D40A10F75}"
EndProject
Project("{FAE04EC0-301F-11D3-BF4B-00C04F79EFBC}") = "Unity.Multiplayer.Tools.Common", "Unity.Multiplayer.Tools.Common.Player.csproj", "{9B58F10C-344C-AF6B-E9A2-86447404D402}"
EndProject
Project("{FAE04EC0-301F-11D3-BF4B-00C04F79EFBC}") = "Unity.Multiplayer.Tools.NetStatsReporting", "Unity.Multiplayer.Tools.NetStatsReporting.Player.csproj", "{36A7945B-5EA6-33AB-7A81-273DC0601BDF}"
EndProject
Project("{FAE04EC0-301F-11D3-BF4B-00C04F79EFBC}") = "Unity.Multiplayer.Tools.NetworkProfiler.Runtime", "Unity.Multiplayer.Tools.NetworkProfiler.Runtime.Player.csproj", "{65A461E6-EAE3-4DA4-2202-FA28D47FCD17}"
EndProject
Project("{FAE04EC0-301F-11D3-BF4B-00C04F79EFBC}") = "Unity.2D.IK.Runtime", "Unity.2D.IK.Runtime.Player.csproj", "{00E3418D-263D-DCF6-0F7D-0F2065D8FFA4}"
EndProject
Project("{FAE04EC0-301F-11D3-BF4B-00C04F79EFBC}") = "Unity.2D.Common.Runtime", "Unity.2D.Common.Runtime.Player.csproj", "{8A675C23-69B3-ACB6-5ED9-4165F5A212CF}"
EndProject
Project("{FAE04EC0-301F-11D3-BF4B-00C04F79EFBC}") = "Unity.Multiplayer.Tools.Adapters.Ngo1", "Unity.Multiplayer.Tools.Adapters.Ngo1.Player.csproj", "{DF70EA42-52BF-A57B-2260-0F96490E8102}"
EndProject
Project("{FAE04EC0-301F-11D3-BF4B-00C04F79EFBC}") = "Unity.2D.Tilemap.Extras", "Unity.2D.Tilemap.Extras.Player.csproj", "{208E53C8-767C-E913-2167-88AF965D56D7}"
EndProject
Project("{FAE04EC0-301F-11D3-BF4B-00C04F79EFBC}") = "Unity.Profiling.Core", "Unity.Profiling.Core.Player.csproj", "{B05AB535-FD5B-9481-94FC-8A8340140B63}"
EndProject
Project("{FAE04EC0-301F-11D3-BF4B-00C04F79EFBC}") = "Unity.Multiplayer.Tools.NetStatsMonitor.Component", "Unity.Multiplayer.Tools.NetStatsMonitor.Component.Player.csproj", "{A22D4A35-6B65-30A4-C79E-8318FA7ECB12}"
EndProject
Project("{FAE04EC0-301F-11D3-BF4B-00C04F79EFBC}") = "Unity.Multiplayer.Tools.NetworkSolutionInterface", "Unity.Multiplayer.Tools.NetworkSolutionInterface.Player.csproj", "{31659A42-9748-84A3-6449-7645A106FC87}"
EndProject
Project("{FAE04EC0-301F-11D3-BF4B-00C04F79EFBC}") = "Unity.RenderPipelines.ShaderGraph.ShaderGraphLibrary", "Unity.RenderPipelines.ShaderGraph.ShaderGraphLibrary.Player.csproj", "{8E0E50D6-8D68-549C-A787-EFCDB1A7043F}"
EndProject
Project("{FAE04EC0-301F-11D3-BF4B-00C04F79EFBC}") = "Unity.Multiplayer.Tools.Initialization", "Unity.Multiplayer.Tools.Initialization.Player.csproj", "{00BA3AA5-537A-B8B2-2671-E755F3042FE3}"
EndProject
Project("{FAE04EC0-301F-11D3-BF4B-00C04F79EFBC}") = "Unity.RenderPipelines.Core.ShaderLibrary", "Unity.RenderPipelines.Core.ShaderLibrary.Player.csproj", "{2D5FD88F-B198-28D1-6766-FBB840E222D2}"
EndProject
Project("{FAE04EC0-301F-11D3-BF4B-00C04F79EFBC}") = "Unity.InternalAPIEngineBridge.001", "Unity.InternalAPIEngineBridge.001.Player.csproj", "{F577CD68-2B0E-5A06-CAE4-2502143AB16D}"
EndProject
Project("{FAE04EC0-301F-11D3-BF4B-00C04F79EFBC}") = "Unity.RenderPipelines.Universal.Shaders", "Unity.RenderPipelines.Universal.Shaders.Player.csproj", "{DC136210-5530-D375-2ACD-E0B3C35CE331}"
EndProject
Global
	GlobalSection(SolutionConfigurationPlatforms) = preSolution
		Debug|Any CPU = Debug|Any CPU
		Release|Any CPU = Release|Any CPU
	EndGlobalSection
	GlobalSection(ProjectConfigurationPlatforms) = postSolution
		{EAB36C06-0D54-7388-CF5C-DF3F7974447F}.Debug|Any CPU.ActiveCfg = Debug|Any CPU
		{EAB36C06-0D54-7388-CF5C-DF3F7974447F}.Debug|Any CPU.Build.0 = Debug|Any CPU
		{EAB36C06-0D54-7388-CF5C-DF3F7974447F}.Release|Any CPU.ActiveCfg = Release|Any CPU
		{EAB36C06-0D54-7388-CF5C-DF3F7974447F}.Release|Any CPU.Build.0 = Release|Any CPU
		{5DEF3031-39BE-8F4C-7E3A-F957D0D0D13D}.Debug|Any CPU.ActiveCfg = Debug|Any CPU
		{5DEF3031-39BE-8F4C-7E3A-F957D0D0D13D}.Debug|Any CPU.Build.0 = Debug|Any CPU
		{5DEF3031-39BE-8F4C-7E3A-F957D0D0D13D}.Release|Any CPU.ActiveCfg = Release|Any CPU
		{5DEF3031-39BE-8F4C-7E3A-F957D0D0D13D}.Release|Any CPU.Build.0 = Release|Any CPU
		{56997797-E310-AF69-6129-BC28F3E77751}.Debug|Any CPU.ActiveCfg = Debug|Any CPU
		{56997797-E310-AF69-6129-BC28F3E77751}.Debug|Any CPU.Build.0 = Debug|Any CPU
		{56997797-E310-AF69-6129-BC28F3E77751}.Release|Any CPU.ActiveCfg = Release|Any CPU
		{56997797-E310-AF69-6129-BC28F3E77751}.Release|Any CPU.Build.0 = Release|Any CPU
		{8E287151-4570-B1D0-9207-39DBE00EF6AE}.Debug|Any CPU.ActiveCfg = Debug|Any CPU
		{8E287151-4570-B1D0-9207-39DBE00EF6AE}.Debug|Any CPU.Build.0 = Debug|Any CPU
		{8E287151-4570-B1D0-9207-39DBE00EF6AE}.Release|Any CPU.ActiveCfg = Release|Any CPU
		{8E287151-4570-B1D0-9207-39DBE00EF6AE}.Release|Any CPU.Build.0 = Release|Any CPU
		{48A357F9-0C99-A4BA-D3E7-E40B8E303899}.Debug|Any CPU.ActiveCfg = Debug|Any CPU
		{48A357F9-0C99-A4BA-D3E7-E40B8E303899}.Debug|Any CPU.Build.0 = Debug|Any CPU
		{48A357F9-0C99-A4BA-D3E7-E40B8E303899}.Release|Any CPU.ActiveCfg = Release|Any CPU
		{48A357F9-0C99-A4BA-D3E7-E40B8E303899}.Release|Any CPU.Build.0 = Release|Any CPU
		{C6693D46-EB28-12F5-E5CA-8F6EFB102D33}.Debug|Any CPU.ActiveCfg = Debug|Any CPU
		{C6693D46-EB28-12F5-E5CA-8F6EFB102D33}.Debug|Any CPU.Build.0 = Debug|Any CPU
		{C6693D46-EB28-12F5-E5CA-8F6EFB102D33}.Release|Any CPU.ActiveCfg = Release|Any CPU
		{C6693D46-EB28-12F5-E5CA-8F6EFB102D33}.Release|Any CPU.Build.0 = Release|Any CPU
		{AF48FB54-F321-C7CE-23CB-E0DE82825464}.Debug|Any CPU.ActiveCfg = Debug|Any CPU
		{AF48FB54-F321-C7CE-23CB-E0DE82825464}.Debug|Any CPU.Build.0 = Debug|Any CPU
		{AF48FB54-F321-C7CE-23CB-E0DE82825464}.Release|Any CPU.ActiveCfg = Release|Any CPU
		{AF48FB54-F321-C7CE-23CB-E0DE82825464}.Release|Any CPU.Build.0 = Release|Any CPU
		{47615228-77D3-9E5F-8819-74B25B654FC4}.Debug|Any CPU.ActiveCfg = Debug|Any CPU
		{47615228-77D3-9E5F-8819-74B25B654FC4}.Debug|Any CPU.Build.0 = Debug|Any CPU
		{47615228-77D3-9E5F-8819-74B25B654FC4}.Release|Any CPU.ActiveCfg = Release|Any CPU
		{47615228-77D3-9E5F-8819-74B25B654FC4}.Release|Any CPU.Build.0 = Release|Any CPU
		{135DD6AB-4417-E6E3-2E55-0DDA7EFAE417}.Debug|Any CPU.ActiveCfg = Debug|Any CPU
		{135DD6AB-4417-E6E3-2E55-0DDA7EFAE417}.Debug|Any CPU.Build.0 = Debug|Any CPU
		{135DD6AB-4417-E6E3-2E55-0DDA7EFAE417}.Release|Any CPU.ActiveCfg = Release|Any CPU
		{135DD6AB-4417-E6E3-2E55-0DDA7EFAE417}.Release|Any CPU.Build.0 = Release|Any CPU
		{7F15B9A3-4062-5CF0-9506-91397E928531}.Debug|Any CPU.ActiveCfg = Debug|Any CPU
		{7F15B9A3-4062-5CF0-9506-91397E928531}.Debug|Any CPU.Build.0 = Debug|Any CPU
		{7F15B9A3-4062-5CF0-9506-91397E928531}.Release|Any CPU.ActiveCfg = Release|Any CPU
		{7F15B9A3-4062-5CF0-9506-91397E928531}.Release|Any CPU.Build.0 = Release|Any CPU
		{5FBC2818-503B-D45C-C19A-1492B6078530}.Debug|Any CPU.ActiveCfg = Debug|Any CPU
		{5FBC2818-503B-D45C-C19A-1492B6078530}.Debug|Any CPU.Build.0 = Debug|Any CPU
		{5FBC2818-503B-D45C-C19A-1492B6078530}.Release|Any CPU.ActiveCfg = Release|Any CPU
		{5FBC2818-503B-D45C-C19A-1492B6078530}.Release|Any CPU.Build.0 = Release|Any CPU
		{6DC63AA9-AA10-8896-7CFB-F4600C609A45}.Debug|Any CPU.ActiveCfg = Debug|Any CPU
		{6DC63AA9-AA10-8896-7CFB-F4600C609A45}.Debug|Any CPU.Build.0 = Debug|Any CPU
		{6DC63AA9-AA10-8896-7CFB-F4600C609A45}.Release|Any CPU.ActiveCfg = Release|Any CPU
		{6DC63AA9-AA10-8896-7CFB-F4600C609A45}.Release|Any CPU.Build.0 = Release|Any CPU
		{78BFE8AF-35DA-7A66-7ED1-DD8E71FC79B6}.Debug|Any CPU.ActiveCfg = Debug|Any CPU
		{78BFE8AF-35DA-7A66-7ED1-DD8E71FC79B6}.Debug|Any CPU.Build.0 = Debug|Any CPU
		{78BFE8AF-35DA-7A66-7ED1-DD8E71FC79B6}.Release|Any CPU.ActiveCfg = Release|Any CPU
		{78BFE8AF-35DA-7A66-7ED1-DD8E71FC79B6}.Release|Any CPU.Build.0 = Release|Any CPU
		{0F85164E-FE3C-78D6-7A65-1E213CA4A9DE}.Debug|Any CPU.ActiveCfg = Debug|Any CPU
		{0F85164E-FE3C-78D6-7A65-1E213CA4A9DE}.Debug|Any CPU.Build.0 = Debug|Any CPU
		{0F85164E-FE3C-78D6-7A65-1E213CA4A9DE}.Release|Any CPU.ActiveCfg = Release|Any CPU
		{0F85164E-FE3C-78D6-7A65-1E213CA4A9DE}.Release|Any CPU.Build.0 = Release|Any CPU
		{F2EB2043-7A82-1007-5CE0-22350153F380}.Debug|Any CPU.ActiveCfg = Debug|Any CPU
		{F2EB2043-7A82-1007-5CE0-22350153F380}.Debug|Any CPU.Build.0 = Debug|Any CPU
		{F2EB2043-7A82-1007-5CE0-22350153F380}.Release|Any CPU.ActiveCfg = Release|Any CPU
		{F2EB2043-7A82-1007-5CE0-22350153F380}.Release|Any CPU.Build.0 = Release|Any CPU
		{89C723AC-59C6-75B4-D61A-BF1C5DD9728C}.Debug|Any CPU.ActiveCfg = Debug|Any CPU
		{89C723AC-59C6-75B4-D61A-BF1C5DD9728C}.Debug|Any CPU.Build.0 = Debug|Any CPU
		{89C723AC-59C6-75B4-D61A-BF1C5DD9728C}.Release|Any CPU.ActiveCfg = Release|Any CPU
		{89C723AC-59C6-75B4-D61A-BF1C5DD9728C}.Release|Any CPU.Build.0 = Release|Any CPU
		{642928F9-5E58-05DA-A9AC-F35292019D96}.Debug|Any CPU.ActiveCfg = Debug|Any CPU
		{642928F9-5E58-05DA-A9AC-F35292019D96}.Debug|Any CPU.Build.0 = Debug|Any CPU
		{642928F9-5E58-05DA-A9AC-F35292019D96}.Release|Any CPU.ActiveCfg = Release|Any CPU
		{642928F9-5E58-05DA-A9AC-F35292019D96}.Release|Any CPU.Build.0 = Release|Any CPU
		{40533EBC-A5C4-2EB7-1462-912595D4345C}.Debug|Any CPU.ActiveCfg = Debug|Any CPU
		{40533EBC-A5C4-2EB7-1462-912595D4345C}.Debug|Any CPU.Build.0 = Debug|Any CPU
		{40533EBC-A5C4-2EB7-1462-912595D4345C}.Release|Any CPU.ActiveCfg = Release|Any CPU
		{40533EBC-A5C4-2EB7-1462-912595D4345C}.Release|Any CPU.Build.0 = Release|Any CPU
		{29A581C0-5C9C-86E4-C17E-99B6EE891A30}.Debug|Any CPU.ActiveCfg = Debug|Any CPU
		{29A581C0-5C9C-86E4-C17E-99B6EE891A30}.Debug|Any CPU.Build.0 = Debug|Any CPU
		{29A581C0-5C9C-86E4-C17E-99B6EE891A30}.Release|Any CPU.ActiveCfg = Release|Any CPU
		{29A581C0-5C9C-86E4-C17E-99B6EE891A30}.Release|Any CPU.Build.0 = Release|Any CPU
		{2CEC0664-8F06-C2FE-84E9-2CD68BE7F88F}.Debug|Any CPU.ActiveCfg = Debug|Any CPU
		{2CEC0664-8F06-C2FE-84E9-2CD68BE7F88F}.Debug|Any CPU.Build.0 = Debug|Any CPU
		{2CEC0664-8F06-C2FE-84E9-2CD68BE7F88F}.Release|Any CPU.ActiveCfg = Release|Any CPU
		{2CEC0664-8F06-C2FE-84E9-2CD68BE7F88F}.Release|Any CPU.Build.0 = Release|Any CPU
		{BDA219B0-804F-6495-1026-6BBF27D1E418}.Debug|Any CPU.ActiveCfg = Debug|Any CPU
		{BDA219B0-804F-6495-1026-6BBF27D1E418}.Debug|Any CPU.Build.0 = Debug|Any CPU
		{BDA219B0-804F-6495-1026-6BBF27D1E418}.Release|Any CPU.ActiveCfg = Release|Any CPU
		{BDA219B0-804F-6495-1026-6BBF27D1E418}.Release|Any CPU.Build.0 = Release|Any CPU
		{F46B9DC0-5013-C69D-0DE0-0AD11D1DCF01}.Debug|Any CPU.ActiveCfg = Debug|Any CPU
		{F46B9DC0-5013-C69D-0DE0-0AD11D1DCF01}.Debug|Any CPU.Build.0 = Debug|Any CPU
		{F46B9DC0-5013-C69D-0DE0-0AD11D1DCF01}.Release|Any CPU.ActiveCfg = Release|Any CPU
		{F46B9DC0-5013-C69D-0DE0-0AD11D1DCF01}.Release|Any CPU.Build.0 = Release|Any CPU
		{514BCBF7-1FAE-D95A-5323-5458E4FB14A3}.Debug|Any CPU.ActiveCfg = Debug|Any CPU
		{514BCBF7-1FAE-D95A-5323-5458E4FB14A3}.Debug|Any CPU.Build.0 = Debug|Any CPU
		{514BCBF7-1FAE-D95A-5323-5458E4FB14A3}.Release|Any CPU.ActiveCfg = Release|Any CPU
		{514BCBF7-1FAE-D95A-5323-5458E4FB14A3}.Release|Any CPU.Build.0 = Release|Any CPU
		{8FFB491B-9BE2-602F-9829-597F54A0D83D}.Debug|Any CPU.ActiveCfg = Debug|Any CPU
		{8FFB491B-9BE2-602F-9829-597F54A0D83D}.Debug|Any CPU.Build.0 = Debug|Any CPU
		{8FFB491B-9BE2-602F-9829-597F54A0D83D}.Release|Any CPU.ActiveCfg = Release|Any CPU
		{8FFB491B-9BE2-602F-9829-597F54A0D83D}.Release|Any CPU.Build.0 = Release|Any CPU
		{67BFB2FA-FAE9-E7BB-8F78-EB7349B1B31B}.Debug|Any CPU.ActiveCfg = Debug|Any CPU
		{67BFB2FA-FAE9-E7BB-8F78-EB7349B1B31B}.Debug|Any CPU.Build.0 = Debug|Any CPU
		{67BFB2FA-FAE9-E7BB-8F78-EB7349B1B31B}.Release|Any CPU.ActiveCfg = Release|Any CPU
		{67BFB2FA-FAE9-E7BB-8F78-EB7349B1B31B}.Release|Any CPU.Build.0 = Release|Any CPU
		{28773EC8-668A-25E4-AE01-CA643CEDD5C4}.Debug|Any CPU.ActiveCfg = Debug|Any CPU
		{28773EC8-668A-25E4-AE01-CA643CEDD5C4}.Debug|Any CPU.Build.0 = Debug|Any CPU
		{28773EC8-668A-25E4-AE01-CA643CEDD5C4}.Release|Any CPU.ActiveCfg = Release|Any CPU
		{28773EC8-668A-25E4-AE01-CA643CEDD5C4}.Release|Any CPU.Build.0 = Release|Any CPU
		{3A1E07D2-44B8-7F74-9DCF-4DA5F21FF818}.Debug|Any CPU.ActiveCfg = Debug|Any CPU
		{3A1E07D2-44B8-7F74-9DCF-4DA5F21FF818}.Debug|Any CPU.Build.0 = Debug|Any CPU
		{3A1E07D2-44B8-7F74-9DCF-4DA5F21FF818}.Release|Any CPU.ActiveCfg = Release|Any CPU
		{3A1E07D2-44B8-7F74-9DCF-4DA5F21FF818}.Release|Any CPU.Build.0 = Release|Any CPU
		{1741BFBE-3E25-5EBB-0E0A-A1D5255C2F4A}.Debug|Any CPU.ActiveCfg = Debug|Any CPU
		{1741BFBE-3E25-5EBB-0E0A-A1D5255C2F4A}.Debug|Any CPU.Build.0 = Debug|Any CPU
		{1741BFBE-3E25-5EBB-0E0A-A1D5255C2F4A}.Release|Any CPU.ActiveCfg = Release|Any CPU
		{1741BFBE-3E25-5EBB-0E0A-A1D5255C2F4A}.Release|Any CPU.Build.0 = Release|Any CPU
		{F332DC70-2074-D6C7-3A39-5964C69D3F64}.Debug|Any CPU.ActiveCfg = Debug|Any CPU
		{F332DC70-2074-D6C7-3A39-5964C69D3F64}.Debug|Any CPU.Build.0 = Debug|Any CPU
		{F332DC70-2074-D6C7-3A39-5964C69D3F64}.Release|Any CPU.ActiveCfg = Release|Any CPU
		{F332DC70-2074-D6C7-3A39-5964C69D3F64}.Release|Any CPU.Build.0 = Release|Any CPU
		{2BA470BE-DC85-C877-E78D-C9B962E00959}.Debug|Any CPU.ActiveCfg = Debug|Any CPU
		{2BA470BE-DC85-C877-E78D-C9B962E00959}.Debug|Any CPU.Build.0 = Debug|Any CPU
		{2BA470BE-DC85-C877-E78D-C9B962E00959}.Release|Any CPU.ActiveCfg = Release|Any CPU
		{2BA470BE-DC85-C877-E78D-C9B962E00959}.Release|Any CPU.Build.0 = Release|Any CPU
		{6E709342-A9B7-C90E-7C9F-3E84E053309C}.Debug|Any CPU.ActiveCfg = Debug|Any CPU
		{6E709342-A9B7-C90E-7C9F-3E84E053309C}.Debug|Any CPU.Build.0 = Debug|Any CPU
		{6E709342-A9B7-C90E-7C9F-3E84E053309C}.Release|Any CPU.ActiveCfg = Release|Any CPU
		{6E709342-A9B7-C90E-7C9F-3E84E053309C}.Release|Any CPU.Build.0 = Release|Any CPU
		{EEBC3351-09F7-BCA9-8C15-BB06C93FB46A}.Debug|Any CPU.ActiveCfg = Debug|Any CPU
		{EEBC3351-09F7-BCA9-8C15-BB06C93FB46A}.Debug|Any CPU.Build.0 = Debug|Any CPU
		{EEBC3351-09F7-BCA9-8C15-BB06C93FB46A}.Release|Any CPU.ActiveCfg = Release|Any CPU
		{EEBC3351-09F7-BCA9-8C15-BB06C93FB46A}.Release|Any CPU.Build.0 = Release|Any CPU
		{9DC50266-EBB9-9989-0C43-C84B3E42D4BB}.Debug|Any CPU.ActiveCfg = Debug|Any CPU
		{9DC50266-EBB9-9989-0C43-C84B3E42D4BB}.Debug|Any CPU.Build.0 = Debug|Any CPU
		{9DC50266-EBB9-9989-0C43-C84B3E42D4BB}.Release|Any CPU.ActiveCfg = Release|Any CPU
		{9DC50266-EBB9-9989-0C43-C84B3E42D4BB}.Release|Any CPU.Build.0 = Release|Any CPU
		{8083DCD8-1BAF-BE26-9DEF-1C995709F251}.Debug|Any CPU.ActiveCfg = Debug|Any CPU
		{8083DCD8-1BAF-BE26-9DEF-1C995709F251}.Debug|Any CPU.Build.0 = Debug|Any CPU
		{8083DCD8-1BAF-BE26-9DEF-1C995709F251}.Release|Any CPU.ActiveCfg = Release|Any CPU
		{8083DCD8-1BAF-BE26-9DEF-1C995709F251}.Release|Any CPU.Build.0 = Release|Any CPU
		{E0EE9BFC-9D27-5A6A-F4DD-76521F7619E6}.Debug|Any CPU.ActiveCfg = Debug|Any CPU
		{E0EE9BFC-9D27-5A6A-F4DD-76521F7619E6}.Debug|Any CPU.Build.0 = Debug|Any CPU
		{E0EE9BFC-9D27-5A6A-F4DD-76521F7619E6}.Release|Any CPU.ActiveCfg = Release|Any CPU
		{E0EE9BFC-9D27-5A6A-F4DD-76521F7619E6}.Release|Any CPU.Build.0 = Release|Any CPU
		{21768B64-0196-C4BC-D2E8-BB11D9F5A14E}.Debug|Any CPU.ActiveCfg = Debug|Any CPU
		{21768B64-0196-C4BC-D2E8-BB11D9F5A14E}.Debug|Any CPU.Build.0 = Debug|Any CPU
		{21768B64-0196-C4BC-D2E8-BB11D9F5A14E}.Release|Any CPU.ActiveCfg = Release|Any CPU
		{21768B64-0196-C4BC-D2E8-BB11D9F5A14E}.Release|Any CPU.Build.0 = Release|Any CPU
		{4CED3942-1EE5-377C-BC16-54D1D6DE334C}.Debug|Any CPU.ActiveCfg = Debug|Any CPU
		{4CED3942-1EE5-377C-BC16-54D1D6DE334C}.Debug|Any CPU.Build.0 = Debug|Any CPU
		{4CED3942-1EE5-377C-BC16-54D1D6DE334C}.Release|Any CPU.ActiveCfg = Release|Any CPU
		{4CED3942-1EE5-377C-BC16-54D1D6DE334C}.Release|Any CPU.Build.0 = Release|Any CPU
		{22C0C765-71CC-6B3F-DAD9-FCE7E31A5A44}.Debug|Any CPU.ActiveCfg = Debug|Any CPU
		{22C0C765-71CC-6B3F-DAD9-FCE7E31A5A44}.Debug|Any CPU.Build.0 = Debug|Any CPU
		{22C0C765-71CC-6B3F-DAD9-FCE7E31A5A44}.Release|Any CPU.ActiveCfg = Release|Any CPU
		{22C0C765-71CC-6B3F-DAD9-FCE7E31A5A44}.Release|Any CPU.Build.0 = Release|Any CPU
		{85FDCFA4-22FB-08E7-F540-183EDCC89074}.Debug|Any CPU.ActiveCfg = Debug|Any CPU
		{85FDCFA4-22FB-08E7-F540-183EDCC89074}.Debug|Any CPU.Build.0 = Debug|Any CPU
		{85FDCFA4-22FB-08E7-F540-183EDCC89074}.Release|Any CPU.ActiveCfg = Release|Any CPU
		{85FDCFA4-22FB-08E7-F540-183EDCC89074}.Release|Any CPU.Build.0 = Release|Any CPU
		{E6A8EDEE-5F09-931B-4C14-20F83EAE5872}.Debug|Any CPU.ActiveCfg = Debug|Any CPU
		{E6A8EDEE-5F09-931B-4C14-20F83EAE5872}.Debug|Any CPU.Build.0 = Debug|Any CPU
		{E6A8EDEE-5F09-931B-4C14-20F83EAE5872}.Release|Any CPU.ActiveCfg = Release|Any CPU
		{E6A8EDEE-5F09-931B-4C14-20F83EAE5872}.Release|Any CPU.Build.0 = Release|Any CPU
		{8C9D7BE1-520F-C6A9-28D9-7EEA258F09D9}.Debug|Any CPU.ActiveCfg = Debug|Any CPU
		{8C9D7BE1-520F-C6A9-28D9-7EEA258F09D9}.Debug|Any CPU.Build.0 = Debug|Any CPU
		{8C9D7BE1-520F-C6A9-28D9-7EEA258F09D9}.Release|Any CPU.ActiveCfg = Release|Any CPU
		{8C9D7BE1-520F-C6A9-28D9-7EEA258F09D9}.Release|Any CPU.Build.0 = Release|Any CPU
		{5FF8A327-2328-A853-2C35-C6348710DE8F}.Debug|Any CPU.ActiveCfg = Debug|Any CPU
		{5FF8A327-2328-A853-2C35-C6348710DE8F}.Debug|Any CPU.Build.0 = Debug|Any CPU
		{5FF8A327-2328-A853-2C35-C6348710DE8F}.Release|Any CPU.ActiveCfg = Release|Any CPU
		{5FF8A327-2328-A853-2C35-C6348710DE8F}.Release|Any CPU.Build.0 = Release|Any CPU
		{DEBB488D-8D29-1501-733B-C90FD35878AE}.Debug|Any CPU.ActiveCfg = Debug|Any CPU
		{DEBB488D-8D29-1501-733B-C90FD35878AE}.Debug|Any CPU.Build.0 = Debug|Any CPU
		{DEBB488D-8D29-1501-733B-C90FD35878AE}.Release|Any CPU.ActiveCfg = Release|Any CPU
		{DEBB488D-8D29-1501-733B-C90FD35878AE}.Release|Any CPU.Build.0 = Release|Any CPU
		{8BDFBB91-33A4-BBBF-5C35-19F8871E9D70}.Debug|Any CPU.ActiveCfg = Debug|Any CPU
		{8BDFBB91-33A4-BBBF-5C35-19F8871E9D70}.Debug|Any CPU.Build.0 = Debug|Any CPU
		{8BDFBB91-33A4-BBBF-5C35-19F8871E9D70}.Release|Any CPU.ActiveCfg = Release|Any CPU
		{8BDFBB91-33A4-BBBF-5C35-19F8871E9D70}.Release|Any CPU.Build.0 = Release|Any CPU
		{DA89321F-A189-BA51-99AD-374111C7ED68}.Debug|Any CPU.ActiveCfg = Debug|Any CPU
		{DA89321F-A189-BA51-99AD-374111C7ED68}.Debug|Any CPU.Build.0 = Debug|Any CPU
		{DA89321F-A189-BA51-99AD-374111C7ED68}.Release|Any CPU.ActiveCfg = Release|Any CPU
		{DA89321F-A189-BA51-99AD-374111C7ED68}.Release|Any CPU.Build.0 = Release|Any CPU
		{09071216-EE17-1F76-B37C-0333780C5F56}.Debug|Any CPU.ActiveCfg = Debug|Any CPU
		{09071216-EE17-1F76-B37C-0333780C5F56}.Debug|Any CPU.Build.0 = Debug|Any CPU
		{09071216-EE17-1F76-B37C-0333780C5F56}.Release|Any CPU.ActiveCfg = Release|Any CPU
		{09071216-EE17-1F76-B37C-0333780C5F56}.Release|Any CPU.Build.0 = Release|Any CPU
		{A7DEF2E4-82AA-2D15-E537-1B90655F0198}.Debug|Any CPU.ActiveCfg = Debug|Any CPU
		{A7DEF2E4-82AA-2D15-E537-1B90655F0198}.Debug|Any CPU.Build.0 = Debug|Any CPU
		{A7DEF2E4-82AA-2D15-E537-1B90655F0198}.Release|Any CPU.ActiveCfg = Release|Any CPU
		{A7DEF2E4-82AA-2D15-E537-1B90655F0198}.Release|Any CPU.Build.0 = Release|Any CPU
		{D003C01E-D32B-C77A-1A5A-771AD655D80D}.Debug|Any CPU.ActiveCfg = Debug|Any CPU
		{D003C01E-D32B-C77A-1A5A-771AD655D80D}.Debug|Any CPU.Build.0 = Debug|Any CPU
		{D003C01E-D32B-C77A-1A5A-771AD655D80D}.Release|Any CPU.ActiveCfg = Release|Any CPU
		{D003C01E-D32B-C77A-1A5A-771AD655D80D}.Release|Any CPU.Build.0 = Release|Any CPU
		{CAF058DB-9B6E-F474-AB32-41AFB7456742}.Debug|Any CPU.ActiveCfg = Debug|Any CPU
		{CAF058DB-9B6E-F474-AB32-41AFB7456742}.Debug|Any CPU.Build.0 = Debug|Any CPU
		{CAF058DB-9B6E-F474-AB32-41AFB7456742}.Release|Any CPU.ActiveCfg = Release|Any CPU
		{CAF058DB-9B6E-F474-AB32-41AFB7456742}.Release|Any CPU.Build.0 = Release|Any CPU
		{34EBC307-3402-E399-8300-581912093E09}.Debug|Any CPU.ActiveCfg = Debug|Any CPU
		{34EBC307-3402-E399-8300-581912093E09}.Debug|Any CPU.Build.0 = Debug|Any CPU
		{34EBC307-3402-E399-8300-581912093E09}.Release|Any CPU.ActiveCfg = Release|Any CPU
		{34EBC307-3402-E399-8300-581912093E09}.Release|Any CPU.Build.0 = Release|Any CPU
		{93B19A25-AC72-7925-7F0F-A5CEBA7EDD5D}.Debug|Any CPU.ActiveCfg = Debug|Any CPU
		{93B19A25-AC72-7925-7F0F-A5CEBA7EDD5D}.Debug|Any CPU.Build.0 = Debug|Any CPU
		{93B19A25-AC72-7925-7F0F-A5CEBA7EDD5D}.Release|Any CPU.ActiveCfg = Release|Any CPU
		{93B19A25-AC72-7925-7F0F-A5CEBA7EDD5D}.Release|Any CPU.Build.0 = Release|Any CPU
		{0EEEC463-2E67-2787-17D1-57EDDA1FD7E0}.Debug|Any CPU.ActiveCfg = Debug|Any CPU
		{0EEEC463-2E67-2787-17D1-57EDDA1FD7E0}.Debug|Any CPU.Build.0 = Debug|Any CPU
		{0EEEC463-2E67-2787-17D1-57EDDA1FD7E0}.Release|Any CPU.ActiveCfg = Release|Any CPU
		{0EEEC463-2E67-2787-17D1-57EDDA1FD7E0}.Release|Any CPU.Build.0 = Release|Any CPU
		{6CD0115E-4356-6955-C36B-051BA705161B}.Debug|Any CPU.ActiveCfg = Debug|Any CPU
		{6CD0115E-4356-6955-C36B-051BA705161B}.Debug|Any CPU.Build.0 = Debug|Any CPU
		{6CD0115E-4356-6955-C36B-051BA705161B}.Release|Any CPU.ActiveCfg = Release|Any CPU
		{6CD0115E-4356-6955-C36B-051BA705161B}.Release|Any CPU.Build.0 = Release|Any CPU
		{7E859510-D383-AD40-CB13-7847DABF7486}.Debug|Any CPU.ActiveCfg = Debug|Any CPU
		{7E859510-D383-AD40-CB13-7847DABF7486}.Debug|Any CPU.Build.0 = Debug|Any CPU
		{7E859510-D383-AD40-CB13-7847DABF7486}.Release|Any CPU.ActiveCfg = Release|Any CPU
		{7E859510-D383-AD40-CB13-7847DABF7486}.Release|Any CPU.Build.0 = Release|Any CPU
		{10A58BF5-D212-5596-439D-FAD72531DEEE}.Debug|Any CPU.ActiveCfg = Debug|Any CPU
		{10A58BF5-D212-5596-439D-FAD72531DEEE}.Debug|Any CPU.Build.0 = Debug|Any CPU
		{10A58BF5-D212-5596-439D-FAD72531DEEE}.Release|Any CPU.ActiveCfg = Release|Any CPU
		{10A58BF5-D212-5596-439D-FAD72531DEEE}.Release|Any CPU.Build.0 = Release|Any CPU
		{F0CBE43C-24A8-1C35-30BB-F767726D197B}.Debug|Any CPU.ActiveCfg = Debug|Any CPU
		{F0CBE43C-24A8-1C35-30BB-F767726D197B}.Debug|Any CPU.Build.0 = Debug|Any CPU
		{F0CBE43C-24A8-1C35-30BB-F767726D197B}.Release|Any CPU.ActiveCfg = Release|Any CPU
		{F0CBE43C-24A8-1C35-30BB-F767726D197B}.Release|Any CPU.Build.0 = Release|Any CPU
		{B58585E1-A9EC-E9F2-5B4B-E1597299BC8F}.Debug|Any CPU.ActiveCfg = Debug|Any CPU
		{B58585E1-A9EC-E9F2-5B4B-E1597299BC8F}.Debug|Any CPU.Build.0 = Debug|Any CPU
		{B58585E1-A9EC-E9F2-5B4B-E1597299BC8F}.Release|Any CPU.ActiveCfg = Release|Any CPU
		{B58585E1-A9EC-E9F2-5B4B-E1597299BC8F}.Release|Any CPU.Build.0 = Release|Any CPU
		{BFF1CD99-23DC-A540-93A6-7BEEB520D7FF}.Debug|Any CPU.ActiveCfg = Debug|Any CPU
		{BFF1CD99-23DC-A540-93A6-7BEEB520D7FF}.Debug|Any CPU.Build.0 = Debug|Any CPU
		{BFF1CD99-23DC-A540-93A6-7BEEB520D7FF}.Release|Any CPU.ActiveCfg = Release|Any CPU
		{BFF1CD99-23DC-A540-93A6-7BEEB520D7FF}.Release|Any CPU.Build.0 = Release|Any CPU
		{390CEE3F-0DE3-1AF1-ACEA-DB8F39151F13}.Debug|Any CPU.ActiveCfg = Debug|Any CPU
		{390CEE3F-0DE3-1AF1-ACEA-DB8F39151F13}.Debug|Any CPU.Build.0 = Debug|Any CPU
		{390CEE3F-0DE3-1AF1-ACEA-DB8F39151F13}.Release|Any CPU.ActiveCfg = Release|Any CPU
		{390CEE3F-0DE3-1AF1-ACEA-DB8F39151F13}.Release|Any CPU.Build.0 = Release|Any CPU
		{20268073-CCB3-DC0C-6854-6C6C9D771C88}.Debug|Any CPU.ActiveCfg = Debug|Any CPU
		{20268073-CCB3-DC0C-6854-6C6C9D771C88}.Debug|Any CPU.Build.0 = Debug|Any CPU
		{20268073-CCB3-DC0C-6854-6C6C9D771C88}.Release|Any CPU.ActiveCfg = Release|Any CPU
		{20268073-CCB3-DC0C-6854-6C6C9D771C88}.Release|Any CPU.Build.0 = Release|Any CPU
		{C85C7369-E04A-F901-7C8A-D56858D9930D}.Debug|Any CPU.ActiveCfg = Debug|Any CPU
		{C85C7369-E04A-F901-7C8A-D56858D9930D}.Debug|Any CPU.Build.0 = Debug|Any CPU
		{C85C7369-E04A-F901-7C8A-D56858D9930D}.Release|Any CPU.ActiveCfg = Release|Any CPU
		{C85C7369-E04A-F901-7C8A-D56858D9930D}.Release|Any CPU.Build.0 = Release|Any CPU
		{429CA5D9-622B-9917-3CEE-0312E39F82A2}.Debug|Any CPU.ActiveCfg = Debug|Any CPU
		{429CA5D9-622B-9917-3CEE-0312E39F82A2}.Debug|Any CPU.Build.0 = Debug|Any CPU
		{429CA5D9-622B-9917-3CEE-0312E39F82A2}.Release|Any CPU.ActiveCfg = Release|Any CPU
		{429CA5D9-622B-9917-3CEE-0312E39F82A2}.Release|Any CPU.Build.0 = Release|Any CPU
		{88FBDD0D-764B-9DC6-4258-CEA4EEB60805}.Debug|Any CPU.ActiveCfg = Debug|Any CPU
		{88FBDD0D-764B-9DC6-4258-CEA4EEB60805}.Debug|Any CPU.Build.0 = Debug|Any CPU
		{88FBDD0D-764B-9DC6-4258-CEA4EEB60805}.Release|Any CPU.ActiveCfg = Release|Any CPU
		{88FBDD0D-764B-9DC6-4258-CEA4EEB60805}.Release|Any CPU.Build.0 = Release|Any CPU
		{5439759E-C9ED-582D-725E-7F282278A6AD}.Debug|Any CPU.ActiveCfg = Debug|Any CPU
		{5439759E-C9ED-582D-725E-7F282278A6AD}.Debug|Any CPU.Build.0 = Debug|Any CPU
		{5439759E-C9ED-582D-725E-7F282278A6AD}.Release|Any CPU.ActiveCfg = Release|Any CPU
		{5439759E-C9ED-582D-725E-7F282278A6AD}.Release|Any CPU.Build.0 = Release|Any CPU
		{575493B4-D3AC-47C6-1B52-91B6D517B056}.Debug|Any CPU.ActiveCfg = Debug|Any CPU
		{575493B4-D3AC-47C6-1B52-91B6D517B056}.Debug|Any CPU.Build.0 = Debug|Any CPU
		{575493B4-D3AC-47C6-1B52-91B6D517B056}.Release|Any CPU.ActiveCfg = Release|Any CPU
		{575493B4-D3AC-47C6-1B52-91B6D517B056}.Release|Any CPU.Build.0 = Release|Any CPU
		{637AC07C-2299-1A42-6C8F-FC52D0A5479E}.Debug|Any CPU.ActiveCfg = Debug|Any CPU
		{637AC07C-2299-1A42-6C8F-FC52D0A5479E}.Debug|Any CPU.Build.0 = Debug|Any CPU
		{637AC07C-2299-1A42-6C8F-FC52D0A5479E}.Release|Any CPU.ActiveCfg = Release|Any CPU
		{637AC07C-2299-1A42-6C8F-FC52D0A5479E}.Release|Any CPU.Build.0 = Release|Any CPU
		{4F77B194-2F20-4EFB-6BCE-DC7D11F40E3B}.Debug|Any CPU.ActiveCfg = Debug|Any CPU
		{4F77B194-2F20-4EFB-6BCE-DC7D11F40E3B}.Debug|Any CPU.Build.0 = Debug|Any CPU
		{4F77B194-2F20-4EFB-6BCE-DC7D11F40E3B}.Release|Any CPU.ActiveCfg = Release|Any CPU
		{4F77B194-2F20-4EFB-6BCE-DC7D11F40E3B}.Release|Any CPU.Build.0 = Release|Any CPU
		{C899D33E-17B4-07F4-0AD2-CB62B2BAB5B9}.Debug|Any CPU.ActiveCfg = Debug|Any CPU
		{C899D33E-17B4-07F4-0AD2-CB62B2BAB5B9}.Debug|Any CPU.Build.0 = Debug|Any CPU
		{C899D33E-17B4-07F4-0AD2-CB62B2BAB5B9}.Release|Any CPU.ActiveCfg = Release|Any CPU
		{C899D33E-17B4-07F4-0AD2-CB62B2BAB5B9}.Release|Any CPU.Build.0 = Release|Any CPU
		{99313867-B5C8-FC56-728C-9CBE244BF69A}.Debug|Any CPU.ActiveCfg = Debug|Any CPU
		{99313867-B5C8-FC56-728C-9CBE244BF69A}.Debug|Any CPU.Build.0 = Debug|Any CPU
		{99313867-B5C8-FC56-728C-9CBE244BF69A}.Release|Any CPU.ActiveCfg = Release|Any CPU
		{99313867-B5C8-FC56-728C-9CBE244BF69A}.Release|Any CPU.Build.0 = Release|Any CPU
		{25014E76-EBAE-5E92-CFC0-65E368843B16}.Debug|Any CPU.ActiveCfg = Debug|Any CPU
		{25014E76-EBAE-5E92-CFC0-65E368843B16}.Debug|Any CPU.Build.0 = Debug|Any CPU
		{25014E76-EBAE-5E92-CFC0-65E368843B16}.Release|Any CPU.ActiveCfg = Release|Any CPU
		{25014E76-EBAE-5E92-CFC0-65E368843B16}.Release|Any CPU.Build.0 = Release|Any CPU
		{8C4DB8AE-7239-D470-AB2B-3B70E743F7A5}.Debug|Any CPU.ActiveCfg = Debug|Any CPU
		{8C4DB8AE-7239-D470-AB2B-3B70E743F7A5}.Debug|Any CPU.Build.0 = Debug|Any CPU
		{8C4DB8AE-7239-D470-AB2B-3B70E743F7A5}.Release|Any CPU.ActiveCfg = Release|Any CPU
		{8C4DB8AE-7239-D470-AB2B-3B70E743F7A5}.Release|Any CPU.Build.0 = Release|Any CPU
		{671D62D1-9937-A880-49B1-AA45328917AF}.Debug|Any CPU.ActiveCfg = Debug|Any CPU
		{671D62D1-9937-A880-49B1-AA45328917AF}.Debug|Any CPU.Build.0 = Debug|Any CPU
		{671D62D1-9937-A880-49B1-AA45328917AF}.Release|Any CPU.ActiveCfg = Release|Any CPU
		{671D62D1-9937-A880-49B1-AA45328917AF}.Release|Any CPU.Build.0 = Release|Any CPU
		{B0048409-782A-72E4-C292-F0DF6B156117}.Debug|Any CPU.ActiveCfg = Debug|Any CPU
		{B0048409-782A-72E4-C292-F0DF6B156117}.Debug|Any CPU.Build.0 = Debug|Any CPU
		{B0048409-782A-72E4-C292-F0DF6B156117}.Release|Any CPU.ActiveCfg = Release|Any CPU
		{B0048409-782A-72E4-C292-F0DF6B156117}.Release|Any CPU.Build.0 = Release|Any CPU
		{5FE8CB6D-CB50-630D-6F7F-1B69E6513644}.Debug|Any CPU.ActiveCfg = Debug|Any CPU
		{5FE8CB6D-CB50-630D-6F7F-1B69E6513644}.Debug|Any CPU.Build.0 = Debug|Any CPU
		{5FE8CB6D-CB50-630D-6F7F-1B69E6513644}.Release|Any CPU.ActiveCfg = Release|Any CPU
		{5FE8CB6D-CB50-630D-6F7F-1B69E6513644}.Release|Any CPU.Build.0 = Release|Any CPU
		{D0C907B1-411E-9089-6840-D48C993205D6}.Debug|Any CPU.ActiveCfg = Debug|Any CPU
		{D0C907B1-411E-9089-6840-D48C993205D6}.Debug|Any CPU.Build.0 = Debug|Any CPU
		{D0C907B1-411E-9089-6840-D48C993205D6}.Release|Any CPU.ActiveCfg = Release|Any CPU
		{D0C907B1-411E-9089-6840-D48C993205D6}.Release|Any CPU.Build.0 = Release|Any CPU
		{8A95D682-4937-D8DB-9F61-B676BFB3A219}.Debug|Any CPU.ActiveCfg = Debug|Any CPU
		{8A95D682-4937-D8DB-9F61-B676BFB3A219}.Debug|Any CPU.Build.0 = Debug|Any CPU
		{8A95D682-4937-D8DB-9F61-B676BFB3A219}.Release|Any CPU.ActiveCfg = Release|Any CPU
		{8A95D682-4937-D8DB-9F61-B676BFB3A219}.Release|Any CPU.Build.0 = Release|Any CPU
		{1FF708D9-AE90-2ABF-1639-EDBAEC684044}.Debug|Any CPU.ActiveCfg = Debug|Any CPU
		{1FF708D9-AE90-2ABF-1639-EDBAEC684044}.Debug|Any CPU.Build.0 = Debug|Any CPU
		{1FF708D9-AE90-2ABF-1639-EDBAEC684044}.Release|Any CPU.ActiveCfg = Release|Any CPU
		{1FF708D9-AE90-2ABF-1639-EDBAEC684044}.Release|Any CPU.Build.0 = Release|Any CPU
		{3560617F-1FCB-81FC-21E1-556A9C91BB57}.Debug|Any CPU.ActiveCfg = Debug|Any CPU
		{3560617F-1FCB-81FC-21E1-556A9C91BB57}.Debug|Any CPU.Build.0 = Debug|Any CPU
		{3560617F-1FCB-81FC-21E1-556A9C91BB57}.Release|Any CPU.ActiveCfg = Release|Any CPU
		{3560617F-1FCB-81FC-21E1-556A9C91BB57}.Release|Any CPU.Build.0 = Release|Any CPU
		{C4844908-FFDD-AFE2-E0F7-4FDDBEAD2073}.Debug|Any CPU.ActiveCfg = Debug|Any CPU
		{C4844908-FFDD-AFE2-E0F7-4FDDBEAD2073}.Debug|Any CPU.Build.0 = Debug|Any CPU
		{C4844908-FFDD-AFE2-E0F7-4FDDBEAD2073}.Release|Any CPU.ActiveCfg = Release|Any CPU
		{C4844908-FFDD-AFE2-E0F7-4FDDBEAD2073}.Release|Any CPU.Build.0 = Release|Any CPU
		{63AF4B8E-8948-FF9F-A1A8-49E5D175A854}.Debug|Any CPU.ActiveCfg = Debug|Any CPU
		{63AF4B8E-8948-FF9F-A1A8-49E5D175A854}.Debug|Any CPU.Build.0 = Debug|Any CPU
		{63AF4B8E-8948-FF9F-A1A8-49E5D175A854}.Release|Any CPU.ActiveCfg = Release|Any CPU
		{63AF4B8E-8948-FF9F-A1A8-49E5D175A854}.Release|Any CPU.Build.0 = Release|Any CPU
		{2281E3AD-B963-B038-41EB-A112BF74081A}.Debug|Any CPU.ActiveCfg = Debug|Any CPU
		{2281E3AD-B963-B038-41EB-A112BF74081A}.Debug|Any CPU.Build.0 = Debug|Any CPU
		{2281E3AD-B963-B038-41EB-A112BF74081A}.Release|Any CPU.ActiveCfg = Release|Any CPU
		{2281E3AD-B963-B038-41EB-A112BF74081A}.Release|Any CPU.Build.0 = Release|Any CPU
		{7C940505-1604-42A7-A4F5-93A8C5A2B5DF}.Debug|Any CPU.ActiveCfg = Debug|Any CPU
		{7C940505-1604-42A7-A4F5-93A8C5A2B5DF}.Debug|Any CPU.Build.0 = Debug|Any CPU
		{7C940505-1604-42A7-A4F5-93A8C5A2B5DF}.Release|Any CPU.ActiveCfg = Release|Any CPU
		{7C940505-1604-42A7-A4F5-93A8C5A2B5DF}.Release|Any CPU.Build.0 = Release|Any CPU
		{3A84587D-AF25-FF14-9D78-011B1DC999B6}.Debug|Any CPU.ActiveCfg = Debug|Any CPU
		{3A84587D-AF25-FF14-9D78-011B1DC999B6}.Debug|Any CPU.Build.0 = Debug|Any CPU
		{3A84587D-AF25-FF14-9D78-011B1DC999B6}.Release|Any CPU.ActiveCfg = Release|Any CPU
		{3A84587D-AF25-FF14-9D78-011B1DC999B6}.Release|Any CPU.Build.0 = Release|Any CPU
		{D4FF7727-3D13-2415-0DFD-B289CBF57292}.Debug|Any CPU.ActiveCfg = Debug|Any CPU
		{D4FF7727-3D13-2415-0DFD-B289CBF57292}.Debug|Any CPU.Build.0 = Debug|Any CPU
		{D4FF7727-3D13-2415-0DFD-B289CBF57292}.Release|Any CPU.ActiveCfg = Release|Any CPU
		{D4FF7727-3D13-2415-0DFD-B289CBF57292}.Release|Any CPU.Build.0 = Release|Any CPU
		{3FDC6C40-F08D-3B7A-D59B-471B6A5C0B40}.Debug|Any CPU.ActiveCfg = Debug|Any CPU
		{3FDC6C40-F08D-3B7A-D59B-471B6A5C0B40}.Debug|Any CPU.Build.0 = Debug|Any CPU
		{3FDC6C40-F08D-3B7A-D59B-471B6A5C0B40}.Release|Any CPU.ActiveCfg = Release|Any CPU
		{3FDC6C40-F08D-3B7A-D59B-471B6A5C0B40}.Release|Any CPU.Build.0 = Release|Any CPU
		{AE2AE551-B5BC-C0B1-6346-0F9D0E4994A3}.Debug|Any CPU.ActiveCfg = Debug|Any CPU
		{AE2AE551-B5BC-C0B1-6346-0F9D0E4994A3}.Debug|Any CPU.Build.0 = Debug|Any CPU
		{AE2AE551-B5BC-C0B1-6346-0F9D0E4994A3}.Release|Any CPU.ActiveCfg = Release|Any CPU
		{AE2AE551-B5BC-C0B1-6346-0F9D0E4994A3}.Release|Any CPU.Build.0 = Release|Any CPU
		{F027556C-BDBF-1F03-B5E8-2D7E92A4CA64}.Debug|Any CPU.ActiveCfg = Debug|Any CPU
		{F027556C-BDBF-1F03-B5E8-2D7E92A4CA64}.Debug|Any CPU.Build.0 = Debug|Any CPU
		{F027556C-BDBF-1F03-B5E8-2D7E92A4CA64}.Release|Any CPU.ActiveCfg = Release|Any CPU
		{F027556C-BDBF-1F03-B5E8-2D7E92A4CA64}.Release|Any CPU.Build.0 = Release|Any CPU
		{2F7CEBC6-65E3-1396-7A3E-6794EA532911}.Debug|Any CPU.ActiveCfg = Debug|Any CPU
		{2F7CEBC6-65E3-1396-7A3E-6794EA532911}.Debug|Any CPU.Build.0 = Debug|Any CPU
		{2F7CEBC6-65E3-1396-7A3E-6794EA532911}.Release|Any CPU.ActiveCfg = Release|Any CPU
		{2F7CEBC6-65E3-1396-7A3E-6794EA532911}.Release|Any CPU.Build.0 = Release|Any CPU
		{46174E7D-A3C1-BEB5-CFE0-9D942E724EE9}.Debug|Any CPU.ActiveCfg = Debug|Any CPU
		{46174E7D-A3C1-BEB5-CFE0-9D942E724EE9}.Debug|Any CPU.Build.0 = Debug|Any CPU
		{46174E7D-A3C1-BEB5-CFE0-9D942E724EE9}.Release|Any CPU.ActiveCfg = Release|Any CPU
		{46174E7D-A3C1-BEB5-CFE0-9D942E724EE9}.Release|Any CPU.Build.0 = Release|Any CPU
		{8496C808-CC37-C783-153F-83ABE4A05A44}.Debug|Any CPU.ActiveCfg = Debug|Any CPU
		{8496C808-CC37-C783-153F-83ABE4A05A44}.Debug|Any CPU.Build.0 = Debug|Any CPU
		{8496C808-CC37-C783-153F-83ABE4A05A44}.Release|Any CPU.ActiveCfg = Release|Any CPU
		{8496C808-CC37-C783-153F-83ABE4A05A44}.Release|Any CPU.Build.0 = Release|Any CPU
		{FFB909C8-446E-6B51-11B9-B813A9226E18}.Debug|Any CPU.ActiveCfg = Debug|Any CPU
		{FFB909C8-446E-6B51-11B9-B813A9226E18}.Debug|Any CPU.Build.0 = Debug|Any CPU
		{FFB909C8-446E-6B51-11B9-B813A9226E18}.Release|Any CPU.ActiveCfg = Release|Any CPU
		{FFB909C8-446E-6B51-11B9-B813A9226E18}.Release|Any CPU.Build.0 = Release|Any CPU
		{5CE98711-D0EE-3CB2-6050-004E468D1277}.Debug|Any CPU.ActiveCfg = Debug|Any CPU
		{5CE98711-D0EE-3CB2-6050-004E468D1277}.Debug|Any CPU.Build.0 = Debug|Any CPU
		{5CE98711-D0EE-3CB2-6050-004E468D1277}.Release|Any CPU.ActiveCfg = Release|Any CPU
		{5CE98711-D0EE-3CB2-6050-004E468D1277}.Release|Any CPU.Build.0 = Release|Any CPU
		{32D84E97-7223-8924-F726-272F7946D541}.Debug|Any CPU.ActiveCfg = Debug|Any CPU
		{32D84E97-7223-8924-F726-272F7946D541}.Debug|Any CPU.Build.0 = Debug|Any CPU
		{32D84E97-7223-8924-F726-272F7946D541}.Release|Any CPU.ActiveCfg = Release|Any CPU
		{32D84E97-7223-8924-F726-272F7946D541}.Release|Any CPU.Build.0 = Release|Any CPU
		{41547C47-AD8A-8F62-2668-C74357FFDDBE}.Debug|Any CPU.ActiveCfg = Debug|Any CPU
		{41547C47-AD8A-8F62-2668-C74357FFDDBE}.Debug|Any CPU.Build.0 = Debug|Any CPU
		{41547C47-AD8A-8F62-2668-C74357FFDDBE}.Release|Any CPU.ActiveCfg = Release|Any CPU
		{41547C47-AD8A-8F62-2668-C74357FFDDBE}.Release|Any CPU.Build.0 = Release|Any CPU
		{FD423B4C-3408-CB9D-4300-F1380D56536C}.Debug|Any CPU.ActiveCfg = Debug|Any CPU
		{FD423B4C-3408-CB9D-4300-F1380D56536C}.Debug|Any CPU.Build.0 = Debug|Any CPU
		{FD423B4C-3408-CB9D-4300-F1380D56536C}.Release|Any CPU.ActiveCfg = Release|Any CPU
		{FD423B4C-3408-CB9D-4300-F1380D56536C}.Release|Any CPU.Build.0 = Release|Any CPU
		{971A32DB-3E39-4252-BE9D-7F2144F341B2}.Debug|Any CPU.ActiveCfg = Debug|Any CPU
		{971A32DB-3E39-4252-BE9D-7F2144F341B2}.Debug|Any CPU.Build.0 = Debug|Any CPU
		{971A32DB-3E39-4252-BE9D-7F2144F341B2}.Release|Any CPU.ActiveCfg = Release|Any CPU
		{971A32DB-3E39-4252-BE9D-7F2144F341B2}.Release|Any CPU.Build.0 = Release|Any CPU
		{21D8A2E6-2D87-A43E-DE5B-671989D82CAA}.Debug|Any CPU.ActiveCfg = Debug|Any CPU
		{21D8A2E6-2D87-A43E-DE5B-671989D82CAA}.Debug|Any CPU.Build.0 = Debug|Any CPU
		{21D8A2E6-2D87-A43E-DE5B-671989D82CAA}.Release|Any CPU.ActiveCfg = Release|Any CPU
		{21D8A2E6-2D87-A43E-DE5B-671989D82CAA}.Release|Any CPU.Build.0 = Release|Any CPU
		{C5EDA655-8D3D-E8BA-BF4D-AEB499FF4A50}.Debug|Any CPU.ActiveCfg = Debug|Any CPU
		{C5EDA655-8D3D-E8BA-BF4D-AEB499FF4A50}.Debug|Any CPU.Build.0 = Debug|Any CPU
		{C5EDA655-8D3D-E8BA-BF4D-AEB499FF4A50}.Release|Any CPU.ActiveCfg = Release|Any CPU
		{C5EDA655-8D3D-E8BA-BF4D-AEB499FF4A50}.Release|Any CPU.Build.0 = Release|Any CPU
		{130D7125-67D3-7880-29DB-2759D3E101F4}.Debug|Any CPU.ActiveCfg = Debug|Any CPU
		{130D7125-67D3-7880-29DB-2759D3E101F4}.Debug|Any CPU.Build.0 = Debug|Any CPU
		{130D7125-67D3-7880-29DB-2759D3E101F4}.Release|Any CPU.ActiveCfg = Release|Any CPU
		{130D7125-67D3-7880-29DB-2759D3E101F4}.Release|Any CPU.Build.0 = Release|Any CPU
		{A0AB543E-F62D-F581-41DD-F4029865E13C}.Debug|Any CPU.ActiveCfg = Debug|Any CPU
		{A0AB543E-F62D-F581-41DD-F4029865E13C}.Debug|Any CPU.Build.0 = Debug|Any CPU
		{A0AB543E-F62D-F581-41DD-F4029865E13C}.Release|Any CPU.ActiveCfg = Release|Any CPU
		{A0AB543E-F62D-F581-41DD-F4029865E13C}.Release|Any CPU.Build.0 = Release|Any CPU
		{EA33C456-0DE5-4123-4E2F-26F36FC342E0}.Debug|Any CPU.ActiveCfg = Debug|Any CPU
		{EA33C456-0DE5-4123-4E2F-26F36FC342E0}.Debug|Any CPU.Build.0 = Debug|Any CPU
		{EA33C456-0DE5-4123-4E2F-26F36FC342E0}.Release|Any CPU.ActiveCfg = Release|Any CPU
		{EA33C456-0DE5-4123-4E2F-26F36FC342E0}.Release|Any CPU.Build.0 = Release|Any CPU
		{733A25AE-8AC8-F182-BA71-B9383FAA9632}.Debug|Any CPU.ActiveCfg = Debug|Any CPU
		{733A25AE-8AC8-F182-BA71-B9383FAA9632}.Debug|Any CPU.Build.0 = Debug|Any CPU
		{733A25AE-8AC8-F182-BA71-B9383FAA9632}.Release|Any CPU.ActiveCfg = Release|Any CPU
		{733A25AE-8AC8-F182-BA71-B9383FAA9632}.Release|Any CPU.Build.0 = Release|Any CPU
		{142CCD2E-51FE-85D0-3420-133F7FF55445}.Debug|Any CPU.ActiveCfg = Debug|Any CPU
		{142CCD2E-51FE-85D0-3420-133F7FF55445}.Debug|Any CPU.Build.0 = Debug|Any CPU
		{142CCD2E-51FE-85D0-3420-133F7FF55445}.Release|Any CPU.ActiveCfg = Release|Any CPU
		{142CCD2E-51FE-85D0-3420-133F7FF55445}.Release|Any CPU.Build.0 = Release|Any CPU
		{E0E4F1C2-1B01-0E26-ECD1-1A587429F6FF}.Debug|Any CPU.ActiveCfg = Debug|Any CPU
		{E0E4F1C2-1B01-0E26-ECD1-1A587429F6FF}.Debug|Any CPU.Build.0 = Debug|Any CPU
		{E0E4F1C2-1B01-0E26-ECD1-1A587429F6FF}.Release|Any CPU.ActiveCfg = Release|Any CPU
		{E0E4F1C2-1B01-0E26-ECD1-1A587429F6FF}.Release|Any CPU.Build.0 = Release|Any CPU
		{6945D641-C258-E2F1-A607-3129531BB745}.Debug|Any CPU.ActiveCfg = Debug|Any CPU
		{6945D641-C258-E2F1-A607-3129531BB745}.Debug|Any CPU.Build.0 = Debug|Any CPU
		{6945D641-C258-E2F1-A607-3129531BB745}.Release|Any CPU.ActiveCfg = Release|Any CPU
		{6945D641-C258-E2F1-A607-3129531BB745}.Release|Any CPU.Build.0 = Release|Any CPU
		{C63345CB-AB37-769C-763C-42581EFBCF22}.Debug|Any CPU.ActiveCfg = Debug|Any CPU
		{C63345CB-AB37-769C-763C-42581EFBCF22}.Debug|Any CPU.Build.0 = Debug|Any CPU
		{C63345CB-AB37-769C-763C-42581EFBCF22}.Release|Any CPU.ActiveCfg = Release|Any CPU
		{C63345CB-AB37-769C-763C-42581EFBCF22}.Release|Any CPU.Build.0 = Release|Any CPU
		{E1AF360B-EFAA-61FD-8E44-CA4ABE0064F8}.Debug|Any CPU.ActiveCfg = Debug|Any CPU
		{E1AF360B-EFAA-61FD-8E44-CA4ABE0064F8}.Debug|Any CPU.Build.0 = Debug|Any CPU
		{E1AF360B-EFAA-61FD-8E44-CA4ABE0064F8}.Release|Any CPU.ActiveCfg = Release|Any CPU
		{E1AF360B-EFAA-61FD-8E44-CA4ABE0064F8}.Release|Any CPU.Build.0 = Release|Any CPU
		{31C1F47B-6A5D-9895-1AB9-8CCE81AAEB09}.Debug|Any CPU.ActiveCfg = Debug|Any CPU
		{31C1F47B-6A5D-9895-1AB9-8CCE81AAEB09}.Debug|Any CPU.Build.0 = Debug|Any CPU
		{31C1F47B-6A5D-9895-1AB9-8CCE81AAEB09}.Release|Any CPU.ActiveCfg = Release|Any CPU
		{31C1F47B-6A5D-9895-1AB9-8CCE81AAEB09}.Release|Any CPU.Build.0 = Release|Any CPU
		{ED015EBF-014D-4ACF-AB09-B0B4A9DF0C57}.Debug|Any CPU.ActiveCfg = Debug|Any CPU
		{ED015EBF-014D-4ACF-AB09-B0B4A9DF0C57}.Debug|Any CPU.Build.0 = Debug|Any CPU
		{ED015EBF-014D-4ACF-AB09-B0B4A9DF0C57}.Release|Any CPU.ActiveCfg = Release|Any CPU
		{ED015EBF-014D-4ACF-AB09-B0B4A9DF0C57}.Release|Any CPU.Build.0 = Release|Any CPU
		{20C9182C-FAE4-A720-EAF9-F7EB786A1635}.Debug|Any CPU.ActiveCfg = Debug|Any CPU
		{20C9182C-FAE4-A720-EAF9-F7EB786A1635}.Debug|Any CPU.Build.0 = Debug|Any CPU
		{20C9182C-FAE4-A720-EAF9-F7EB786A1635}.Release|Any CPU.ActiveCfg = Release|Any CPU
		{20C9182C-FAE4-A720-EAF9-F7EB786A1635}.Release|Any CPU.Build.0 = Release|Any CPU
		{6414A9B4-5D94-7DDF-8101-C9E9D347A8F1}.Debug|Any CPU.ActiveCfg = Debug|Any CPU
		{6414A9B4-5D94-7DDF-8101-C9E9D347A8F1}.Debug|Any CPU.Build.0 = Debug|Any CPU
		{6414A9B4-5D94-7DDF-8101-C9E9D347A8F1}.Release|Any CPU.ActiveCfg = Release|Any CPU
		{6414A9B4-5D94-7DDF-8101-C9E9D347A8F1}.Release|Any CPU.Build.0 = Release|Any CPU
		{39F11FBA-F271-8148-785A-A84A0BD96597}.Debug|Any CPU.ActiveCfg = Debug|Any CPU
		{39F11FBA-F271-8148-785A-A84A0BD96597}.Debug|Any CPU.Build.0 = Debug|Any CPU
		{39F11FBA-F271-8148-785A-A84A0BD96597}.Release|Any CPU.ActiveCfg = Release|Any CPU
		{39F11FBA-F271-8148-785A-A84A0BD96597}.Release|Any CPU.Build.0 = Release|Any CPU
		{821EDEEE-01D3-8CBE-2F2A-14B3045ED4DB}.Debug|Any CPU.ActiveCfg = Debug|Any CPU
		{821EDEEE-01D3-8CBE-2F2A-14B3045ED4DB}.Debug|Any CPU.Build.0 = Debug|Any CPU
		{821EDEEE-01D3-8CBE-2F2A-14B3045ED4DB}.Release|Any CPU.ActiveCfg = Release|Any CPU
		{821EDEEE-01D3-8CBE-2F2A-14B3045ED4DB}.Release|Any CPU.Build.0 = Release|Any CPU
		{614B8082-CE17-FA28-E85F-C2C318DBBB13}.Debug|Any CPU.ActiveCfg = Debug|Any CPU
		{614B8082-CE17-FA28-E85F-C2C318DBBB13}.Debug|Any CPU.Build.0 = Debug|Any CPU
		{614B8082-CE17-FA28-E85F-C2C318DBBB13}.Release|Any CPU.ActiveCfg = Release|Any CPU
		{614B8082-CE17-FA28-E85F-C2C318DBBB13}.Release|Any CPU.Build.0 = Release|Any CPU
		{0B557D7D-BAAE-4FB4-3EE6-0D7E621FBC19}.Debug|Any CPU.ActiveCfg = Debug|Any CPU
		{0B557D7D-BAAE-4FB4-3EE6-0D7E621FBC19}.Debug|Any CPU.Build.0 = Debug|Any CPU
		{0B557D7D-BAAE-4FB4-3EE6-0D7E621FBC19}.Release|Any CPU.ActiveCfg = Release|Any CPU
		{0B557D7D-BAAE-4FB4-3EE6-0D7E621FBC19}.Release|Any CPU.Build.0 = Release|Any CPU
		{56A1144B-FD79-A597-674C-26154FED1242}.Debug|Any CPU.ActiveCfg = Debug|Any CPU
		{56A1144B-FD79-A597-674C-26154FED1242}.Debug|Any CPU.Build.0 = Debug|Any CPU
		{56A1144B-FD79-A597-674C-26154FED1242}.Release|Any CPU.ActiveCfg = Release|Any CPU
		{56A1144B-FD79-A597-674C-26154FED1242}.Release|Any CPU.Build.0 = Release|Any CPU
		{494F3DF1-357C-D9FA-77A1-B808E1EE0FD5}.Debug|Any CPU.ActiveCfg = Debug|Any CPU
		{494F3DF1-357C-D9FA-77A1-B808E1EE0FD5}.Debug|Any CPU.Build.0 = Debug|Any CPU
		{494F3DF1-357C-D9FA-77A1-B808E1EE0FD5}.Release|Any CPU.ActiveCfg = Release|Any CPU
		{494F3DF1-357C-D9FA-77A1-B808E1EE0FD5}.Release|Any CPU.Build.0 = Release|Any CPU
		{E76E3CD9-00AF-BBBF-A241-B8AE21162FF8}.Debug|Any CPU.ActiveCfg = Debug|Any CPU
		{E76E3CD9-00AF-BBBF-A241-B8AE21162FF8}.Debug|Any CPU.Build.0 = Debug|Any CPU
		{E76E3CD9-00AF-BBBF-A241-B8AE21162FF8}.Release|Any CPU.ActiveCfg = Release|Any CPU
		{E76E3CD9-00AF-BBBF-A241-B8AE21162FF8}.Release|Any CPU.Build.0 = Release|Any CPU
		{2F2DF41E-6320-75F9-32AD-707B8D53E77E}.Debug|Any CPU.ActiveCfg = Debug|Any CPU
		{2F2DF41E-6320-75F9-32AD-707B8D53E77E}.Debug|Any CPU.Build.0 = Debug|Any CPU
		{2F2DF41E-6320-75F9-32AD-707B8D53E77E}.Release|Any CPU.ActiveCfg = Release|Any CPU
		{2F2DF41E-6320-75F9-32AD-707B8D53E77E}.Release|Any CPU.Build.0 = Release|Any CPU
		{7B736574-FC7F-8069-0DB2-56958BD08F7A}.Debug|Any CPU.ActiveCfg = Debug|Any CPU
		{7B736574-FC7F-8069-0DB2-56958BD08F7A}.Debug|Any CPU.Build.0 = Debug|Any CPU
		{7B736574-FC7F-8069-0DB2-56958BD08F7A}.Release|Any CPU.ActiveCfg = Release|Any CPU
		{7B736574-FC7F-8069-0DB2-56958BD08F7A}.Release|Any CPU.Build.0 = Release|Any CPU
		{2A15B721-8E85-1374-31F8-632738B28F88}.Debug|Any CPU.ActiveCfg = Debug|Any CPU
		{2A15B721-8E85-1374-31F8-632738B28F88}.Debug|Any CPU.Build.0 = Debug|Any CPU
		{2A15B721-8E85-1374-31F8-632738B28F88}.Release|Any CPU.ActiveCfg = Release|Any CPU
		{2A15B721-8E85-1374-31F8-632738B28F88}.Release|Any CPU.Build.0 = Release|Any CPU
		{2622DC1D-F18F-B491-0D5E-3D0E11D92E18}.Debug|Any CPU.ActiveCfg = Debug|Any CPU
		{2622DC1D-F18F-B491-0D5E-3D0E11D92E18}.Debug|Any CPU.Build.0 = Debug|Any CPU
		{2622DC1D-F18F-B491-0D5E-3D0E11D92E18}.Release|Any CPU.ActiveCfg = Release|Any CPU
		{2622DC1D-F18F-B491-0D5E-3D0E11D92E18}.Release|Any CPU.Build.0 = Release|Any CPU
		{B1B4ADE6-220E-C54C-EFDB-E46F740506A7}.Debug|Any CPU.ActiveCfg = Debug|Any CPU
		{B1B4ADE6-220E-C54C-EFDB-E46F740506A7}.Debug|Any CPU.Build.0 = Debug|Any CPU
		{B1B4ADE6-220E-C54C-EFDB-E46F740506A7}.Release|Any CPU.ActiveCfg = Release|Any CPU
		{B1B4ADE6-220E-C54C-EFDB-E46F740506A7}.Release|Any CPU.Build.0 = Release|Any CPU
		{889A421F-07CC-381B-183F-9A3E08DDCC97}.Debug|Any CPU.ActiveCfg = Debug|Any CPU
		{889A421F-07CC-381B-183F-9A3E08DDCC97}.Debug|Any CPU.Build.0 = Debug|Any CPU
		{889A421F-07CC-381B-183F-9A3E08DDCC97}.Release|Any CPU.ActiveCfg = Release|Any CPU
		{889A421F-07CC-381B-183F-9A3E08DDCC97}.Release|Any CPU.Build.0 = Release|Any CPU
		{065B946F-73EB-B7C5-500D-A80D40A10F75}.Debug|Any CPU.ActiveCfg = Debug|Any CPU
		{065B946F-73EB-B7C5-500D-A80D40A10F75}.Debug|Any CPU.Build.0 = Debug|Any CPU
		{065B946F-73EB-B7C5-500D-A80D40A10F75}.Release|Any CPU.ActiveCfg = Release|Any CPU
		{065B946F-73EB-B7C5-500D-A80D40A10F75}.Release|Any CPU.Build.0 = Release|Any CPU
		{9B58F10C-344C-AF6B-E9A2-86447404D402}.Debug|Any CPU.ActiveCfg = Debug|Any CPU
		{9B58F10C-344C-AF6B-E9A2-86447404D402}.Debug|Any CPU.Build.0 = Debug|Any CPU
		{9B58F10C-344C-AF6B-E9A2-86447404D402}.Release|Any CPU.ActiveCfg = Release|Any CPU
		{9B58F10C-344C-AF6B-E9A2-86447404D402}.Release|Any CPU.Build.0 = Release|Any CPU
		{36A7945B-5EA6-33AB-7A81-273DC0601BDF}.Debug|Any CPU.ActiveCfg = Debug|Any CPU
		{36A7945B-5EA6-33AB-7A81-273DC0601BDF}.Debug|Any CPU.Build.0 = Debug|Any CPU
		{36A7945B-5EA6-33AB-7A81-273DC0601BDF}.Release|Any CPU.ActiveCfg = Release|Any CPU
		{36A7945B-5EA6-33AB-7A81-273DC0601BDF}.Release|Any CPU.Build.0 = Release|Any CPU
		{65A461E6-EAE3-4DA4-2202-FA28D47FCD17}.Debug|Any CPU.ActiveCfg = Debug|Any CPU
		{65A461E6-EAE3-4DA4-2202-FA28D47FCD17}.Debug|Any CPU.Build.0 = Debug|Any CPU
		{65A461E6-EAE3-4DA4-2202-FA28D47FCD17}.Release|Any CPU.ActiveCfg = Release|Any CPU
		{65A461E6-EAE3-4DA4-2202-FA28D47FCD17}.Release|Any CPU.Build.0 = Release|Any CPU
		{00E3418D-263D-DCF6-0F7D-0F2065D8FFA4}.Debug|Any CPU.ActiveCfg = Debug|Any CPU
		{00E3418D-263D-DCF6-0F7D-0F2065D8FFA4}.Debug|Any CPU.Build.0 = Debug|Any CPU
		{00E3418D-263D-DCF6-0F7D-0F2065D8FFA4}.Release|Any CPU.ActiveCfg = Release|Any CPU
		{00E3418D-263D-DCF6-0F7D-0F2065D8FFA4}.Release|Any CPU.Build.0 = Release|Any CPU
		{8A675C23-69B3-ACB6-5ED9-4165F5A212CF}.Debug|Any CPU.ActiveCfg = Debug|Any CPU
		{8A675C23-69B3-ACB6-5ED9-4165F5A212CF}.Debug|Any CPU.Build.0 = Debug|Any CPU
		{8A675C23-69B3-ACB6-5ED9-4165F5A212CF}.Release|Any CPU.ActiveCfg = Release|Any CPU
		{8A675C23-69B3-ACB6-5ED9-4165F5A212CF}.Release|Any CPU.Build.0 = Release|Any CPU
		{DF70EA42-52BF-A57B-2260-0F96490E8102}.Debug|Any CPU.ActiveCfg = Debug|Any CPU
		{DF70EA42-52BF-A57B-2260-0F96490E8102}.Debug|Any CPU.Build.0 = Debug|Any CPU
		{DF70EA42-52BF-A57B-2260-0F96490E8102}.Release|Any CPU.ActiveCfg = Release|Any CPU
		{DF70EA42-52BF-A57B-2260-0F96490E8102}.Release|Any CPU.Build.0 = Release|Any CPU
		{208E53C8-767C-E913-2167-88AF965D56D7}.Debug|Any CPU.ActiveCfg = Debug|Any CPU
		{208E53C8-767C-E913-2167-88AF965D56D7}.Debug|Any CPU.Build.0 = Debug|Any CPU
		{208E53C8-767C-E913-2167-88AF965D56D7}.Release|Any CPU.ActiveCfg = Release|Any CPU
		{208E53C8-767C-E913-2167-88AF965D56D7}.Release|Any CPU.Build.0 = Release|Any CPU
		{B05AB535-FD5B-9481-94FC-8A8340140B63}.Debug|Any CPU.ActiveCfg = Debug|Any CPU
		{B05AB535-FD5B-9481-94FC-8A8340140B63}.Debug|Any CPU.Build.0 = Debug|Any CPU
		{B05AB535-FD5B-9481-94FC-8A8340140B63}.Release|Any CPU.ActiveCfg = Release|Any CPU
		{B05AB535-FD5B-9481-94FC-8A8340140B63}.Release|Any CPU.Build.0 = Release|Any CPU
		{A22D4A35-6B65-30A4-C79E-8318FA7ECB12}.Debug|Any CPU.ActiveCfg = Debug|Any CPU
		{A22D4A35-6B65-30A4-C79E-8318FA7ECB12}.Debug|Any CPU.Build.0 = Debug|Any CPU
		{A22D4A35-6B65-30A4-C79E-8318FA7ECB12}.Release|Any CPU.ActiveCfg = Release|Any CPU
		{A22D4A35-6B65-30A4-C79E-8318FA7ECB12}.Release|Any CPU.Build.0 = Release|Any CPU
		{31659A42-9748-84A3-6449-7645A106FC87}.Debug|Any CPU.ActiveCfg = Debug|Any CPU
		{31659A42-9748-84A3-6449-7645A106FC87}.Debug|Any CPU.Build.0 = Debug|Any CPU
		{31659A42-9748-84A3-6449-7645A106FC87}.Release|Any CPU.ActiveCfg = Release|Any CPU
		{31659A42-9748-84A3-6449-7645A106FC87}.Release|Any CPU.Build.0 = Release|Any CPU
		{8E0E50D6-8D68-549C-A787-EFCDB1A7043F}.Debug|Any CPU.ActiveCfg = Debug|Any CPU
		{8E0E50D6-8D68-549C-A787-EFCDB1A7043F}.Debug|Any CPU.Build.0 = Debug|Any CPU
		{8E0E50D6-8D68-549C-A787-EFCDB1A7043F}.Release|Any CPU.ActiveCfg = Release|Any CPU
		{8E0E50D6-8D68-549C-A787-EFCDB1A7043F}.Release|Any CPU.Build.0 = Release|Any CPU
		{00BA3AA5-537A-B8B2-2671-E755F3042FE3}.Debug|Any CPU.ActiveCfg = Debug|Any CPU
		{00BA3AA5-537A-B8B2-2671-E755F3042FE3}.Debug|Any CPU.Build.0 = Debug|Any CPU
		{00BA3AA5-537A-B8B2-2671-E755F3042FE3}.Release|Any CPU.ActiveCfg = Release|Any CPU
		{00BA3AA5-537A-B8B2-2671-E755F3042FE3}.Release|Any CPU.Build.0 = Release|Any CPU
		{2D5FD88F-B198-28D1-6766-FBB840E222D2}.Debug|Any CPU.ActiveCfg = Debug|Any CPU
		{2D5FD88F-B198-28D1-6766-FBB840E222D2}.Debug|Any CPU.Build.0 = Debug|Any CPU
		{2D5FD88F-B198-28D1-6766-FBB840E222D2}.Release|Any CPU.ActiveCfg = Release|Any CPU
		{2D5FD88F-B198-28D1-6766-FBB840E222D2}.Release|Any CPU.Build.0 = Release|Any CPU
		{F577CD68-2B0E-5A06-CAE4-2502143AB16D}.Debug|Any CPU.ActiveCfg = Debug|Any CPU
		{F577CD68-2B0E-5A06-CAE4-2502143AB16D}.Debug|Any CPU.Build.0 = Debug|Any CPU
		{F577CD68-2B0E-5A06-CAE4-2502143AB16D}.Release|Any CPU.ActiveCfg = Release|Any CPU
		{F577CD68-2B0E-5A06-CAE4-2502143AB16D}.Release|Any CPU.Build.0 = Release|Any CPU
		{DC136210-5530-D375-2ACD-E0B3C35CE331}.Debug|Any CPU.ActiveCfg = Debug|Any CPU
		{DC136210-5530-D375-2ACD-E0B3C35CE331}.Debug|Any CPU.Build.0 = Debug|Any CPU
		{DC136210-5530-D375-2ACD-E0B3C35CE331}.Release|Any CPU.ActiveCfg = Release|Any CPU
		{DC136210-5530-D375-2ACD-E0B3C35CE331}.Release|Any CPU.Build.0 = Release|Any CPU
	EndGlobalSection
	GlobalSection(SolutionProperties) = preSolution
		HideSolutionNode = FALSE
	EndGlobalSection
EndGlobal
